
Microsoft Visual Studio Solution File, Format Version 12.00
# Visual Studio Version 17
VisualStudioVersion = 17.5.33516.290
MinimumVisualStudioVersion = 10.0.40219.1
Project("{2150E333-8FDC-42A3-9474-1A3956D46DE8}") = "01.ExamPreparation", "01.ExamPreparation", "{172E6A37-7C5A-4431-81A2-FB9A2C444353}"
EndProject
Project("{9A19103F-16F7-4668-BE54-9A1E7A4F7556}") = "01.TourdeSofia", "01.ExamPreparation\01.TourdeSofia\01.TourdeSofia.csproj", "{287A72FD-7179-4CAE-A173-8B91FD13760E}"
EndProject
Project("{9A19103F-16F7-4668-BE54-9A1E7A4F7556}") = "02.ChainLightning", "01.ExamPreparation\02.ChainLightning\02.ChainLightning.csproj", "{AA95940B-7FEF-4535-A003-5ACC2D5E65F1}"
EndProject
Project("{9A19103F-16F7-4668-BE54-9A1E7A4F7556}") = "03.RoadTrip", "01.ExamPreparation\03.RoadTrip\03.RoadTrip.csproj", "{FA903552-E548-43B1-A867-A1D5CC585487}"
EndProject
Project("{2150E333-8FDC-42A3-9474-1A3956D46DE8}") = "02.Exam-08-10-22", "02.Exam-08-10-22", "{A1476BD6-84C7-4C44-B165-B15577DCCB28}"
EndProject
Project("{9A19103F-16F7-4668-BE54-9A1E7A4F7556}") = "01.TrainsPartTwo", "02.Exam-08-10-22\01.TrainsPartTwo\01.TrainsPartTwo.csproj", "{57A3349F-0C3E-4B85-887D-243E45EFC39D}"
EndProject
Project("{FAE04EC0-301F-11D3-BF4B-00C04F79EFBC}") = "02.Creep", "02.Exam-08-10-22\02.Creep\02.Creep.csproj", "{3D8FCAD5-C18E-4B23-825E-F7C73022FD1E}"
EndProject
Project("{FAE04EC0-301F-11D3-BF4B-00C04F79EFBC}") = "03.Code", "02.Exam-08-10-22\03.Code\03.Code.csproj", "{E3E1E697-FA9F-439B-BA82-67A763EA02FE}"
EndProject
Project("{2150E333-8FDC-42A3-9474-1A3956D46DE8}") = "03.RetakeExam-15-10-22", "03.RetakeExam-15-10-22", "{3E4573C3-CEBA-40B3-8551-BA2466CC631A}"
EndProject
Project("{FAE04EC0-301F-11D3-BF4B-00C04F79EFBC}") = "01.TrainsPartThree", "03.RetakeExam-15-10-22\01.TrainsPartThree\01.TrainsPartThree.csproj", "{B3EBB489-EC41-41AD-8B37-A8A5F518F72C}"
EndProject
Project("{FAE04EC0-301F-11D3-BF4B-00C04F79EFBC}") = "02.ReaperMan", "03.RetakeExam-15-10-22\02.ReaperMan\02.ReaperMan.csproj", "{CEA6ABD1-C506-4835-B9EA-99B15CD4FC95}"
EndProject
Project("{FAE04EC0-301F-11D3-BF4B-00C04F79EFBC}") = "03.Medivac", "03.RetakeExam-15-10-22\03.Medivac\03.Medivac.csproj", "{E6ED4BAC-E1C9-4A68-95CA-5B608626767E}"
EndProject
Global
	GlobalSection(SolutionConfigurationPlatforms) = preSolution
		Debug|Any CPU = Debug|Any CPU
		Release|Any CPU = Release|Any CPU
	EndGlobalSection
	GlobalSection(ProjectConfigurationPlatforms) = postSolution
		{287A72FD-7179-4CAE-A173-8B91FD13760E}.Debug|Any CPU.ActiveCfg = Debug|Any CPU
		{287A72FD-7179-4CAE-A173-8B91FD13760E}.Debug|Any CPU.Build.0 = Debug|Any CPU
		{287A72FD-7179-4CAE-A173-8B91FD13760E}.Release|Any CPU.ActiveCfg = Release|Any CPU
		{287A72FD-7179-4CAE-A173-8B91FD13760E}.Release|Any CPU.Build.0 = Release|Any CPU
		{AA95940B-7FEF-4535-A003-5ACC2D5E65F1}.Debug|Any CPU.ActiveCfg = Debug|Any CPU
		{AA95940B-7FEF-4535-A003-5ACC2D5E65F1}.Debug|Any CPU.Build.0 = Debug|Any CPU
		{AA95940B-7FEF-4535-A003-5ACC2D5E65F1}.Release|Any CPU.ActiveCfg = Release|Any CPU
		{AA95940B-7FEF-4535-A003-5ACC2D5E65F1}.Release|Any CPU.Build.0 = Release|Any CPU
		{FA903552-E548-43B1-A867-A1D5CC585487}.Debug|Any CPU.ActiveCfg = Debug|Any CPU
		{FA903552-E548-43B1-A867-A1D5CC585487}.Debug|Any CPU.Build.0 = Debug|Any CPU
		{FA903552-E548-43B1-A867-A1D5CC585487}.Release|Any CPU.ActiveCfg = Release|Any CPU
		{FA903552-E548-43B1-A867-A1D5CC585487}.Release|Any CPU.Build.0 = Release|Any CPU
		{57A3349F-0C3E-4B85-887D-243E45EFC39D}.Debug|Any CPU.ActiveCfg = Debug|Any CPU
		{57A3349F-0C3E-4B85-887D-243E45EFC39D}.Debug|Any CPU.Build.0 = Debug|Any CPU
		{57A3349F-0C3E-4B85-887D-243E45EFC39D}.Release|Any CPU.ActiveCfg = Release|Any CPU
		{57A3349F-0C3E-4B85-887D-243E45EFC39D}.Release|Any CPU.Build.0 = Release|Any CPU
		{3D8FCAD5-C18E-4B23-825E-F7C73022FD1E}.Debug|Any CPU.ActiveCfg = Debug|Any CPU
		{3D8FCAD5-C18E-4B23-825E-F7C73022FD1E}.Debug|Any CPU.Build.0 = Debug|Any CPU
		{3D8FCAD5-C18E-4B23-825E-F7C73022FD1E}.Release|Any CPU.ActiveCfg = Release|Any CPU
		{3D8FCAD5-C18E-4B23-825E-F7C73022FD1E}.Release|Any CPU.Build.0 = Release|Any CPU
		{E3E1E697-FA9F-439B-BA82-67A763EA02FE}.Debug|Any CPU.ActiveCfg = Debug|Any CPU
		{E3E1E697-FA9F-439B-BA82-67A763EA02FE}.Debug|Any CPU.Build.0 = Debug|Any CPU
		{E3E1E697-FA9F-439B-BA82-67A763EA02FE}.Release|Any CPU.ActiveCfg = Release|Any CPU
		{E3E1E697-FA9F-439B-BA82-67A763EA02FE}.Release|Any CPU.Build.0 = Release|Any CPU
		{B3EBB489-EC41-41AD-8B37-A8A5F518F72C}.Debug|Any CPU.ActiveCfg = Debug|Any CPU
		{B3EBB489-EC41-41AD-8B37-A8A5F518F72C}.Debug|Any CPU.Build.0 = Debug|Any CPU
		{B3EBB489-EC41-41AD-8B37-A8A5F518F72C}.Release|Any CPU.ActiveCfg = Release|Any CPU
		{B3EBB489-EC41-41AD-8B37-A8A5F518F72C}.Release|Any CPU.Build.0 = Release|Any CPU
		{CEA6ABD1-C506-4835-B9EA-99B15CD4FC95}.Debug|Any CPU.ActiveCfg = Debug|Any CPU
		{CEA6ABD1-C506-4835-B9EA-99B15CD4FC95}.Debug|Any CPU.Build.0 = Debug|Any CPU
		{CEA6ABD1-C506-4835-B9EA-99B15CD4FC95}.Release|Any CPU.ActiveCfg = Release|Any CPU
		{CEA6ABD1-C506-4835-B9EA-99B15CD4FC95}.Release|Any CPU.Build.0 = Release|Any CPU
		{E6ED4BAC-E1C9-4A68-95CA-5B608626767E}.Debug|Any CPU.ActiveCfg = Debug|Any CPU
		{E6ED4BAC-E1C9-4A68-95CA-5B608626767E}.Debug|Any CPU.Build.0 = Debug|Any CPU
		{E6ED4BAC-E1C9-4A68-95CA-5B608626767E}.Release|Any CPU.ActiveCfg = Release|Any CPU
		{E6ED4BAC-E1C9-4A68-95CA-5B608626767E}.Release|Any CPU.Build.0 = Release|Any CPU
	EndGlobalSection
	GlobalSection(SolutionProperties) = preSolution
		HideSolutionNode = FALSE
	EndGlobalSection
	GlobalSection(NestedProjects) = preSolution
		{287A72FD-7179-4CAE-A173-8B91FD13760E} = {172E6A37-7C5A-4431-81A2-FB9A2C444353}
		{AA95940B-7FEF-4535-A003-5ACC2D5E65F1} = {172E6A37-7C5A-4431-81A2-FB9A2C444353}
		{FA903552-E548-43B1-A867-A1D5CC585487} = {172E6A37-7C5A-4431-81A2-FB9A2C444353}
		{57A3349F-0C3E-4B85-887D-243E45EFC39D} = {A1476BD6-84C7-4C44-B165-B15577DCCB28}
		{3D8FCAD5-C18E-4B23-825E-F7C73022FD1E} = {A1476BD6-84C7-4C44-B165-B15577DCCB28}
		{E3E1E697-FA9F-439B-BA82-67A763EA02FE} = {A1476BD6-84C7-4C44-B165-B15577DCCB28}
		{B3EBB489-EC41-41AD-8B37-A8A5F518F72C} = {3E4573C3-CEBA-40B3-8551-BA2466CC631A}
		{CEA6ABD1-C506-4835-B9EA-99B15CD4FC95} = {3E4573C3-CEBA-40B3-8551-BA2466CC631A}
		{E6ED4BAC-E1C9-4A68-95CA-5B608626767E} = {3E4573C3-CEBA-40B3-8551-BA2466CC631A}
	EndGlobalSection
	GlobalSection(ExtensibilityGlobals) = postSolution
		SolutionGuid = {105DB2A9-616B-4991-BD7F-0CF91F5B28D1}
	EndGlobalSection
EndGlobal
