
Microsoft Visual Studio Solution File, Format Version 12.00
# Visual Studio Version 17
VisualStudioVersion = 17.5.33516.290
MinimumVisualStudioVersion = 10.0.40219.1
Project("{FAE04EC0-301F-11D3-BF4B-00C04F79EFBC}") = "01.ElectricalSubstationNetwork", "01.ElectricalSubstationNetwork\01.ElectricalSubstationNetwork.csproj", "{26355CEE-B357-48D9-BEAA-013907D18CA6}"
EndProject
Project("{FAE04EC0-301F-11D3-BF4B-00C04F79EFBC}") = "02.MaximumTasksAssignment", "02.MaximumTasksAssignment\02.MaximumTasksAssignment.csproj", "{9E461EB5-5C86-4B43-BA9D-042068FE68F2}"
EndProject
Project("{FAE04EC0-301F-11D3-BF4B-00C04F79EFBC}") = "03.FindBiConnectedComponents", "03.FindBiConnectedComponents\03.FindBiConnectedComponents.csproj", "{D1153A38-9607-4882-B1F6-7D178071C660}"
EndProject
Global
	GlobalSection(SolutionConfigurationPlatforms) = preSolution
		Debug|Any CPU = Debug|Any CPU
		Release|Any CPU = Release|Any CPU
	EndGlobalSection
	GlobalSection(ProjectConfigurationPlatforms) = postSolution
		{26355CEE-B357-48D9-BEAA-013907D18CA6}.Debug|Any CPU.ActiveCfg = Debug|Any CPU
		{26355CEE-B357-48D9-BEAA-013907D18CA6}.Debug|Any CPU.Build.0 = Debug|Any CPU
		{26355CEE-B357-48D9-BEAA-013907D18CA6}.Release|Any CPU.ActiveCfg = Release|Any CPU
		{26355CEE-B357-48D9-BEAA-013907D18CA6}.Release|Any CPU.Build.0 = Release|Any CPU
		{9E461EB5-5C86-4B43-BA9D-042068FE68F2}.Debug|Any CPU.ActiveCfg = Debug|Any CPU
		{9E461EB5-5C86-4B43-BA9D-042068FE68F2}.Debug|Any CPU.Build.0 = Debug|Any CPU
		{9E461EB5-5C86-4B43-BA9D-042068FE68F2}.Release|Any CPU.ActiveCfg = Release|Any CPU
		{9E461EB5-5C86-4B43-BA9D-042068FE68F2}.Release|Any CPU.Build.0 = Release|Any CPU
		{D1153A38-9607-4882-B1F6-7D178071C660}.Debug|Any CPU.ActiveCfg = Debug|Any CPU
		{D1153A38-9607-4882-B1F6-7D178071C660}.Debug|Any CPU.Build.0 = Debug|Any CPU
		{D1153A38-9607-4882-B1F6-7D178071C660}.Release|Any CPU.ActiveCfg = Release|Any CPU
		{D1153A38-9607-4882-B1F6-7D178071C660}.Release|Any CPU.Build.0 = Release|Any CPU
	EndGlobalSection
	GlobalSection(SolutionProperties) = preSolution
		HideSolutionNode = FALSE
	EndGlobalSection
	GlobalSection(ExtensibilityGlobals) = postSolution
		SolutionGuid = {82F97B62-4DD2-4D6E-87C3-1F643930C536}
	EndGlobalSection
EndGlobal
