
Microsoft Visual Studio Solution File, Format Version 12.00
# Visual Studio Version 16
VisualStudioVersion = 16.0.32126.315
MinimumVisualStudioVersion = 10.0.40219.1
Project("{2150E333-8FDC-42A3-9474-1A3956D46DE8}") = "Lab", "Lab", "{3519673F-7F94-416C-BED1-5469D7C6C69B}"
EndProject
Project("{2150E333-8FDC-42A3-9474-1A3956D46DE8}") = "MoreExercise", "MoreExercise", "{E90A7D3C-141E-450E-9A8A-2324DB98AC15}"
EndProject
Project("{2150E333-8FDC-42A3-9474-1A3956D46DE8}") = "Exercise", "Exercise", "{557D0FF7-DD1C-449F-8AC2-B91B98A5F434}"
EndProject
Project("{9A19103F-16F7-4668-BE54-9A1E7A4F7556}") = "01.ReverseStrings", "Lab\01.ReverseStrings\01.ReverseStrings.csproj", "{8CF42C31-2C49-42B4-B8F8-42F3B990B79F}"
EndProject
Project("{9A19103F-16F7-4668-BE54-9A1E7A4F7556}") = "02.RepeatStrings", "Lab\02.RepeatStrings\02.RepeatStrings.csproj", "{2B80E544-7B35-4D66-965B-6013BD0DFB7E}"
EndProject
Project("{9A19103F-16F7-4668-BE54-9A1E7A4F7556}") = "03.Substring", "Lab\03.Substring\03.Substring.csproj", "{D546D88C-0A4E-403E-8221-73A8F8C405DC}"
EndProject
Project("{9A19103F-16F7-4668-BE54-9A1E7A4F7556}") = "04.TextFilter", "Lab\04.TextFilter\04.TextFilter.csproj", "{BFECDE29-47CC-4214-B6ED-4A8222DFCA22}"
EndProject
Project("{9A19103F-16F7-4668-BE54-9A1E7A4F7556}") = "05.DigitsLettersAndOther", "Lab\05.DigitsLettersAndOther\05.DigitsLettersAndOther.csproj", "{DA4DE317-8698-426B-B230-606459F5B025}"
EndProject
Project("{FAE04EC0-301F-11D3-BF4B-00C04F79EFBC}") = "01.ValidUsernames", "Exercise\01.ValidUsernames\01.ValidUsernames.csproj", "{E4155917-6DD9-449D-90E8-A20F6E986A4B}"
EndProject
Project("{FAE04EC0-301F-11D3-BF4B-00C04F79EFBC}") = "02.CharacterMultiplier", "Exercise\02.CharacterMultiplier\02.CharacterMultiplier.csproj", "{C8879E6C-4285-4040-8060-3996F79ABFAC}"
EndProject
Project("{FAE04EC0-301F-11D3-BF4B-00C04F79EFBC}") = "03.ExtractFile", "Exercise\03.ExtractFile\03.ExtractFile.csproj", "{1B4B4F77-BF38-4B69-8FB4-AF2A2280EAF5}"
EndProject
Project("{FAE04EC0-301F-11D3-BF4B-00C04F79EFBC}") = "04.CaesarCipher", "Exercise\04.CaesarCipher\04.CaesarCipher.csproj", "{907B9D33-AB44-486D-B5FA-E751C45305A6}"
EndProject
Project("{FAE04EC0-301F-11D3-BF4B-00C04F79EFBC}") = "05.MultiplyBigNumber", "Exercise\05.MultiplyBigNumber\05.MultiplyBigNumber.csproj", "{F61D44F2-FD00-4811-B72E-04915DFED67C}"
EndProject
Project("{FAE04EC0-301F-11D3-BF4B-00C04F79EFBC}") = "06.ReplaceRepeatingChars", "Exercise\06.ReplaceRepeatingChars\06.ReplaceRepeatingChars.csproj", "{89B7F385-23A6-4912-B464-4CC1ACCA6C62}"
EndProject
Project("{FAE04EC0-301F-11D3-BF4B-00C04F79EFBC}") = "07.StringExplosion", "Exercise\07.StringExplosion\07.StringExplosion.csproj", "{CD42EA19-DD3A-4AA5-A2E0-A87E83095F70}"
EndProject
Project("{FAE04EC0-301F-11D3-BF4B-00C04F79EFBC}") = "08.LettersChangeNumbers", "08.LettersChangeNumbers\08.LettersChangeNumbers.csproj", "{DE28634A-2514-450B-B58F-A74A8A165216}"
EndProject
Global
	GlobalSection(SolutionConfigurationPlatforms) = preSolution
		Debug|Any CPU = Debug|Any CPU
		Release|Any CPU = Release|Any CPU
	EndGlobalSection
	GlobalSection(ProjectConfigurationPlatforms) = postSolution
		{8CF42C31-2C49-42B4-B8F8-42F3B990B79F}.Debug|Any CPU.ActiveCfg = Debug|Any CPU
		{8CF42C31-2C49-42B4-B8F8-42F3B990B79F}.Debug|Any CPU.Build.0 = Debug|Any CPU
		{8CF42C31-2C49-42B4-B8F8-42F3B990B79F}.Release|Any CPU.ActiveCfg = Release|Any CPU
		{8CF42C31-2C49-42B4-B8F8-42F3B990B79F}.Release|Any CPU.Build.0 = Release|Any CPU
		{2B80E544-7B35-4D66-965B-6013BD0DFB7E}.Debug|Any CPU.ActiveCfg = Debug|Any CPU
		{2B80E544-7B35-4D66-965B-6013BD0DFB7E}.Debug|Any CPU.Build.0 = Debug|Any CPU
		{2B80E544-7B35-4D66-965B-6013BD0DFB7E}.Release|Any CPU.ActiveCfg = Release|Any CPU
		{2B80E544-7B35-4D66-965B-6013BD0DFB7E}.Release|Any CPU.Build.0 = Release|Any CPU
		{D546D88C-0A4E-403E-8221-73A8F8C405DC}.Debug|Any CPU.ActiveCfg = Debug|Any CPU
		{D546D88C-0A4E-403E-8221-73A8F8C405DC}.Debug|Any CPU.Build.0 = Debug|Any CPU
		{D546D88C-0A4E-403E-8221-73A8F8C405DC}.Release|Any CPU.ActiveCfg = Release|Any CPU
		{D546D88C-0A4E-403E-8221-73A8F8C405DC}.Release|Any CPU.Build.0 = Release|Any CPU
		{BFECDE29-47CC-4214-B6ED-4A8222DFCA22}.Debug|Any CPU.ActiveCfg = Debug|Any CPU
		{BFECDE29-47CC-4214-B6ED-4A8222DFCA22}.Debug|Any CPU.Build.0 = Debug|Any CPU
		{BFECDE29-47CC-4214-B6ED-4A8222DFCA22}.Release|Any CPU.ActiveCfg = Release|Any CPU
		{BFECDE29-47CC-4214-B6ED-4A8222DFCA22}.Release|Any CPU.Build.0 = Release|Any CPU
		{DA4DE317-8698-426B-B230-606459F5B025}.Debug|Any CPU.ActiveCfg = Debug|Any CPU
		{DA4DE317-8698-426B-B230-606459F5B025}.Debug|Any CPU.Build.0 = Debug|Any CPU
		{DA4DE317-8698-426B-B230-606459F5B025}.Release|Any CPU.ActiveCfg = Release|Any CPU
		{DA4DE317-8698-426B-B230-606459F5B025}.Release|Any CPU.Build.0 = Release|Any CPU
		{E4155917-6DD9-449D-90E8-A20F6E986A4B}.Debug|Any CPU.ActiveCfg = Debug|Any CPU
		{E4155917-6DD9-449D-90E8-A20F6E986A4B}.Debug|Any CPU.Build.0 = Debug|Any CPU
		{E4155917-6DD9-449D-90E8-A20F6E986A4B}.Release|Any CPU.ActiveCfg = Release|Any CPU
		{E4155917-6DD9-449D-90E8-A20F6E986A4B}.Release|Any CPU.Build.0 = Release|Any CPU
		{C8879E6C-4285-4040-8060-3996F79ABFAC}.Debug|Any CPU.ActiveCfg = Debug|Any CPU
		{C8879E6C-4285-4040-8060-3996F79ABFAC}.Debug|Any CPU.Build.0 = Debug|Any CPU
		{C8879E6C-4285-4040-8060-3996F79ABFAC}.Release|Any CPU.ActiveCfg = Release|Any CPU
		{C8879E6C-4285-4040-8060-3996F79ABFAC}.Release|Any CPU.Build.0 = Release|Any CPU
		{1B4B4F77-BF38-4B69-8FB4-AF2A2280EAF5}.Debug|Any CPU.ActiveCfg = Debug|Any CPU
		{1B4B4F77-BF38-4B69-8FB4-AF2A2280EAF5}.Debug|Any CPU.Build.0 = Debug|Any CPU
		{1B4B4F77-BF38-4B69-8FB4-AF2A2280EAF5}.Release|Any CPU.ActiveCfg = Release|Any CPU
		{1B4B4F77-BF38-4B69-8FB4-AF2A2280EAF5}.Release|Any CPU.Build.0 = Release|Any CPU
		{907B9D33-AB44-486D-B5FA-E751C45305A6}.Debug|Any CPU.ActiveCfg = Debug|Any CPU
		{907B9D33-AB44-486D-B5FA-E751C45305A6}.Debug|Any CPU.Build.0 = Debug|Any CPU
		{907B9D33-AB44-486D-B5FA-E751C45305A6}.Release|Any CPU.ActiveCfg = Release|Any CPU
		{907B9D33-AB44-486D-B5FA-E751C45305A6}.Release|Any CPU.Build.0 = Release|Any CPU
		{F61D44F2-FD00-4811-B72E-04915DFED67C}.Debug|Any CPU.ActiveCfg = Debug|Any CPU
		{F61D44F2-FD00-4811-B72E-04915DFED67C}.Debug|Any CPU.Build.0 = Debug|Any CPU
		{F61D44F2-FD00-4811-B72E-04915DFED67C}.Release|Any CPU.ActiveCfg = Release|Any CPU
		{F61D44F2-FD00-4811-B72E-04915DFED67C}.Release|Any CPU.Build.0 = Release|Any CPU
		{89B7F385-23A6-4912-B464-4CC1ACCA6C62}.Debug|Any CPU.ActiveCfg = Debug|Any CPU
		{89B7F385-23A6-4912-B464-4CC1ACCA6C62}.Debug|Any CPU.Build.0 = Debug|Any CPU
		{89B7F385-23A6-4912-B464-4CC1ACCA6C62}.Release|Any CPU.ActiveCfg = Release|Any CPU
		{89B7F385-23A6-4912-B464-4CC1ACCA6C62}.Release|Any CPU.Build.0 = Release|Any CPU
		{CD42EA19-DD3A-4AA5-A2E0-A87E83095F70}.Debug|Any CPU.ActiveCfg = Debug|Any CPU
		{CD42EA19-DD3A-4AA5-A2E0-A87E83095F70}.Debug|Any CPU.Build.0 = Debug|Any CPU
		{CD42EA19-DD3A-4AA5-A2E0-A87E83095F70}.Release|Any CPU.ActiveCfg = Release|Any CPU
		{CD42EA19-DD3A-4AA5-A2E0-A87E83095F70}.Release|Any CPU.Build.0 = Release|Any CPU
		{DE28634A-2514-450B-B58F-A74A8A165216}.Debug|Any CPU.ActiveCfg = Debug|Any CPU
		{DE28634A-2514-450B-B58F-A74A8A165216}.Debug|Any CPU.Build.0 = Debug|Any CPU
		{DE28634A-2514-450B-B58F-A74A8A165216}.Release|Any CPU.ActiveCfg = Release|Any CPU
		{DE28634A-2514-450B-B58F-A74A8A165216}.Release|Any CPU.Build.0 = Release|Any CPU
	EndGlobalSection
	GlobalSection(SolutionProperties) = preSolution
		HideSolutionNode = FALSE
	EndGlobalSection
	GlobalSection(NestedProjects) = preSolution
		{8CF42C31-2C49-42B4-B8F8-42F3B990B79F} = {3519673F-7F94-416C-BED1-5469D7C6C69B}
		{2B80E544-7B35-4D66-965B-6013BD0DFB7E} = {3519673F-7F94-416C-BED1-5469D7C6C69B}
		{D546D88C-0A4E-403E-8221-73A8F8C405DC} = {3519673F-7F94-416C-BED1-5469D7C6C69B}
		{BFECDE29-47CC-4214-B6ED-4A8222DFCA22} = {3519673F-7F94-416C-BED1-5469D7C6C69B}
		{DA4DE317-8698-426B-B230-606459F5B025} = {3519673F-7F94-416C-BED1-5469D7C6C69B}
		{E4155917-6DD9-449D-90E8-A20F6E986A4B} = {557D0FF7-DD1C-449F-8AC2-B91B98A5F434}
		{C8879E6C-4285-4040-8060-3996F79ABFAC} = {557D0FF7-DD1C-449F-8AC2-B91B98A5F434}
		{1B4B4F77-BF38-4B69-8FB4-AF2A2280EAF5} = {557D0FF7-DD1C-449F-8AC2-B91B98A5F434}
		{907B9D33-AB44-486D-B5FA-E751C45305A6} = {557D0FF7-DD1C-449F-8AC2-B91B98A5F434}
		{F61D44F2-FD00-4811-B72E-04915DFED67C} = {557D0FF7-DD1C-449F-8AC2-B91B98A5F434}
		{89B7F385-23A6-4912-B464-4CC1ACCA6C62} = {557D0FF7-DD1C-449F-8AC2-B91B98A5F434}
		{CD42EA19-DD3A-4AA5-A2E0-A87E83095F70} = {557D0FF7-DD1C-449F-8AC2-B91B98A5F434}
		{DE28634A-2514-450B-B58F-A74A8A165216} = {557D0FF7-DD1C-449F-8AC2-B91B98A5F434}
	EndGlobalSection
	GlobalSection(ExtensibilityGlobals) = postSolution
		SolutionGuid = {FB1D76D5-E381-4E3D-ACF6-0C31CA81D316}
	EndGlobalSection
EndGlobal
