
Microsoft Visual Studio Solution File, Format Version 12.00
# Visual Studio Version 17
VisualStudioVersion = 17.5.33516.290
MinimumVisualStudioVersion = 10.0.40219.1
Project("{2150E333-8FDC-42A3-9474-1A3956D46DE8}") = "AlgorithmsFundamentals24July2022", "AlgorithmsFundamentals24July2022", "{8A9CC4A0-6DB3-4AF0-B8BE-9528D8109208}"
EndProject
Project("{9A19103F-16F7-4668-BE54-9A1E7A4F7556}") = "01.Trains", "AlgorithmsFundamentals24July2022\01.Trains\01.Trains.csproj", "{44A8371E-09EF-4AC2-BAB2-7D130AFB1E5D}"
EndProject
Project("{2150E333-8FDC-42A3-9474-1A3956D46DE8}") = "AlgorithmsFundamentalsRetake08July2023", "AlgorithmsFundamentalsRetake08July2023", "{F54DD16B-7343-4139-A0DD-0E6C18335A29}"
EndProject
Project("{9A19103F-16F7-4668-BE54-9A1E7A4F7556}") = "01.WordSearcher", "AlgorithmsFundamentalsRetake08July2023\01.WordSearcher\01.WordSearcher.csproj", "{5BD98648-9368-4947-A8CC-DF87C779EB5B}"
EndProject
Project("{9A19103F-16F7-4668-BE54-9A1E7A4F7556}") = "02.CryptoExchange", "AlgorithmsFundamentalsRetake08July2023\02.CryptoExchange\02.CryptoExchange.csproj", "{992EE849-E16A-4870-89FC-079526835110}"
EndProject
Project("{9A19103F-16F7-4668-BE54-9A1E7A4F7556}") = "03.ContaminatedPath", "AlgorithmsFundamentalsRetake08July2023\03.ContaminatedPath\03.ContaminatedPath.csproj", "{6B30388D-219F-4CC1-8851-716A5D0927BC}"
EndProject
Project("{9A19103F-16F7-4668-BE54-9A1E7A4F7556}") = "02.ConditionalExpressionResolver", "AlgorithmsFundamentals24July2022\02.ConditionalExpressionResolver\02.ConditionalExpressionResolver.csproj", "{993CF236-1C1A-4101-B876-2A912AD719C9}"
EndProject
Project("{9A19103F-16F7-4668-BE54-9A1E7A4F7556}") = "03.Guards", "AlgorithmsFundamentals24July2022\03.Guards\03.Guards.csproj", "{4FFB2B85-0145-4BC4-8849-F68AFC44A7A6}"
EndProject
Global
	GlobalSection(SolutionConfigurationPlatforms) = preSolution
		Debug|Any CPU = Debug|Any CPU
		Release|Any CPU = Release|Any CPU
	EndGlobalSection
	GlobalSection(ProjectConfigurationPlatforms) = postSolution
		{44A8371E-09EF-4AC2-BAB2-7D130AFB1E5D}.Debug|Any CPU.ActiveCfg = Debug|Any CPU
		{44A8371E-09EF-4AC2-BAB2-7D130AFB1E5D}.Debug|Any CPU.Build.0 = Debug|Any CPU
		{44A8371E-09EF-4AC2-BAB2-7D130AFB1E5D}.Release|Any CPU.ActiveCfg = Release|Any CPU
		{44A8371E-09EF-4AC2-BAB2-7D130AFB1E5D}.Release|Any CPU.Build.0 = Release|Any CPU
		{5BD98648-9368-4947-A8CC-DF87C779EB5B}.Debug|Any CPU.ActiveCfg = Debug|Any CPU
		{5BD98648-9368-4947-A8CC-DF87C779EB5B}.Debug|Any CPU.Build.0 = Debug|Any CPU
		{5BD98648-9368-4947-A8CC-DF87C779EB5B}.Release|Any CPU.ActiveCfg = Release|Any CPU
		{5BD98648-9368-4947-A8CC-DF87C779EB5B}.Release|Any CPU.Build.0 = Release|Any CPU
		{992EE849-E16A-4870-89FC-079526835110}.Debug|Any CPU.ActiveCfg = Debug|Any CPU
		{992EE849-E16A-4870-89FC-079526835110}.Debug|Any CPU.Build.0 = Debug|Any CPU
		{992EE849-E16A-4870-89FC-079526835110}.Release|Any CPU.ActiveCfg = Release|Any CPU
		{992EE849-E16A-4870-89FC-079526835110}.Release|Any CPU.Build.0 = Release|Any CPU
		{6B30388D-219F-4CC1-8851-716A5D0927BC}.Debug|Any CPU.ActiveCfg = Debug|Any CPU
		{6B30388D-219F-4CC1-8851-716A5D0927BC}.Debug|Any CPU.Build.0 = Debug|Any CPU
		{6B30388D-219F-4CC1-8851-716A5D0927BC}.Release|Any CPU.ActiveCfg = Release|Any CPU
		{6B30388D-219F-4CC1-8851-716A5D0927BC}.Release|Any CPU.Build.0 = Release|Any CPU
		{993CF236-1C1A-4101-B876-2A912AD719C9}.Debug|Any CPU.ActiveCfg = Debug|Any CPU
		{993CF236-1C1A-4101-B876-2A912AD719C9}.Debug|Any CPU.Build.0 = Debug|Any CPU
		{993CF236-1C1A-4101-B876-2A912AD719C9}.Release|Any CPU.ActiveCfg = Release|Any CPU
		{993CF236-1C1A-4101-B876-2A912AD719C9}.Release|Any CPU.Build.0 = Release|Any CPU
		{4FFB2B85-0145-4BC4-8849-F68AFC44A7A6}.Debug|Any CPU.ActiveCfg = Debug|Any CPU
		{4FFB2B85-0145-4BC4-8849-F68AFC44A7A6}.Debug|Any CPU.Build.0 = Debug|Any CPU
		{4FFB2B85-0145-4BC4-8849-F68AFC44A7A6}.Release|Any CPU.ActiveCfg = Release|Any CPU
		{4FFB2B85-0145-4BC4-8849-F68AFC44A7A6}.Release|Any CPU.Build.0 = Release|Any CPU
	EndGlobalSection
	GlobalSection(SolutionProperties) = preSolution
		HideSolutionNode = FALSE
	EndGlobalSection
	GlobalSection(NestedProjects) = preSolution
		{44A8371E-09EF-4AC2-BAB2-7D130AFB1E5D} = {8A9CC4A0-6DB3-4AF0-B8BE-9528D8109208}
		{5BD98648-9368-4947-A8CC-DF87C779EB5B} = {F54DD16B-7343-4139-A0DD-0E6C18335A29}
		{992EE849-E16A-4870-89FC-079526835110} = {F54DD16B-7343-4139-A0DD-0E6C18335A29}
		{6B30388D-219F-4CC1-8851-716A5D0927BC} = {F54DD16B-7343-4139-A0DD-0E6C18335A29}
		{993CF236-1C1A-4101-B876-2A912AD719C9} = {8A9CC4A0-6DB3-4AF0-B8BE-9528D8109208}
		{4FFB2B85-0145-4BC4-8849-F68AFC44A7A6} = {8A9CC4A0-6DB3-4AF0-B8BE-9528D8109208}
	EndGlobalSection
	GlobalSection(ExtensibilityGlobals) = postSolution
		SolutionGuid = {0FE688EA-94E2-47AE-B99B-C880441EF5AC}
	EndGlobalSection
EndGlobal
