
Microsoft Visual Studio Solution File, Format Version 12.00
# Visual Studio Version 16
VisualStudioVersion = 16.0.32126.315
MinimumVisualStudioVersion = 10.0.40219.1
Project("{2150E333-8FDC-42A3-9474-1A3956D46DE8}") = "OOPExam-09April2022", "OOPExam-09April2022", "{F508D851-5ABE-480A-AFF7-A72EE69A33DB}"
EndProject
Project("{2150E333-8FDC-42A3-9474-1A3956D46DE8}") = "01-02.StructureAndBusinesLogic", "01-02.StructureAndBusinesLogic", "{7BBE69B8-D5BF-46C7-83D2-F579BB6BB4D3}"
EndProject
Project("{9A19103F-16F7-4668-BE54-9A1E7A4F7556}") = "Formula1", "OOPExam-09April2022\01-02.StructureAndBusinesLogic\Formula1.csproj", "{C405F9F0-E6F1-4850-8E25-4C043CB921FA}"
EndProject
Project("{2150E333-8FDC-42A3-9474-1A3956D46DE8}") = "03.UnitTests", "03.UnitTests", "{2C4D0D9D-C421-48C6-832F-48BA50DA58B1}"
EndProject
Project("{9A19103F-16F7-4668-BE54-9A1E7A4F7556}") = "SmartphoneShop", "OOPExam-09April2022\03.UnitTests\SmartphoneShop\SmartphoneShop.csproj", "{FE21F4B3-FE98-4836-8584-79A28FA1D505}"
EndProject
Project("{9A19103F-16F7-4668-BE54-9A1E7A4F7556}") = "SmartphoneShop.Tests", "OOPExam-09April2022\03.UnitTests\SmartphoneShop.Tests\SmartphoneShop.Tests.csproj", "{D33C08D7-CC36-4CFB-963F-EEB87549380D}"
EndProject
Project("{2150E333-8FDC-42A3-9474-1A3956D46DE8}") = "OOPRetakeExam-20Dec2021", "OOPRetakeExam-20Dec2021", "{6CC66109-56E5-491E-A187-2BAA7E490E91}"
EndProject
Project("{2150E333-8FDC-42A3-9474-1A3956D46DE8}") = "01-02.StructureAndBusinesLogic", "01-02.StructureAndBusinesLogic", "{CCCE536C-1401-465C-9FFC-D73494969AE3}"
EndProject
Project("{9A19103F-16F7-4668-BE54-9A1E7A4F7556}") = "NavalVessels", "OOPRetakeExam-20Dec2021\01-02.StructureAndBusinesLogic\NavalVessels.csproj", "{4E586351-7F96-4406-B441-7CD639291C82}"
EndProject
Project("{2150E333-8FDC-42A3-9474-1A3956D46DE8}") = "03.UnitTests", "03.UnitTests", "{461E14E3-490B-4918-AB5B-A5386E245181}"
EndProject
Project("{9A19103F-16F7-4668-BE54-9A1E7A4F7556}") = "Book", "OOPRetakeExam-20Dec2021\03.UnitTests\Book\Book.csproj", "{BA5B278F-88E9-482A-8A54-06F4CC22F19A}"
EndProject
Project("{9A19103F-16F7-4668-BE54-9A1E7A4F7556}") = "Book.Tests", "OOPRetakeExam-20Dec2021\03.UnitTests\Book.Tests\Book.Tests.csproj", "{06B13F2A-3B21-41A8-8F73-812FD81F1309}"
EndProject
Project("{2150E333-8FDC-42A3-9474-1A3956D46DE8}") = "OOPRetakeExam-22Aug2022", "OOPRetakeExam-22Aug2022", "{90D33BE6-D74A-4A75-A923-D3EE26874727}"
EndProject
Project("{2150E333-8FDC-42A3-9474-1A3956D46DE8}") = "01-02.StructureAndBusinesLogic", "01-02.StructureAndBusinesLogic", "{A4F9878A-E55F-4A48-B07C-70176BA67FB7}"
EndProject
Project("{9A19103F-16F7-4668-BE54-9A1E7A4F7556}") = "BookingApp", "OOPRetakeExam-22Aug2022\01-02.StructureAndBusinesLogic\BookingApp.csproj", "{F35FCEF4-C32E-4496-9FFA-1BDE7C0EEAC0}"
EndProject
Project("{2150E333-8FDC-42A3-9474-1A3956D46DE8}") = "03.UnitTests", "03.UnitTests", "{88E9C756-71BA-44F6-8BF6-1AE435241F3A}"
EndProject
Project("{9A19103F-16F7-4668-BE54-9A1E7A4F7556}") = "FrontDeskApp", "OOPRetakeExam-22Aug2022\03.UnitTests\FrontDeskApp\FrontDeskApp.csproj", "{95F17B45-98D8-4344-87A7-5984085A7CD6}"
EndProject
Project("{9A19103F-16F7-4668-BE54-9A1E7A4F7556}") = "BookigApp.Tests", "OOPRetakeExam-22Aug2022\03.UnitTests\BookigApp.Tests\BookigApp.Tests.csproj", "{37D925A8-8816-47D4-B0C1-169E31DCF587}"
EndProject
Global
	GlobalSection(SolutionConfigurationPlatforms) = preSolution
		Debug|Any CPU = Debug|Any CPU
		Release|Any CPU = Release|Any CPU
	EndGlobalSection
	GlobalSection(ProjectConfigurationPlatforms) = postSolution
		{C405F9F0-E6F1-4850-8E25-4C043CB921FA}.Debug|Any CPU.ActiveCfg = Debug|Any CPU
		{C405F9F0-E6F1-4850-8E25-4C043CB921FA}.Debug|Any CPU.Build.0 = Debug|Any CPU
		{C405F9F0-E6F1-4850-8E25-4C043CB921FA}.Release|Any CPU.ActiveCfg = Release|Any CPU
		{C405F9F0-E6F1-4850-8E25-4C043CB921FA}.Release|Any CPU.Build.0 = Release|Any CPU
		{FE21F4B3-FE98-4836-8584-79A28FA1D505}.Debug|Any CPU.ActiveCfg = Debug|Any CPU
		{FE21F4B3-FE98-4836-8584-79A28FA1D505}.Debug|Any CPU.Build.0 = Debug|Any CPU
		{FE21F4B3-FE98-4836-8584-79A28FA1D505}.Release|Any CPU.ActiveCfg = Release|Any CPU
		{FE21F4B3-FE98-4836-8584-79A28FA1D505}.Release|Any CPU.Build.0 = Release|Any CPU
		{D33C08D7-CC36-4CFB-963F-EEB87549380D}.Debug|Any CPU.ActiveCfg = Debug|Any CPU
		{D33C08D7-CC36-4CFB-963F-EEB87549380D}.Debug|Any CPU.Build.0 = Debug|Any CPU
		{D33C08D7-CC36-4CFB-963F-EEB87549380D}.Release|Any CPU.ActiveCfg = Release|Any CPU
		{D33C08D7-CC36-4CFB-963F-EEB87549380D}.Release|Any CPU.Build.0 = Release|Any CPU
		{4E586351-7F96-4406-B441-7CD639291C82}.Debug|Any CPU.ActiveCfg = Debug|Any CPU
		{4E586351-7F96-4406-B441-7CD639291C82}.Debug|Any CPU.Build.0 = Debug|Any CPU
		{4E586351-7F96-4406-B441-7CD639291C82}.Release|Any CPU.ActiveCfg = Release|Any CPU
		{4E586351-7F96-4406-B441-7CD639291C82}.Release|Any CPU.Build.0 = Release|Any CPU
		{BA5B278F-88E9-482A-8A54-06F4CC22F19A}.Debug|Any CPU.ActiveCfg = Debug|Any CPU
		{BA5B278F-88E9-482A-8A54-06F4CC22F19A}.Debug|Any CPU.Build.0 = Debug|Any CPU
		{BA5B278F-88E9-482A-8A54-06F4CC22F19A}.Release|Any CPU.ActiveCfg = Release|Any CPU
		{BA5B278F-88E9-482A-8A54-06F4CC22F19A}.Release|Any CPU.Build.0 = Release|Any CPU
		{06B13F2A-3B21-41A8-8F73-812FD81F1309}.Debug|Any CPU.ActiveCfg = Debug|Any CPU
		{06B13F2A-3B21-41A8-8F73-812FD81F1309}.Debug|Any CPU.Build.0 = Debug|Any CPU
		{06B13F2A-3B21-41A8-8F73-812FD81F1309}.Release|Any CPU.ActiveCfg = Release|Any CPU
		{06B13F2A-3B21-41A8-8F73-812FD81F1309}.Release|Any CPU.Build.0 = Release|Any CPU
		{F35FCEF4-C32E-4496-9FFA-1BDE7C0EEAC0}.Debug|Any CPU.ActiveCfg = Debug|Any CPU
		{F35FCEF4-C32E-4496-9FFA-1BDE7C0EEAC0}.Debug|Any CPU.Build.0 = Debug|Any CPU
		{F35FCEF4-C32E-4496-9FFA-1BDE7C0EEAC0}.Release|Any CPU.ActiveCfg = Release|Any CPU
		{F35FCEF4-C32E-4496-9FFA-1BDE7C0EEAC0}.Release|Any CPU.Build.0 = Release|Any CPU
		{95F17B45-98D8-4344-87A7-5984085A7CD6}.Debug|Any CPU.ActiveCfg = Debug|Any CPU
		{95F17B45-98D8-4344-87A7-5984085A7CD6}.Debug|Any CPU.Build.0 = Debug|Any CPU
		{95F17B45-98D8-4344-87A7-5984085A7CD6}.Release|Any CPU.ActiveCfg = Release|Any CPU
		{95F17B45-98D8-4344-87A7-5984085A7CD6}.Release|Any CPU.Build.0 = Release|Any CPU
		{37D925A8-8816-47D4-B0C1-169E31DCF587}.Debug|Any CPU.ActiveCfg = Debug|Any CPU
		{37D925A8-8816-47D4-B0C1-169E31DCF587}.Debug|Any CPU.Build.0 = Debug|Any CPU
		{37D925A8-8816-47D4-B0C1-169E31DCF587}.Release|Any CPU.ActiveCfg = Release|Any CPU
		{37D925A8-8816-47D4-B0C1-169E31DCF587}.Release|Any CPU.Build.0 = Release|Any CPU
	EndGlobalSection
	GlobalSection(SolutionProperties) = preSolution
		HideSolutionNode = FALSE
	EndGlobalSection
	GlobalSection(NestedProjects) = preSolution
		{7BBE69B8-D5BF-46C7-83D2-F579BB6BB4D3} = {F508D851-5ABE-480A-AFF7-A72EE69A33DB}
		{C405F9F0-E6F1-4850-8E25-4C043CB921FA} = {7BBE69B8-D5BF-46C7-83D2-F579BB6BB4D3}
		{2C4D0D9D-C421-48C6-832F-48BA50DA58B1} = {F508D851-5ABE-480A-AFF7-A72EE69A33DB}
		{FE21F4B3-FE98-4836-8584-79A28FA1D505} = {2C4D0D9D-C421-48C6-832F-48BA50DA58B1}
		{D33C08D7-CC36-4CFB-963F-EEB87549380D} = {2C4D0D9D-C421-48C6-832F-48BA50DA58B1}
		{CCCE536C-1401-465C-9FFC-D73494969AE3} = {6CC66109-56E5-491E-A187-2BAA7E490E91}
		{4E586351-7F96-4406-B441-7CD639291C82} = {CCCE536C-1401-465C-9FFC-D73494969AE3}
		{461E14E3-490B-4918-AB5B-A5386E245181} = {6CC66109-56E5-491E-A187-2BAA7E490E91}
		{BA5B278F-88E9-482A-8A54-06F4CC22F19A} = {461E14E3-490B-4918-AB5B-A5386E245181}
		{06B13F2A-3B21-41A8-8F73-812FD81F1309} = {461E14E3-490B-4918-AB5B-A5386E245181}
		{A4F9878A-E55F-4A48-B07C-70176BA67FB7} = {90D33BE6-D74A-4A75-A923-D3EE26874727}
		{F35FCEF4-C32E-4496-9FFA-1BDE7C0EEAC0} = {A4F9878A-E55F-4A48-B07C-70176BA67FB7}
		{88E9C756-71BA-44F6-8BF6-1AE435241F3A} = {90D33BE6-D74A-4A75-A923-D3EE26874727}
		{95F17B45-98D8-4344-87A7-5984085A7CD6} = {88E9C756-71BA-44F6-8BF6-1AE435241F3A}
		{37D925A8-8816-47D4-B0C1-169E31DCF587} = {88E9C756-71BA-44F6-8BF6-1AE435241F3A}
	EndGlobalSection
	GlobalSection(ExtensibilityGlobals) = postSolution
		SolutionGuid = {1DF8793C-21F4-4130-B2DC-501D3D26B354}
	EndGlobalSection
EndGlobal
