
Microsoft Visual Studio Solution File, Format Version 12.00
# Visual Studio Version 16
VisualStudioVersion = 16.0.32126.315
MinimumVisualStudioVersion = 10.0.40219.1
Project("{2150E333-8FDC-42A3-9474-1A3956D46DE8}") = "Exercise", "Exercise", "{6BD9945A-9F12-4520-8917-3F8D018CE041}"
EndProject
Project("{2150E333-8FDC-42A3-9474-1A3956D46DE8}") = "Lab", "Lab", "{8250C40E-CFD3-4814-B78A-E7DE89F7F291}"
EndProject
Project("{FAE04EC0-301F-11D3-BF4B-00C04F79EFBC}") = "01.CountSameValuesInArray", "Lab\01.CountSameValuesInArray\01.CountSameValuesInArray.csproj", "{B4B4083F-46AD-4BF5-91F4-8CBCDFB1F0D0}"
EndProject
Project("{FAE04EC0-301F-11D3-BF4B-00C04F79EFBC}") = "02.AverageStudentGrades", "Lab\02.AverageStudentGrades\02.AverageStudentGrades.csproj", "{9DAFE170-ADCD-441D-9FF3-E07D16C2F111}"
EndProject
Project("{FAE04EC0-301F-11D3-BF4B-00C04F79EFBC}") = "03.Largest3Numbers", "Lab\03.Largest3Numbers\03.Largest3Numbers.csproj", "{4219A071-8DCB-4B1B-9C0A-7F479419A51F}"
EndProject
Project("{FAE04EC0-301F-11D3-BF4B-00C04F79EFBC}") = "04.ProductShop", "Lab\04.ProductShop\04.ProductShop.csproj", "{2DC20432-0528-49E3-AFFC-32584F8BC330}"
EndProject
Project("{FAE04EC0-301F-11D3-BF4B-00C04F79EFBC}") = "05.CitiesByContinentAndCountry", "Lab\05.CitiesByContinentAndCountry\05.CitiesByContinentAndCountry.csproj", "{B262F66F-000B-4BA3-B3B1-EE404433772F}"
EndProject
Project("{FAE04EC0-301F-11D3-BF4B-00C04F79EFBC}") = "06.RecordUniqueNames", "Lab\06.RecordUniqueNames\06.RecordUniqueNames.csproj", "{119EBB0F-EACD-479D-93ED-32F6DAA62B2B}"
EndProject
Project("{FAE04EC0-301F-11D3-BF4B-00C04F79EFBC}") = "07.ParkingLot", "Lab\07.ParkingLot\07.ParkingLot.csproj", "{4B60CE8B-DEC7-4958-9482-7F6914D01431}"
EndProject
Project("{FAE04EC0-301F-11D3-BF4B-00C04F79EFBC}") = "08.SoftUniParty", "Lab\08.SoftUniParty\08.SoftUniParty.csproj", "{DD644EC5-34B7-4F86-911D-4DCA9A8AC3F2}"
EndProject
Project("{FAE04EC0-301F-11D3-BF4B-00C04F79EFBC}") = "01.UniqueUsernames", "Exercise\01.UniqueUsernames\01.UniqueUsernames.csproj", "{8CFDBB42-A659-4299-8229-E396251E85FC}"
EndProject
Project("{FAE04EC0-301F-11D3-BF4B-00C04F79EFBC}") = "02.SetsOfElements", "Exercise\02.SetsOfElements\02.SetsOfElements.csproj", "{35896826-F0CB-45AE-B5B6-6D369E09B769}"
EndProject
Project("{FAE04EC0-301F-11D3-BF4B-00C04F79EFBC}") = "03.PeriodicTable", "Exercise\03.PeriodicTable\03.PeriodicTable.csproj", "{ABB5F4AB-D0E6-4674-832C-7E8E3A8071AA}"
EndProject
Project("{FAE04EC0-301F-11D3-BF4B-00C04F79EFBC}") = "04.EvenTimes", "Exercise\04.EvenTimes\04.EvenTimes.csproj", "{5D079C21-C88F-47B3-971C-90EB78F9BFDA}"
EndProject
Project("{FAE04EC0-301F-11D3-BF4B-00C04F79EFBC}") = "05.CountSymbols", "Exercise\05.CountSymbols\05.CountSymbols.csproj", "{F5D5FCBC-E3B1-47CF-BF2C-E641401D64F2}"
EndProject
Project("{FAE04EC0-301F-11D3-BF4B-00C04F79EFBC}") = "06.Wardrobe", "Exercise\06.Wardrobe\06.Wardrobe.csproj", "{406CC12D-8102-46BB-831F-9B5CD30F14B5}"
EndProject
Project("{FAE04EC0-301F-11D3-BF4B-00C04F79EFBC}") = "07.TheV-Logger", "Exercise\07.TheV-Logger\07.TheV-Logger.csproj", "{8F29F984-BA55-4A74-9D13-EDFBF83D6004}"
EndProject
Project("{FAE04EC0-301F-11D3-BF4B-00C04F79EFBC}") = "08.Ranking", "Exercise\08.Ranking\08.Ranking.csproj", "{428C1FF0-2728-4A9E-AFE8-D95118F32C91}"
EndProject
Project("{FAE04EC0-301F-11D3-BF4B-00C04F79EFBC}") = "09.SoftUniExamResults", "Exercise\09.SoftUniExamResults\09.SoftUniExamResults.csproj", "{662F5CD9-16FF-4BE5-A225-0BD9AAA3F8F1}"
EndProject
Project("{FAE04EC0-301F-11D3-BF4B-00C04F79EFBC}") = "10.ForceBook", "Exercise\10.ForceBook\10.ForceBook.csproj", "{3B1AA2CF-FD41-456C-938D-C3EF7C9A161F}"
EndProject
Global
	GlobalSection(SolutionConfigurationPlatforms) = preSolution
		Debug|Any CPU = Debug|Any CPU
		Release|Any CPU = Release|Any CPU
	EndGlobalSection
	GlobalSection(ProjectConfigurationPlatforms) = postSolution
		{B4B4083F-46AD-4BF5-91F4-8CBCDFB1F0D0}.Debug|Any CPU.ActiveCfg = Debug|Any CPU
		{B4B4083F-46AD-4BF5-91F4-8CBCDFB1F0D0}.Debug|Any CPU.Build.0 = Debug|Any CPU
		{B4B4083F-46AD-4BF5-91F4-8CBCDFB1F0D0}.Release|Any CPU.ActiveCfg = Release|Any CPU
		{B4B4083F-46AD-4BF5-91F4-8CBCDFB1F0D0}.Release|Any CPU.Build.0 = Release|Any CPU
		{9DAFE170-ADCD-441D-9FF3-E07D16C2F111}.Debug|Any CPU.ActiveCfg = Debug|Any CPU
		{9DAFE170-ADCD-441D-9FF3-E07D16C2F111}.Debug|Any CPU.Build.0 = Debug|Any CPU
		{9DAFE170-ADCD-441D-9FF3-E07D16C2F111}.Release|Any CPU.ActiveCfg = Release|Any CPU
		{9DAFE170-ADCD-441D-9FF3-E07D16C2F111}.Release|Any CPU.Build.0 = Release|Any CPU
		{4219A071-8DCB-4B1B-9C0A-7F479419A51F}.Debug|Any CPU.ActiveCfg = Debug|Any CPU
		{4219A071-8DCB-4B1B-9C0A-7F479419A51F}.Debug|Any CPU.Build.0 = Debug|Any CPU
		{4219A071-8DCB-4B1B-9C0A-7F479419A51F}.Release|Any CPU.ActiveCfg = Release|Any CPU
		{4219A071-8DCB-4B1B-9C0A-7F479419A51F}.Release|Any CPU.Build.0 = Release|Any CPU
		{2DC20432-0528-49E3-AFFC-32584F8BC330}.Debug|Any CPU.ActiveCfg = Debug|Any CPU
		{2DC20432-0528-49E3-AFFC-32584F8BC330}.Debug|Any CPU.Build.0 = Debug|Any CPU
		{2DC20432-0528-49E3-AFFC-32584F8BC330}.Release|Any CPU.ActiveCfg = Release|Any CPU
		{2DC20432-0528-49E3-AFFC-32584F8BC330}.Release|Any CPU.Build.0 = Release|Any CPU
		{B262F66F-000B-4BA3-B3B1-EE404433772F}.Debug|Any CPU.ActiveCfg = Debug|Any CPU
		{B262F66F-000B-4BA3-B3B1-EE404433772F}.Debug|Any CPU.Build.0 = Debug|Any CPU
		{B262F66F-000B-4BA3-B3B1-EE404433772F}.Release|Any CPU.ActiveCfg = Release|Any CPU
		{B262F66F-000B-4BA3-B3B1-EE404433772F}.Release|Any CPU.Build.0 = Release|Any CPU
		{119EBB0F-EACD-479D-93ED-32F6DAA62B2B}.Debug|Any CPU.ActiveCfg = Debug|Any CPU
		{119EBB0F-EACD-479D-93ED-32F6DAA62B2B}.Debug|Any CPU.Build.0 = Debug|Any CPU
		{119EBB0F-EACD-479D-93ED-32F6DAA62B2B}.Release|Any CPU.ActiveCfg = Release|Any CPU
		{119EBB0F-EACD-479D-93ED-32F6DAA62B2B}.Release|Any CPU.Build.0 = Release|Any CPU
		{4B60CE8B-DEC7-4958-9482-7F6914D01431}.Debug|Any CPU.ActiveCfg = Debug|Any CPU
		{4B60CE8B-DEC7-4958-9482-7F6914D01431}.Debug|Any CPU.Build.0 = Debug|Any CPU
		{4B60CE8B-DEC7-4958-9482-7F6914D01431}.Release|Any CPU.ActiveCfg = Release|Any CPU
		{4B60CE8B-DEC7-4958-9482-7F6914D01431}.Release|Any CPU.Build.0 = Release|Any CPU
		{DD644EC5-34B7-4F86-911D-4DCA9A8AC3F2}.Debug|Any CPU.ActiveCfg = Debug|Any CPU
		{DD644EC5-34B7-4F86-911D-4DCA9A8AC3F2}.Debug|Any CPU.Build.0 = Debug|Any CPU
		{DD644EC5-34B7-4F86-911D-4DCA9A8AC3F2}.Release|Any CPU.ActiveCfg = Release|Any CPU
		{DD644EC5-34B7-4F86-911D-4DCA9A8AC3F2}.Release|Any CPU.Build.0 = Release|Any CPU
		{8CFDBB42-A659-4299-8229-E396251E85FC}.Debug|Any CPU.ActiveCfg = Debug|Any CPU
		{8CFDBB42-A659-4299-8229-E396251E85FC}.Debug|Any CPU.Build.0 = Debug|Any CPU
		{8CFDBB42-A659-4299-8229-E396251E85FC}.Release|Any CPU.ActiveCfg = Release|Any CPU
		{8CFDBB42-A659-4299-8229-E396251E85FC}.Release|Any CPU.Build.0 = Release|Any CPU
		{35896826-F0CB-45AE-B5B6-6D369E09B769}.Debug|Any CPU.ActiveCfg = Debug|Any CPU
		{35896826-F0CB-45AE-B5B6-6D369E09B769}.Debug|Any CPU.Build.0 = Debug|Any CPU
		{35896826-F0CB-45AE-B5B6-6D369E09B769}.Release|Any CPU.ActiveCfg = Release|Any CPU
		{35896826-F0CB-45AE-B5B6-6D369E09B769}.Release|Any CPU.Build.0 = Release|Any CPU
		{ABB5F4AB-D0E6-4674-832C-7E8E3A8071AA}.Debug|Any CPU.ActiveCfg = Debug|Any CPU
		{ABB5F4AB-D0E6-4674-832C-7E8E3A8071AA}.Debug|Any CPU.Build.0 = Debug|Any CPU
		{ABB5F4AB-D0E6-4674-832C-7E8E3A8071AA}.Release|Any CPU.ActiveCfg = Release|Any CPU
		{ABB5F4AB-D0E6-4674-832C-7E8E3A8071AA}.Release|Any CPU.Build.0 = Release|Any CPU
		{5D079C21-C88F-47B3-971C-90EB78F9BFDA}.Debug|Any CPU.ActiveCfg = Debug|Any CPU
		{5D079C21-C88F-47B3-971C-90EB78F9BFDA}.Debug|Any CPU.Build.0 = Debug|Any CPU
		{5D079C21-C88F-47B3-971C-90EB78F9BFDA}.Release|Any CPU.ActiveCfg = Release|Any CPU
		{5D079C21-C88F-47B3-971C-90EB78F9BFDA}.Release|Any CPU.Build.0 = Release|Any CPU
		{F5D5FCBC-E3B1-47CF-BF2C-E641401D64F2}.Debug|Any CPU.ActiveCfg = Debug|Any CPU
		{F5D5FCBC-E3B1-47CF-BF2C-E641401D64F2}.Debug|Any CPU.Build.0 = Debug|Any CPU
		{F5D5FCBC-E3B1-47CF-BF2C-E641401D64F2}.Release|Any CPU.ActiveCfg = Release|Any CPU
		{F5D5FCBC-E3B1-47CF-BF2C-E641401D64F2}.Release|Any CPU.Build.0 = Release|Any CPU
		{406CC12D-8102-46BB-831F-9B5CD30F14B5}.Debug|Any CPU.ActiveCfg = Debug|Any CPU
		{406CC12D-8102-46BB-831F-9B5CD30F14B5}.Debug|Any CPU.Build.0 = Debug|Any CPU
		{406CC12D-8102-46BB-831F-9B5CD30F14B5}.Release|Any CPU.ActiveCfg = Release|Any CPU
		{406CC12D-8102-46BB-831F-9B5CD30F14B5}.Release|Any CPU.Build.0 = Release|Any CPU
		{8F29F984-BA55-4A74-9D13-EDFBF83D6004}.Debug|Any CPU.ActiveCfg = Debug|Any CPU
		{8F29F984-BA55-4A74-9D13-EDFBF83D6004}.Debug|Any CPU.Build.0 = Debug|Any CPU
		{8F29F984-BA55-4A74-9D13-EDFBF83D6004}.Release|Any CPU.ActiveCfg = Release|Any CPU
		{8F29F984-BA55-4A74-9D13-EDFBF83D6004}.Release|Any CPU.Build.0 = Release|Any CPU
		{428C1FF0-2728-4A9E-AFE8-D95118F32C91}.Debug|Any CPU.ActiveCfg = Debug|Any CPU
		{428C1FF0-2728-4A9E-AFE8-D95118F32C91}.Debug|Any CPU.Build.0 = Debug|Any CPU
		{428C1FF0-2728-4A9E-AFE8-D95118F32C91}.Release|Any CPU.ActiveCfg = Release|Any CPU
		{428C1FF0-2728-4A9E-AFE8-D95118F32C91}.Release|Any CPU.Build.0 = Release|Any CPU
		{662F5CD9-16FF-4BE5-A225-0BD9AAA3F8F1}.Debug|Any CPU.ActiveCfg = Debug|Any CPU
		{662F5CD9-16FF-4BE5-A225-0BD9AAA3F8F1}.Debug|Any CPU.Build.0 = Debug|Any CPU
		{662F5CD9-16FF-4BE5-A225-0BD9AAA3F8F1}.Release|Any CPU.ActiveCfg = Release|Any CPU
		{662F5CD9-16FF-4BE5-A225-0BD9AAA3F8F1}.Release|Any CPU.Build.0 = Release|Any CPU
		{3B1AA2CF-FD41-456C-938D-C3EF7C9A161F}.Debug|Any CPU.ActiveCfg = Debug|Any CPU
		{3B1AA2CF-FD41-456C-938D-C3EF7C9A161F}.Debug|Any CPU.Build.0 = Debug|Any CPU
		{3B1AA2CF-FD41-456C-938D-C3EF7C9A161F}.Release|Any CPU.ActiveCfg = Release|Any CPU
		{3B1AA2CF-FD41-456C-938D-C3EF7C9A161F}.Release|Any CPU.Build.0 = Release|Any CPU
	EndGlobalSection
	GlobalSection(SolutionProperties) = preSolution
		HideSolutionNode = FALSE
	EndGlobalSection
	GlobalSection(NestedProjects) = preSolution
		{B4B4083F-46AD-4BF5-91F4-8CBCDFB1F0D0} = {8250C40E-CFD3-4814-B78A-E7DE89F7F291}
		{9DAFE170-ADCD-441D-9FF3-E07D16C2F111} = {8250C40E-CFD3-4814-B78A-E7DE89F7F291}
		{4219A071-8DCB-4B1B-9C0A-7F479419A51F} = {8250C40E-CFD3-4814-B78A-E7DE89F7F291}
		{2DC20432-0528-49E3-AFFC-32584F8BC330} = {8250C40E-CFD3-4814-B78A-E7DE89F7F291}
		{B262F66F-000B-4BA3-B3B1-EE404433772F} = {8250C40E-CFD3-4814-B78A-E7DE89F7F291}
		{119EBB0F-EACD-479D-93ED-32F6DAA62B2B} = {8250C40E-CFD3-4814-B78A-E7DE89F7F291}
		{4B60CE8B-DEC7-4958-9482-7F6914D01431} = {8250C40E-CFD3-4814-B78A-E7DE89F7F291}
		{DD644EC5-34B7-4F86-911D-4DCA9A8AC3F2} = {8250C40E-CFD3-4814-B78A-E7DE89F7F291}
		{8CFDBB42-A659-4299-8229-E396251E85FC} = {6BD9945A-9F12-4520-8917-3F8D018CE041}
		{35896826-F0CB-45AE-B5B6-6D369E09B769} = {6BD9945A-9F12-4520-8917-3F8D018CE041}
		{ABB5F4AB-D0E6-4674-832C-7E8E3A8071AA} = {6BD9945A-9F12-4520-8917-3F8D018CE041}
		{5D079C21-C88F-47B3-971C-90EB78F9BFDA} = {6BD9945A-9F12-4520-8917-3F8D018CE041}
		{F5D5FCBC-E3B1-47CF-BF2C-E641401D64F2} = {6BD9945A-9F12-4520-8917-3F8D018CE041}
		{406CC12D-8102-46BB-831F-9B5CD30F14B5} = {6BD9945A-9F12-4520-8917-3F8D018CE041}
		{8F29F984-BA55-4A74-9D13-EDFBF83D6004} = {6BD9945A-9F12-4520-8917-3F8D018CE041}
		{428C1FF0-2728-4A9E-AFE8-D95118F32C91} = {6BD9945A-9F12-4520-8917-3F8D018CE041}
		{662F5CD9-16FF-4BE5-A225-0BD9AAA3F8F1} = {6BD9945A-9F12-4520-8917-3F8D018CE041}
		{3B1AA2CF-FD41-456C-938D-C3EF7C9A161F} = {6BD9945A-9F12-4520-8917-3F8D018CE041}
	EndGlobalSection
	GlobalSection(ExtensibilityGlobals) = postSolution
		SolutionGuid = {25C67ADF-EB15-458E-BE7E-AF567EE14318}
	EndGlobalSection
EndGlobal
