
Microsoft Visual Studio Solution File, Format Version 12.00
# Visual Studio Version 16
VisualStudioVersion = 16.0.32126.315
MinimumVisualStudioVersion = 10.0.40219.1
Project("{2150E333-8FDC-42A3-9474-1A3956D46DE8}") = "AdvancedExam-25June2022", "AdvancedExam-25June2022", "{483406A5-7ECC-414B-BBCD-A1CEF896D366}"
EndProject
Project("{2150E333-8FDC-42A3-9474-1A3956D46DE8}") = "AdvancedExam-23October2021", "AdvancedExam-23October2021", "{07B584CB-0ADC-47A1-A717-5EBEE47A0B0A}"
EndProject
Project("{FAE04EC0-301F-11D3-BF4B-00C04F79EFBC}") = "01.TilesMaster", "AdvancedExam-25June2022\01.TilesMaster\01.TilesMaster.csproj", "{5FFC3665-6CE8-4C4D-AD1B-759F5E67F0DA}"
EndProject
Project("{FAE04EC0-301F-11D3-BF4B-00C04F79EFBC}") = "02.WallDestroyer", "AdvancedExam-25June2022\02.WallDestroyer\02.WallDestroyer.csproj", "{011F4502-266E-4E1F-ACD8-40CFCA6129D3}"
EndProject
Project("{FAE04EC0-301F-11D3-BF4B-00C04F79EFBC}") = "03.Renovators", "AdvancedExam-25June2022\03.Renovators\03.Renovators.csproj", "{5AAB35A5-8934-4F32-B052-31E5D686CE87}"
EndProject
Project("{FAE04EC0-301F-11D3-BF4B-00C04F79EFBC}") = "01.FoodFinder", "AdvancedExam-23October2021\01.FoodFinder\01.FoodFinder.csproj", "{B3EADE9B-4209-4501-8DDD-16AA1ACA5858}"
EndProject
Project("{FAE04EC0-301F-11D3-BF4B-00C04F79EFBC}") = "02.PawnWars", "AdvancedExam-23October2021\02.PawnWars\02.PawnWars.csproj", "{3C5E9672-41E3-4610-8C3A-FF866256E5DE}"
EndProject
Project("{FAE04EC0-301F-11D3-BF4B-00C04F79EFBC}") = "03.StockMarket", "AdvancedExam-23October2021\03.StockMarket\03.StockMarket.csproj", "{759CF77D-D919-4C51-857A-D23A8C8ED7EB}"
EndProject
Project("{2150E333-8FDC-42A3-9474-1A3956D46DE8}") = "AdvancedRetakeExam-18August2022", "AdvancedRetakeExam-18August2022", "{64348009-728B-4BF8-B672-EF50A6A75317}"
EndProject
Project("{FAE04EC0-301F-11D3-BF4B-00C04F79EFBC}") = "01.BaristaContest", "AdvancedRetakeExam-18August2022\01.BaristaContest\01.BaristaContest.csproj", "{D3EE3FFF-D64C-4A04-B9CB-BAAD38A18E4C}"
EndProject
Project("{FAE04EC0-301F-11D3-BF4B-00C04F79EFBC}") = "02.HelpAMole", "AdvancedRetakeExam-18August2022\02.HelpAMole\02.HelpAMole.csproj", "{26D54798-12E0-46D4-8007-2E73D9CF8515}"
EndProject
Project("{FAE04EC0-301F-11D3-BF4B-00C04F79EFBC}") = "03.Basketball", "AdvancedRetakeExam-18August2022\03.Basketball\03.Basketball.csproj", "{2E54E590-D215-42EA-987E-BD38EB82CDF9}"
EndProject
Project("{2150E333-8FDC-42A3-9474-1A3956D46DE8}") = "AdvancedRetakeExam-13April2022", "AdvancedRetakeExam-13April2022", "{CCF1EFF7-EE2E-4E03-A6EE-C3EC20783316}"
EndProject
Project("{FAE04EC0-301F-11D3-BF4B-00C04F79EFBC}") = "02.TruffleHunter", "AdvancedRetakeExam-13April2022\02.TruffleHunter\02.TruffleHunter.csproj", "{9DC4B2E0-BC2F-4C2E-9466-B70AD4755559}"
EndProject
Project("{FAE04EC0-301F-11D3-BF4B-00C04F79EFBC}") = "01.MealPlan", "AdvancedRetakeExam-13April2022\01.MealPlan\01.MealPlan.csproj", "{1C3D7380-4939-4B8E-9CE8-BB57D8F82B6D}"
EndProject
Project("{2150E333-8FDC-42A3-9474-1A3956D46DE8}") = "RegularExam", "RegularExam", "{DCF30FCE-BBA2-4D10-A09E-79333AA8B716}"
EndProject
Project("{FAE04EC0-301F-11D3-BF4B-00C04F79EFBC}") = "01.EnergyDrinks", "RegularExam\01.EnergyDrinks\01.EnergyDrinks.csproj", "{4F9B03BA-FB1A-4AAF-AEC2-C9C4AB34F0DD}"
EndProject
Project("{FAE04EC0-301F-11D3-BF4B-00C04F79EFBC}") = "03.ComputerArchitecture", "RegularExam\03.ComputerArchitecture\03.ComputerArchitecture.csproj", "{9188F1B0-C5FC-4036-B47E-63FD8DAB3845}"
EndProject
Project("{FAE04EC0-301F-11D3-BF4B-00C04F79EFBC}") = "02.RallyRacing", "RegularExam\02.RallyRacing\02.RallyRacing.csproj", "{CF450343-9CAA-4AEF-AE67-BDBA291F989A}"
EndProject
Project("{FAE04EC0-301F-11D3-BF4B-00C04F79EFBC}") = "03.Zoo", "AdvancedRetakeExam-13April2022\03.Zoo\03.Zoo.csproj", "{C043D569-9EA8-4D21-AB5A-33A422B8A27D}"
EndProject
Global
	GlobalSection(SolutionConfigurationPlatforms) = preSolution
		Debug|Any CPU = Debug|Any CPU
		Release|Any CPU = Release|Any CPU
	EndGlobalSection
	GlobalSection(ProjectConfigurationPlatforms) = postSolution
		{5FFC3665-6CE8-4C4D-AD1B-759F5E67F0DA}.Debug|Any CPU.ActiveCfg = Debug|Any CPU
		{5FFC3665-6CE8-4C4D-AD1B-759F5E67F0DA}.Debug|Any CPU.Build.0 = Debug|Any CPU
		{5FFC3665-6CE8-4C4D-AD1B-759F5E67F0DA}.Release|Any CPU.ActiveCfg = Release|Any CPU
		{5FFC3665-6CE8-4C4D-AD1B-759F5E67F0DA}.Release|Any CPU.Build.0 = Release|Any CPU
		{011F4502-266E-4E1F-ACD8-40CFCA6129D3}.Debug|Any CPU.ActiveCfg = Debug|Any CPU
		{011F4502-266E-4E1F-ACD8-40CFCA6129D3}.Debug|Any CPU.Build.0 = Debug|Any CPU
		{011F4502-266E-4E1F-ACD8-40CFCA6129D3}.Release|Any CPU.ActiveCfg = Release|Any CPU
		{011F4502-266E-4E1F-ACD8-40CFCA6129D3}.Release|Any CPU.Build.0 = Release|Any CPU
		{5AAB35A5-8934-4F32-B052-31E5D686CE87}.Debug|Any CPU.ActiveCfg = Debug|Any CPU
		{5AAB35A5-8934-4F32-B052-31E5D686CE87}.Debug|Any CPU.Build.0 = Debug|Any CPU
		{5AAB35A5-8934-4F32-B052-31E5D686CE87}.Release|Any CPU.ActiveCfg = Release|Any CPU
		{5AAB35A5-8934-4F32-B052-31E5D686CE87}.Release|Any CPU.Build.0 = Release|Any CPU
		{B3EADE9B-4209-4501-8DDD-16AA1ACA5858}.Debug|Any CPU.ActiveCfg = Debug|Any CPU
		{B3EADE9B-4209-4501-8DDD-16AA1ACA5858}.Debug|Any CPU.Build.0 = Debug|Any CPU
		{B3EADE9B-4209-4501-8DDD-16AA1ACA5858}.Release|Any CPU.ActiveCfg = Release|Any CPU
		{B3EADE9B-4209-4501-8DDD-16AA1ACA5858}.Release|Any CPU.Build.0 = Release|Any CPU
		{3C5E9672-41E3-4610-8C3A-FF866256E5DE}.Debug|Any CPU.ActiveCfg = Debug|Any CPU
		{3C5E9672-41E3-4610-8C3A-FF866256E5DE}.Debug|Any CPU.Build.0 = Debug|Any CPU
		{3C5E9672-41E3-4610-8C3A-FF866256E5DE}.Release|Any CPU.ActiveCfg = Release|Any CPU
		{3C5E9672-41E3-4610-8C3A-FF866256E5DE}.Release|Any CPU.Build.0 = Release|Any CPU
		{759CF77D-D919-4C51-857A-D23A8C8ED7EB}.Debug|Any CPU.ActiveCfg = Debug|Any CPU
		{759CF77D-D919-4C51-857A-D23A8C8ED7EB}.Debug|Any CPU.Build.0 = Debug|Any CPU
		{759CF77D-D919-4C51-857A-D23A8C8ED7EB}.Release|Any CPU.ActiveCfg = Release|Any CPU
		{759CF77D-D919-4C51-857A-D23A8C8ED7EB}.Release|Any CPU.Build.0 = Release|Any CPU
		{D3EE3FFF-D64C-4A04-B9CB-BAAD38A18E4C}.Debug|Any CPU.ActiveCfg = Debug|Any CPU
		{D3EE3FFF-D64C-4A04-B9CB-BAAD38A18E4C}.Debug|Any CPU.Build.0 = Debug|Any CPU
		{D3EE3FFF-D64C-4A04-B9CB-BAAD38A18E4C}.Release|Any CPU.ActiveCfg = Release|Any CPU
		{D3EE3FFF-D64C-4A04-B9CB-BAAD38A18E4C}.Release|Any CPU.Build.0 = Release|Any CPU
		{26D54798-12E0-46D4-8007-2E73D9CF8515}.Debug|Any CPU.ActiveCfg = Debug|Any CPU
		{26D54798-12E0-46D4-8007-2E73D9CF8515}.Debug|Any CPU.Build.0 = Debug|Any CPU
		{26D54798-12E0-46D4-8007-2E73D9CF8515}.Release|Any CPU.ActiveCfg = Release|Any CPU
		{26D54798-12E0-46D4-8007-2E73D9CF8515}.Release|Any CPU.Build.0 = Release|Any CPU
		{2E54E590-D215-42EA-987E-BD38EB82CDF9}.Debug|Any CPU.ActiveCfg = Debug|Any CPU
		{2E54E590-D215-42EA-987E-BD38EB82CDF9}.Debug|Any CPU.Build.0 = Debug|Any CPU
		{2E54E590-D215-42EA-987E-BD38EB82CDF9}.Release|Any CPU.ActiveCfg = Release|Any CPU
		{2E54E590-D215-42EA-987E-BD38EB82CDF9}.Release|Any CPU.Build.0 = Release|Any CPU
		{9DC4B2E0-BC2F-4C2E-9466-B70AD4755559}.Debug|Any CPU.ActiveCfg = Debug|Any CPU
		{9DC4B2E0-BC2F-4C2E-9466-B70AD4755559}.Debug|Any CPU.Build.0 = Debug|Any CPU
		{9DC4B2E0-BC2F-4C2E-9466-B70AD4755559}.Release|Any CPU.ActiveCfg = Release|Any CPU
		{9DC4B2E0-BC2F-4C2E-9466-B70AD4755559}.Release|Any CPU.Build.0 = Release|Any CPU
		{1C3D7380-4939-4B8E-9CE8-BB57D8F82B6D}.Debug|Any CPU.ActiveCfg = Debug|Any CPU
		{1C3D7380-4939-4B8E-9CE8-BB57D8F82B6D}.Debug|Any CPU.Build.0 = Debug|Any CPU
		{1C3D7380-4939-4B8E-9CE8-BB57D8F82B6D}.Release|Any CPU.ActiveCfg = Release|Any CPU
		{1C3D7380-4939-4B8E-9CE8-BB57D8F82B6D}.Release|Any CPU.Build.0 = Release|Any CPU
		{4F9B03BA-FB1A-4AAF-AEC2-C9C4AB34F0DD}.Debug|Any CPU.ActiveCfg = Debug|Any CPU
		{4F9B03BA-FB1A-4AAF-AEC2-C9C4AB34F0DD}.Debug|Any CPU.Build.0 = Debug|Any CPU
		{4F9B03BA-FB1A-4AAF-AEC2-C9C4AB34F0DD}.Release|Any CPU.ActiveCfg = Release|Any CPU
		{4F9B03BA-FB1A-4AAF-AEC2-C9C4AB34F0DD}.Release|Any CPU.Build.0 = Release|Any CPU
		{9188F1B0-C5FC-4036-B47E-63FD8DAB3845}.Debug|Any CPU.ActiveCfg = Debug|Any CPU
		{9188F1B0-C5FC-4036-B47E-63FD8DAB3845}.Debug|Any CPU.Build.0 = Debug|Any CPU
		{9188F1B0-C5FC-4036-B47E-63FD8DAB3845}.Release|Any CPU.ActiveCfg = Release|Any CPU
		{9188F1B0-C5FC-4036-B47E-63FD8DAB3845}.Release|Any CPU.Build.0 = Release|Any CPU
		{CF450343-9CAA-4AEF-AE67-BDBA291F989A}.Debug|Any CPU.ActiveCfg = Debug|Any CPU
		{CF450343-9CAA-4AEF-AE67-BDBA291F989A}.Debug|Any CPU.Build.0 = Debug|Any CPU
		{CF450343-9CAA-4AEF-AE67-BDBA291F989A}.Release|Any CPU.ActiveCfg = Release|Any CPU
		{CF450343-9CAA-4AEF-AE67-BDBA291F989A}.Release|Any CPU.Build.0 = Release|Any CPU
		{C043D569-9EA8-4D21-AB5A-33A422B8A27D}.Debug|Any CPU.ActiveCfg = Debug|Any CPU
		{C043D569-9EA8-4D21-AB5A-33A422B8A27D}.Debug|Any CPU.Build.0 = Debug|Any CPU
		{C043D569-9EA8-4D21-AB5A-33A422B8A27D}.Release|Any CPU.ActiveCfg = Release|Any CPU
		{C043D569-9EA8-4D21-AB5A-33A422B8A27D}.Release|Any CPU.Build.0 = Release|Any CPU
	EndGlobalSection
	GlobalSection(SolutionProperties) = preSolution
		HideSolutionNode = FALSE
	EndGlobalSection
	GlobalSection(NestedProjects) = preSolution
		{5FFC3665-6CE8-4C4D-AD1B-759F5E67F0DA} = {483406A5-7ECC-414B-BBCD-A1CEF896D366}
		{011F4502-266E-4E1F-ACD8-40CFCA6129D3} = {483406A5-7ECC-414B-BBCD-A1CEF896D366}
		{5AAB35A5-8934-4F32-B052-31E5D686CE87} = {483406A5-7ECC-414B-BBCD-A1CEF896D366}
		{B3EADE9B-4209-4501-8DDD-16AA1ACA5858} = {07B584CB-0ADC-47A1-A717-5EBEE47A0B0A}
		{3C5E9672-41E3-4610-8C3A-FF866256E5DE} = {07B584CB-0ADC-47A1-A717-5EBEE47A0B0A}
		{759CF77D-D919-4C51-857A-D23A8C8ED7EB} = {07B584CB-0ADC-47A1-A717-5EBEE47A0B0A}
		{D3EE3FFF-D64C-4A04-B9CB-BAAD38A18E4C} = {64348009-728B-4BF8-B672-EF50A6A75317}
		{26D54798-12E0-46D4-8007-2E73D9CF8515} = {64348009-728B-4BF8-B672-EF50A6A75317}
		{2E54E590-D215-42EA-987E-BD38EB82CDF9} = {64348009-728B-4BF8-B672-EF50A6A75317}
		{9DC4B2E0-BC2F-4C2E-9466-B70AD4755559} = {CCF1EFF7-EE2E-4E03-A6EE-C3EC20783316}
		{1C3D7380-4939-4B8E-9CE8-BB57D8F82B6D} = {CCF1EFF7-EE2E-4E03-A6EE-C3EC20783316}
		{4F9B03BA-FB1A-4AAF-AEC2-C9C4AB34F0DD} = {DCF30FCE-BBA2-4D10-A09E-79333AA8B716}
		{9188F1B0-C5FC-4036-B47E-63FD8DAB3845} = {DCF30FCE-BBA2-4D10-A09E-79333AA8B716}
		{CF450343-9CAA-4AEF-AE67-BDBA291F989A} = {DCF30FCE-BBA2-4D10-A09E-79333AA8B716}
		{C043D569-9EA8-4D21-AB5A-33A422B8A27D} = {CCF1EFF7-EE2E-4E03-A6EE-C3EC20783316}
	EndGlobalSection
	GlobalSection(ExtensibilityGlobals) = postSolution
		SolutionGuid = {6D19B67C-169D-42C3-A32C-52FB1169B5BF}
	EndGlobalSection
EndGlobal
