
Microsoft Visual Studio Solution File, Format Version 12.00
# Visual Studio Version 16
VisualStudioVersion = 16.0.32126.315
MinimumVisualStudioVersion = 10.0.40219.1
Project("{2150E333-8FDC-42A3-9474-1A3956D46DE8}") = "Lab", "Lab", "{6341EAAF-89F9-411E-AB30-1D685E6FCE55}"
EndProject
Project("{2150E333-8FDC-42A3-9474-1A3956D46DE8}") = "Exercise", "Exercise", "{166520D7-BF90-4635-B301-E39B8B376898}"
EndProject
Project("{FAE04EC0-301F-11D3-BF4B-00C04F79EFBC}") = "01.SortEvenNumbers", "Lab\01.SortEvenNumbers\01.SortEvenNumbers.csproj", "{55701EE2-D397-40AC-B235-3D68A6AD4D8C}"
EndProject
Project("{FAE04EC0-301F-11D3-BF4B-00C04F79EFBC}") = "02.SumNumbers", "Lab\02.SumNumbers\02.SumNumbers.csproj", "{768C4828-A8A2-405E-A04B-21011D560728}"
EndProject
Project("{FAE04EC0-301F-11D3-BF4B-00C04F79EFBC}") = "03.CountUppercaseWords", "Lab\03.CountUppercaseWords\03.CountUppercaseWords.csproj", "{D15B5FFC-4F74-42A4-B712-86E48667211E}"
EndProject
Project("{FAE04EC0-301F-11D3-BF4B-00C04F79EFBC}") = "04.AddVAT", "Lab\04.AddVAT\04.AddVAT.csproj", "{8AB465E6-C32B-42D5-8944-BADA3DB705AE}"
EndProject
Project("{FAE04EC0-301F-11D3-BF4B-00C04F79EFBC}") = "05.FilterByAge", "Lab\05.FilterByAge\05.FilterByAge.csproj", "{F4B74256-C27A-487B-9577-CDA2953177CD}"
EndProject
Project("{FAE04EC0-301F-11D3-BF4B-00C04F79EFBC}") = "01.ActionPrint", "Exercise\01.ActionPrint\01.ActionPrint.csproj", "{296847A3-8705-4FB3-BD8B-61881CCD41D6}"
EndProject
Project("{FAE04EC0-301F-11D3-BF4B-00C04F79EFBC}") = "02.KnightsOfHonor", "Exercise\02.KnightsOfHonor\02.KnightsOfHonor.csproj", "{230C991B-29C5-455C-8400-F2D74AE49F83}"
EndProject
Project("{FAE04EC0-301F-11D3-BF4B-00C04F79EFBC}") = "03.CustomMinFunction", "Exercise\03.CustomMinFunction\03.CustomMinFunction.csproj", "{CC665734-DFDC-4F01-9744-86D9AEDFBD6E}"
EndProject
Project("{FAE04EC0-301F-11D3-BF4B-00C04F79EFBC}") = "04.FindEvensOrOdds", "Exercise\04.FindEvensOrOdds\04.FindEvensOrOdds.csproj", "{7F9FD107-1D3F-47EB-87A0-AADC2B5FE4C1}"
EndProject
Project("{FAE04EC0-301F-11D3-BF4B-00C04F79EFBC}") = "05.AppliedArithmetics", "Exercise\05.AppliedArithmetics\05.AppliedArithmetics.csproj", "{0091DDCF-BEB4-4C1A-B5D8-3C37FB501B02}"
EndProject
Project("{FAE04EC0-301F-11D3-BF4B-00C04F79EFBC}") = "06.ReverseAndExclude", "Exercise\06.ReverseAndExclude\06.ReverseAndExclude.csproj", "{76B69FE8-7F97-4516-BE7C-87E5CD2C4C1B}"
EndProject
Project("{FAE04EC0-301F-11D3-BF4B-00C04F79EFBC}") = "07.PredicateForNames", "Exercise\07.PredicateForNames\07.PredicateForNames.csproj", "{124612DF-B2AC-425E-870F-01DBC19921A6}"
EndProject
Project("{FAE04EC0-301F-11D3-BF4B-00C04F79EFBC}") = "08.ListOfPredicates", "Exercise\08.ListOfPredicates\08.ListOfPredicates.csproj", "{45A1F574-6DF8-469D-A83C-F8D153E09CBC}"
EndProject
Project("{FAE04EC0-301F-11D3-BF4B-00C04F79EFBC}") = "09.PredicateParty", "Exercise\09.PredicateParty\09.PredicateParty.csproj", "{C808CCFC-C51C-4134-A7FB-9DCC376EBCDB}"
EndProject
Project("{FAE04EC0-301F-11D3-BF4B-00C04F79EFBC}") = "10.ThePartyReservationFilterModule", "Exercise\10.ThePartyReservationFilterModule\10.ThePartyReservationFilterModule.csproj", "{9A7A1B31-A9A1-4A2D-BF77-59B0A2A90EBE}"
EndProject
Project("{FAE04EC0-301F-11D3-BF4B-00C04F79EFBC}") = "11.TriFunction", "Exercise\11.TriFunction\11.TriFunction.csproj", "{5CA5163F-3AC7-4289-88F3-E6AC74913AC5}"
EndProject
Global
	GlobalSection(SolutionConfigurationPlatforms) = preSolution
		Debug|Any CPU = Debug|Any CPU
		Release|Any CPU = Release|Any CPU
	EndGlobalSection
	GlobalSection(ProjectConfigurationPlatforms) = postSolution
		{55701EE2-D397-40AC-B235-3D68A6AD4D8C}.Debug|Any CPU.ActiveCfg = Debug|Any CPU
		{55701EE2-D397-40AC-B235-3D68A6AD4D8C}.Debug|Any CPU.Build.0 = Debug|Any CPU
		{55701EE2-D397-40AC-B235-3D68A6AD4D8C}.Release|Any CPU.ActiveCfg = Release|Any CPU
		{55701EE2-D397-40AC-B235-3D68A6AD4D8C}.Release|Any CPU.Build.0 = Release|Any CPU
		{768C4828-A8A2-405E-A04B-21011D560728}.Debug|Any CPU.ActiveCfg = Debug|Any CPU
		{768C4828-A8A2-405E-A04B-21011D560728}.Debug|Any CPU.Build.0 = Debug|Any CPU
		{768C4828-A8A2-405E-A04B-21011D560728}.Release|Any CPU.ActiveCfg = Release|Any CPU
		{768C4828-A8A2-405E-A04B-21011D560728}.Release|Any CPU.Build.0 = Release|Any CPU
		{D15B5FFC-4F74-42A4-B712-86E48667211E}.Debug|Any CPU.ActiveCfg = Debug|Any CPU
		{D15B5FFC-4F74-42A4-B712-86E48667211E}.Debug|Any CPU.Build.0 = Debug|Any CPU
		{D15B5FFC-4F74-42A4-B712-86E48667211E}.Release|Any CPU.ActiveCfg = Release|Any CPU
		{D15B5FFC-4F74-42A4-B712-86E48667211E}.Release|Any CPU.Build.0 = Release|Any CPU
		{8AB465E6-C32B-42D5-8944-BADA3DB705AE}.Debug|Any CPU.ActiveCfg = Debug|Any CPU
		{8AB465E6-C32B-42D5-8944-BADA3DB705AE}.Debug|Any CPU.Build.0 = Debug|Any CPU
		{8AB465E6-C32B-42D5-8944-BADA3DB705AE}.Release|Any CPU.ActiveCfg = Release|Any CPU
		{8AB465E6-C32B-42D5-8944-BADA3DB705AE}.Release|Any CPU.Build.0 = Release|Any CPU
		{F4B74256-C27A-487B-9577-CDA2953177CD}.Debug|Any CPU.ActiveCfg = Debug|Any CPU
		{F4B74256-C27A-487B-9577-CDA2953177CD}.Debug|Any CPU.Build.0 = Debug|Any CPU
		{F4B74256-C27A-487B-9577-CDA2953177CD}.Release|Any CPU.ActiveCfg = Release|Any CPU
		{F4B74256-C27A-487B-9577-CDA2953177CD}.Release|Any CPU.Build.0 = Release|Any CPU
		{296847A3-8705-4FB3-BD8B-61881CCD41D6}.Debug|Any CPU.ActiveCfg = Debug|Any CPU
		{296847A3-8705-4FB3-BD8B-61881CCD41D6}.Debug|Any CPU.Build.0 = Debug|Any CPU
		{296847A3-8705-4FB3-BD8B-61881CCD41D6}.Release|Any CPU.ActiveCfg = Release|Any CPU
		{296847A3-8705-4FB3-BD8B-61881CCD41D6}.Release|Any CPU.Build.0 = Release|Any CPU
		{230C991B-29C5-455C-8400-F2D74AE49F83}.Debug|Any CPU.ActiveCfg = Debug|Any CPU
		{230C991B-29C5-455C-8400-F2D74AE49F83}.Debug|Any CPU.Build.0 = Debug|Any CPU
		{230C991B-29C5-455C-8400-F2D74AE49F83}.Release|Any CPU.ActiveCfg = Release|Any CPU
		{230C991B-29C5-455C-8400-F2D74AE49F83}.Release|Any CPU.Build.0 = Release|Any CPU
		{CC665734-DFDC-4F01-9744-86D9AEDFBD6E}.Debug|Any CPU.ActiveCfg = Debug|Any CPU
		{CC665734-DFDC-4F01-9744-86D9AEDFBD6E}.Debug|Any CPU.Build.0 = Debug|Any CPU
		{CC665734-DFDC-4F01-9744-86D9AEDFBD6E}.Release|Any CPU.ActiveCfg = Release|Any CPU
		{CC665734-DFDC-4F01-9744-86D9AEDFBD6E}.Release|Any CPU.Build.0 = Release|Any CPU
		{7F9FD107-1D3F-47EB-87A0-AADC2B5FE4C1}.Debug|Any CPU.ActiveCfg = Debug|Any CPU
		{7F9FD107-1D3F-47EB-87A0-AADC2B5FE4C1}.Debug|Any CPU.Build.0 = Debug|Any CPU
		{7F9FD107-1D3F-47EB-87A0-AADC2B5FE4C1}.Release|Any CPU.ActiveCfg = Release|Any CPU
		{7F9FD107-1D3F-47EB-87A0-AADC2B5FE4C1}.Release|Any CPU.Build.0 = Release|Any CPU
		{0091DDCF-BEB4-4C1A-B5D8-3C37FB501B02}.Debug|Any CPU.ActiveCfg = Debug|Any CPU
		{0091DDCF-BEB4-4C1A-B5D8-3C37FB501B02}.Debug|Any CPU.Build.0 = Debug|Any CPU
		{0091DDCF-BEB4-4C1A-B5D8-3C37FB501B02}.Release|Any CPU.ActiveCfg = Release|Any CPU
		{0091DDCF-BEB4-4C1A-B5D8-3C37FB501B02}.Release|Any CPU.Build.0 = Release|Any CPU
		{76B69FE8-7F97-4516-BE7C-87E5CD2C4C1B}.Debug|Any CPU.ActiveCfg = Debug|Any CPU
		{76B69FE8-7F97-4516-BE7C-87E5CD2C4C1B}.Debug|Any CPU.Build.0 = Debug|Any CPU
		{76B69FE8-7F97-4516-BE7C-87E5CD2C4C1B}.Release|Any CPU.ActiveCfg = Release|Any CPU
		{76B69FE8-7F97-4516-BE7C-87E5CD2C4C1B}.Release|Any CPU.Build.0 = Release|Any CPU
		{124612DF-B2AC-425E-870F-01DBC19921A6}.Debug|Any CPU.ActiveCfg = Debug|Any CPU
		{124612DF-B2AC-425E-870F-01DBC19921A6}.Debug|Any CPU.Build.0 = Debug|Any CPU
		{124612DF-B2AC-425E-870F-01DBC19921A6}.Release|Any CPU.ActiveCfg = Release|Any CPU
		{124612DF-B2AC-425E-870F-01DBC19921A6}.Release|Any CPU.Build.0 = Release|Any CPU
		{45A1F574-6DF8-469D-A83C-F8D153E09CBC}.Debug|Any CPU.ActiveCfg = Debug|Any CPU
		{45A1F574-6DF8-469D-A83C-F8D153E09CBC}.Debug|Any CPU.Build.0 = Debug|Any CPU
		{45A1F574-6DF8-469D-A83C-F8D153E09CBC}.Release|Any CPU.ActiveCfg = Release|Any CPU
		{45A1F574-6DF8-469D-A83C-F8D153E09CBC}.Release|Any CPU.Build.0 = Release|Any CPU
		{C808CCFC-C51C-4134-A7FB-9DCC376EBCDB}.Debug|Any CPU.ActiveCfg = Debug|Any CPU
		{C808CCFC-C51C-4134-A7FB-9DCC376EBCDB}.Debug|Any CPU.Build.0 = Debug|Any CPU
		{C808CCFC-C51C-4134-A7FB-9DCC376EBCDB}.Release|Any CPU.ActiveCfg = Release|Any CPU
		{C808CCFC-C51C-4134-A7FB-9DCC376EBCDB}.Release|Any CPU.Build.0 = Release|Any CPU
		{9A7A1B31-A9A1-4A2D-BF77-59B0A2A90EBE}.Debug|Any CPU.ActiveCfg = Debug|Any CPU
		{9A7A1B31-A9A1-4A2D-BF77-59B0A2A90EBE}.Debug|Any CPU.Build.0 = Debug|Any CPU
		{9A7A1B31-A9A1-4A2D-BF77-59B0A2A90EBE}.Release|Any CPU.ActiveCfg = Release|Any CPU
		{9A7A1B31-A9A1-4A2D-BF77-59B0A2A90EBE}.Release|Any CPU.Build.0 = Release|Any CPU
		{5CA5163F-3AC7-4289-88F3-E6AC74913AC5}.Debug|Any CPU.ActiveCfg = Debug|Any CPU
		{5CA5163F-3AC7-4289-88F3-E6AC74913AC5}.Debug|Any CPU.Build.0 = Debug|Any CPU
		{5CA5163F-3AC7-4289-88F3-E6AC74913AC5}.Release|Any CPU.ActiveCfg = Release|Any CPU
		{5CA5163F-3AC7-4289-88F3-E6AC74913AC5}.Release|Any CPU.Build.0 = Release|Any CPU
	EndGlobalSection
	GlobalSection(SolutionProperties) = preSolution
		HideSolutionNode = FALSE
	EndGlobalSection
	GlobalSection(NestedProjects) = preSolution
		{55701EE2-D397-40AC-B235-3D68A6AD4D8C} = {6341EAAF-89F9-411E-AB30-1D685E6FCE55}
		{768C4828-A8A2-405E-A04B-21011D560728} = {6341EAAF-89F9-411E-AB30-1D685E6FCE55}
		{D15B5FFC-4F74-42A4-B712-86E48667211E} = {6341EAAF-89F9-411E-AB30-1D685E6FCE55}
		{8AB465E6-C32B-42D5-8944-BADA3DB705AE} = {6341EAAF-89F9-411E-AB30-1D685E6FCE55}
		{F4B74256-C27A-487B-9577-CDA2953177CD} = {6341EAAF-89F9-411E-AB30-1D685E6FCE55}
		{296847A3-8705-4FB3-BD8B-61881CCD41D6} = {166520D7-BF90-4635-B301-E39B8B376898}
		{230C991B-29C5-455C-8400-F2D74AE49F83} = {166520D7-BF90-4635-B301-E39B8B376898}
		{CC665734-DFDC-4F01-9744-86D9AEDFBD6E} = {166520D7-BF90-4635-B301-E39B8B376898}
		{7F9FD107-1D3F-47EB-87A0-AADC2B5FE4C1} = {166520D7-BF90-4635-B301-E39B8B376898}
		{0091DDCF-BEB4-4C1A-B5D8-3C37FB501B02} = {166520D7-BF90-4635-B301-E39B8B376898}
		{76B69FE8-7F97-4516-BE7C-87E5CD2C4C1B} = {166520D7-BF90-4635-B301-E39B8B376898}
		{124612DF-B2AC-425E-870F-01DBC19921A6} = {166520D7-BF90-4635-B301-E39B8B376898}
		{45A1F574-6DF8-469D-A83C-F8D153E09CBC} = {166520D7-BF90-4635-B301-E39B8B376898}
		{C808CCFC-C51C-4134-A7FB-9DCC376EBCDB} = {166520D7-BF90-4635-B301-E39B8B376898}
		{9A7A1B31-A9A1-4A2D-BF77-59B0A2A90EBE} = {166520D7-BF90-4635-B301-E39B8B376898}
		{5CA5163F-3AC7-4289-88F3-E6AC74913AC5} = {166520D7-BF90-4635-B301-E39B8B376898}
	EndGlobalSection
	GlobalSection(ExtensibilityGlobals) = postSolution
		SolutionGuid = {D779A87C-9A40-480C-865C-7C3214C75C24}
	EndGlobalSection
EndGlobal
