
Microsoft Visual Studio Solution File, Format Version 12.00
# Visual Studio Version 16
VisualStudioVersion = 16.0.32126.315
MinimumVisualStudioVersion = 10.0.40219.1
Project("{2150E333-8FDC-42A3-9474-1A3956D46DE8}") = "Lab", "Lab", "{B0805662-5052-448D-A36A-C965DF840AF0}"
EndProject
Project("{2150E333-8FDC-42A3-9474-1A3956D46DE8}") = "Exercise", "Exercise", "{4E7778F1-A631-4D50-BD18-51C7DF644C83}"
EndProject
Project("{2150E333-8FDC-42A3-9474-1A3956D46DE8}") = "MoreExercise", "MoreExercise", "{D43E9DE3-9923-4546-90C2-4952E327EEAE}"
EndProject
Project("{9A19103F-16F7-4668-BE54-9A1E7A4F7556}") = "01.Student_Information", "Lab\01.Student_Information\01.Student_Information.csproj", "{08A6F996-C72B-45C3-B555-52AA470B1DA2}"
EndProject
Project("{9A19103F-16F7-4668-BE54-9A1E7A4F7556}") = "02.Passed", "Lab\02.Passed\02.Passed.csproj", "{24C703E0-45D9-428E-86F7-8384C0F1A8C9}"
EndProject
Project("{9A19103F-16F7-4668-BE54-9A1E7A4F7556}") = "03.Passed_Or_Failed", "Lab\03.Passed_Or_Failed\03.Passed_Or_Failed.csproj", "{B2D26764-1009-4568-895E-C25B2AE756B3}"
EndProject
Project("{9A19103F-16F7-4668-BE54-9A1E7A4F7556}") = "04.Back_In_30_Minutes", "Lab\04.Back_In_30_Minutes\04.Back_In_30_Minutes.csproj", "{B65F167F-0613-4EE4-B9EC-054FDAE22B3F}"
EndProject
Project("{9A19103F-16F7-4668-BE54-9A1E7A4F7556}") = "05.Month_Printer", "Lab\05.Month_Printer\05.Month_Printer.csproj", "{CA31B048-C0A2-4B9A-8A0C-4563E008A285}"
EndProject
Project("{9A19103F-16F7-4668-BE54-9A1E7A4F7556}") = "06.Foreign_Languages", "Lab\06.Foreign_Languages\06.Foreign_Languages.csproj", "{18D4339F-0E81-42ED-8042-E7C725A73334}"
EndProject
Project("{9A19103F-16F7-4668-BE54-9A1E7A4F7556}") = "07.Theatre_Promotion", "Lab\07.Theatre_Promotion\07.Theatre_Promotion.csproj", "{6DE13610-4769-436F-9106-3926A953FB50}"
EndProject
Project("{9A19103F-16F7-4668-BE54-9A1E7A4F7556}") = "08.Divisible_By_3", "Lab\08.Divisible_By_3\08.Divisible_By_3.csproj", "{B588B502-EAAE-476B-93C4-75B995FDB63F}"
EndProject
Project("{9A19103F-16F7-4668-BE54-9A1E7A4F7556}") = "09.Sum_Of_Odd_Numbers", "Lab\09.Sum_Of_Odd_Numbers\09.Sum_Of_Odd_Numbers.csproj", "{F3D1A0B9-CE44-40BE-8862-779A3113018E}"
EndProject
Project("{9A19103F-16F7-4668-BE54-9A1E7A4F7556}") = "10.Multiplication_Table", "Lab\10.Multiplication_Table\10.Multiplication_Table.csproj", "{C9BF9F27-2E28-40EF-9D6A-922B2694E32A}"
EndProject
Project("{9A19103F-16F7-4668-BE54-9A1E7A4F7556}") = "11.Multiplication_Table_2.0", "Lab\11.Multiplication_Table_2.0\11.Multiplication_Table_2.0.csproj", "{C5D293FF-5330-4318-9F5C-6A1B456335B3}"
EndProject
Project("{9A19103F-16F7-4668-BE54-9A1E7A4F7556}") = "12.Even_Number", "Lab\12.Even_Number\12.Even_Number.csproj", "{65F98838-7221-4007-8E93-5A3919B98E63}"
EndProject
Project("{9A19103F-16F7-4668-BE54-9A1E7A4F7556}") = "13.Holidays_Between_Two_Dates", "Lab\13.Holidays_Between_Two_Dates\13.Holidays_Between_Two_Dates.csproj", "{8945078A-269F-402D-B731-D43D8C6B4947}"
EndProject
Project("{9A19103F-16F7-4668-BE54-9A1E7A4F7556}") = "01.Ages", "Exercise\01.Ages\01.Ages.csproj", "{0C88E937-18CB-4297-8231-8181A8C7AAD4}"
EndProject
Project("{9A19103F-16F7-4668-BE54-9A1E7A4F7556}") = "02.Division", "Exercise\02.Division\02.Division.csproj", "{760D09B2-D42C-4B90-8D81-BADF98762E65}"
EndProject
Project("{9A19103F-16F7-4668-BE54-9A1E7A4F7556}") = "03.Vacation", "Exercise\03.Vacation\03.Vacation.csproj", "{0DD5C9AD-1C66-4297-B835-892727841076}"
EndProject
Project("{9A19103F-16F7-4668-BE54-9A1E7A4F7556}") = "04.Print_And_Sum", "Exercise\04.Print_And_Sum\04.Print_And_Sum.csproj", "{5BDFE2B8-3897-4DFC-8D8C-75A90595F907}"
EndProject
Project("{9A19103F-16F7-4668-BE54-9A1E7A4F7556}") = "05.Login", "Exercise\05.Login\05.Login.csproj", "{32C28EA6-A2F3-4BB7-9003-BDD7EFC48D36}"
EndProject
Project("{9A19103F-16F7-4668-BE54-9A1E7A4F7556}") = "06.Strong_Number", "Exercise\06.Strong_Number\06.Strong_Number.csproj", "{BB5252F7-F5B8-422F-8481-CC0346A48A22}"
EndProject
Project("{9A19103F-16F7-4668-BE54-9A1E7A4F7556}") = "07.Vending_Machine", "Exercise\07.Vending_Machine\07.Vending_Machine.csproj", "{2C4FAA67-459B-41FB-AE55-A2EC023E2148}"
EndProject
Project("{9A19103F-16F7-4668-BE54-9A1E7A4F7556}") = "08.Triangle_Of_Numbers", "Exercise\08.Triangle_Of_Numbers\08.Triangle_Of_Numbers.csproj", "{95B196FE-1257-44B0-8F0A-981FC38AF153}"
EndProject
Project("{9A19103F-16F7-4668-BE54-9A1E7A4F7556}") = "09.Padawan_Equipment", "Exercise\09.Padawan_Equipment\09.Padawan_Equipment.csproj", "{9D0C282B-F780-4811-8FC5-C6F2D4810E40}"
EndProject
Project("{9A19103F-16F7-4668-BE54-9A1E7A4F7556}") = "10.Rage_Expenses", "Exercise\10.Rage_Expenses\10.Rage_Expenses.csproj", "{3E112496-91E1-47D3-8C29-B6D4B38058AE}"
EndProject
Project("{9A19103F-16F7-4668-BE54-9A1E7A4F7556}") = "11.Orders", "Exercise\11.Orders\11.Orders.csproj", "{068D83B4-B755-43BA-A1F0-D9FEF7C8DDEA}"
EndProject
Project("{FAE04EC0-301F-11D3-BF4B-00C04F79EFBC}") = "01.SortNumbers", "MoreExercise\01.SortNumbers\01.SortNumbers.csproj", "{E02A9ED9-5B8B-4753-ADFD-C8C8FC693D72}"
EndProject
Project("{FAE04EC0-301F-11D3-BF4B-00C04F79EFBC}") = "02.EnglishNameOfLastDigit", "MoreExercise\02.EnglishNameOfLastDigit\02.EnglishNameOfLastDigit.csproj", "{BCCC8E82-626F-47F4-92C4-EEE6EB5F5848}"
EndProject
Project("{FAE04EC0-301F-11D3-BF4B-00C04F79EFBC}") = "03.GamingStore", "MoreExercise\03.GamingStore\03.GamingStore.csproj", "{B16C376F-D4FA-4212-9C41-5824FC7A5E04}"
EndProject
Project("{FAE04EC0-301F-11D3-BF4B-00C04F79EFBC}") = "04.ReverseString", "MoreExercise\04.ReverseString\04.ReverseString.csproj", "{52FD22DE-FDBA-48C6-9992-95A7F16805D8}"
EndProject
Project("{FAE04EC0-301F-11D3-BF4B-00C04F79EFBC}") = "05.Messages", "MoreExercise\05.Messages\05.Messages.csproj", "{FFA67F38-FE34-4AF5-9AA7-1D1746031A48}"
EndProject
Global
	GlobalSection(SolutionConfigurationPlatforms) = preSolution
		Debug|Any CPU = Debug|Any CPU
		Release|Any CPU = Release|Any CPU
	EndGlobalSection
	GlobalSection(ProjectConfigurationPlatforms) = postSolution
		{08A6F996-C72B-45C3-B555-52AA470B1DA2}.Debug|Any CPU.ActiveCfg = Debug|Any CPU
		{08A6F996-C72B-45C3-B555-52AA470B1DA2}.Debug|Any CPU.Build.0 = Debug|Any CPU
		{08A6F996-C72B-45C3-B555-52AA470B1DA2}.Release|Any CPU.ActiveCfg = Release|Any CPU
		{08A6F996-C72B-45C3-B555-52AA470B1DA2}.Release|Any CPU.Build.0 = Release|Any CPU
		{24C703E0-45D9-428E-86F7-8384C0F1A8C9}.Debug|Any CPU.ActiveCfg = Debug|Any CPU
		{24C703E0-45D9-428E-86F7-8384C0F1A8C9}.Debug|Any CPU.Build.0 = Debug|Any CPU
		{24C703E0-45D9-428E-86F7-8384C0F1A8C9}.Release|Any CPU.ActiveCfg = Release|Any CPU
		{24C703E0-45D9-428E-86F7-8384C0F1A8C9}.Release|Any CPU.Build.0 = Release|Any CPU
		{B2D26764-1009-4568-895E-C25B2AE756B3}.Debug|Any CPU.ActiveCfg = Debug|Any CPU
		{B2D26764-1009-4568-895E-C25B2AE756B3}.Debug|Any CPU.Build.0 = Debug|Any CPU
		{B2D26764-1009-4568-895E-C25B2AE756B3}.Release|Any CPU.ActiveCfg = Release|Any CPU
		{B2D26764-1009-4568-895E-C25B2AE756B3}.Release|Any CPU.Build.0 = Release|Any CPU
		{B65F167F-0613-4EE4-B9EC-054FDAE22B3F}.Debug|Any CPU.ActiveCfg = Debug|Any CPU
		{B65F167F-0613-4EE4-B9EC-054FDAE22B3F}.Debug|Any CPU.Build.0 = Debug|Any CPU
		{B65F167F-0613-4EE4-B9EC-054FDAE22B3F}.Release|Any CPU.ActiveCfg = Release|Any CPU
		{B65F167F-0613-4EE4-B9EC-054FDAE22B3F}.Release|Any CPU.Build.0 = Release|Any CPU
		{CA31B048-C0A2-4B9A-8A0C-4563E008A285}.Debug|Any CPU.ActiveCfg = Debug|Any CPU
		{CA31B048-C0A2-4B9A-8A0C-4563E008A285}.Debug|Any CPU.Build.0 = Debug|Any CPU
		{CA31B048-C0A2-4B9A-8A0C-4563E008A285}.Release|Any CPU.ActiveCfg = Release|Any CPU
		{CA31B048-C0A2-4B9A-8A0C-4563E008A285}.Release|Any CPU.Build.0 = Release|Any CPU
		{18D4339F-0E81-42ED-8042-E7C725A73334}.Debug|Any CPU.ActiveCfg = Debug|Any CPU
		{18D4339F-0E81-42ED-8042-E7C725A73334}.Debug|Any CPU.Build.0 = Debug|Any CPU
		{18D4339F-0E81-42ED-8042-E7C725A73334}.Release|Any CPU.ActiveCfg = Release|Any CPU
		{18D4339F-0E81-42ED-8042-E7C725A73334}.Release|Any CPU.Build.0 = Release|Any CPU
		{6DE13610-4769-436F-9106-3926A953FB50}.Debug|Any CPU.ActiveCfg = Debug|Any CPU
		{6DE13610-4769-436F-9106-3926A953FB50}.Debug|Any CPU.Build.0 = Debug|Any CPU
		{6DE13610-4769-436F-9106-3926A953FB50}.Release|Any CPU.ActiveCfg = Release|Any CPU
		{6DE13610-4769-436F-9106-3926A953FB50}.Release|Any CPU.Build.0 = Release|Any CPU
		{B588B502-EAAE-476B-93C4-75B995FDB63F}.Debug|Any CPU.ActiveCfg = Debug|Any CPU
		{B588B502-EAAE-476B-93C4-75B995FDB63F}.Debug|Any CPU.Build.0 = Debug|Any CPU
		{B588B502-EAAE-476B-93C4-75B995FDB63F}.Release|Any CPU.ActiveCfg = Release|Any CPU
		{B588B502-EAAE-476B-93C4-75B995FDB63F}.Release|Any CPU.Build.0 = Release|Any CPU
		{F3D1A0B9-CE44-40BE-8862-779A3113018E}.Debug|Any CPU.ActiveCfg = Debug|Any CPU
		{F3D1A0B9-CE44-40BE-8862-779A3113018E}.Debug|Any CPU.Build.0 = Debug|Any CPU
		{F3D1A0B9-CE44-40BE-8862-779A3113018E}.Release|Any CPU.ActiveCfg = Release|Any CPU
		{F3D1A0B9-CE44-40BE-8862-779A3113018E}.Release|Any CPU.Build.0 = Release|Any CPU
		{C9BF9F27-2E28-40EF-9D6A-922B2694E32A}.Debug|Any CPU.ActiveCfg = Debug|Any CPU
		{C9BF9F27-2E28-40EF-9D6A-922B2694E32A}.Debug|Any CPU.Build.0 = Debug|Any CPU
		{C9BF9F27-2E28-40EF-9D6A-922B2694E32A}.Release|Any CPU.ActiveCfg = Release|Any CPU
		{C9BF9F27-2E28-40EF-9D6A-922B2694E32A}.Release|Any CPU.Build.0 = Release|Any CPU
		{C5D293FF-5330-4318-9F5C-6A1B456335B3}.Debug|Any CPU.ActiveCfg = Debug|Any CPU
		{C5D293FF-5330-4318-9F5C-6A1B456335B3}.Debug|Any CPU.Build.0 = Debug|Any CPU
		{C5D293FF-5330-4318-9F5C-6A1B456335B3}.Release|Any CPU.ActiveCfg = Release|Any CPU
		{C5D293FF-5330-4318-9F5C-6A1B456335B3}.Release|Any CPU.Build.0 = Release|Any CPU
		{65F98838-7221-4007-8E93-5A3919B98E63}.Debug|Any CPU.ActiveCfg = Debug|Any CPU
		{65F98838-7221-4007-8E93-5A3919B98E63}.Debug|Any CPU.Build.0 = Debug|Any CPU
		{65F98838-7221-4007-8E93-5A3919B98E63}.Release|Any CPU.ActiveCfg = Release|Any CPU
		{65F98838-7221-4007-8E93-5A3919B98E63}.Release|Any CPU.Build.0 = Release|Any CPU
		{8945078A-269F-402D-B731-D43D8C6B4947}.Debug|Any CPU.ActiveCfg = Debug|Any CPU
		{8945078A-269F-402D-B731-D43D8C6B4947}.Debug|Any CPU.Build.0 = Debug|Any CPU
		{8945078A-269F-402D-B731-D43D8C6B4947}.Release|Any CPU.ActiveCfg = Release|Any CPU
		{8945078A-269F-402D-B731-D43D8C6B4947}.Release|Any CPU.Build.0 = Release|Any CPU
		{0C88E937-18CB-4297-8231-8181A8C7AAD4}.Debug|Any CPU.ActiveCfg = Debug|Any CPU
		{0C88E937-18CB-4297-8231-8181A8C7AAD4}.Debug|Any CPU.Build.0 = Debug|Any CPU
		{0C88E937-18CB-4297-8231-8181A8C7AAD4}.Release|Any CPU.ActiveCfg = Release|Any CPU
		{0C88E937-18CB-4297-8231-8181A8C7AAD4}.Release|Any CPU.Build.0 = Release|Any CPU
		{760D09B2-D42C-4B90-8D81-BADF98762E65}.Debug|Any CPU.ActiveCfg = Debug|Any CPU
		{760D09B2-D42C-4B90-8D81-BADF98762E65}.Debug|Any CPU.Build.0 = Debug|Any CPU
		{760D09B2-D42C-4B90-8D81-BADF98762E65}.Release|Any CPU.ActiveCfg = Release|Any CPU
		{760D09B2-D42C-4B90-8D81-BADF98762E65}.Release|Any CPU.Build.0 = Release|Any CPU
		{0DD5C9AD-1C66-4297-B835-892727841076}.Debug|Any CPU.ActiveCfg = Debug|Any CPU
		{0DD5C9AD-1C66-4297-B835-892727841076}.Debug|Any CPU.Build.0 = Debug|Any CPU
		{0DD5C9AD-1C66-4297-B835-892727841076}.Release|Any CPU.ActiveCfg = Release|Any CPU
		{0DD5C9AD-1C66-4297-B835-892727841076}.Release|Any CPU.Build.0 = Release|Any CPU
		{5BDFE2B8-3897-4DFC-8D8C-75A90595F907}.Debug|Any CPU.ActiveCfg = Debug|Any CPU
		{5BDFE2B8-3897-4DFC-8D8C-75A90595F907}.Debug|Any CPU.Build.0 = Debug|Any CPU
		{5BDFE2B8-3897-4DFC-8D8C-75A90595F907}.Release|Any CPU.ActiveCfg = Release|Any CPU
		{5BDFE2B8-3897-4DFC-8D8C-75A90595F907}.Release|Any CPU.Build.0 = Release|Any CPU
		{32C28EA6-A2F3-4BB7-9003-BDD7EFC48D36}.Debug|Any CPU.ActiveCfg = Debug|Any CPU
		{32C28EA6-A2F3-4BB7-9003-BDD7EFC48D36}.Debug|Any CPU.Build.0 = Debug|Any CPU
		{32C28EA6-A2F3-4BB7-9003-BDD7EFC48D36}.Release|Any CPU.ActiveCfg = Release|Any CPU
		{32C28EA6-A2F3-4BB7-9003-BDD7EFC48D36}.Release|Any CPU.Build.0 = Release|Any CPU
		{BB5252F7-F5B8-422F-8481-CC0346A48A22}.Debug|Any CPU.ActiveCfg = Debug|Any CPU
		{BB5252F7-F5B8-422F-8481-CC0346A48A22}.Debug|Any CPU.Build.0 = Debug|Any CPU
		{BB5252F7-F5B8-422F-8481-CC0346A48A22}.Release|Any CPU.ActiveCfg = Release|Any CPU
		{BB5252F7-F5B8-422F-8481-CC0346A48A22}.Release|Any CPU.Build.0 = Release|Any CPU
		{2C4FAA67-459B-41FB-AE55-A2EC023E2148}.Debug|Any CPU.ActiveCfg = Debug|Any CPU
		{2C4FAA67-459B-41FB-AE55-A2EC023E2148}.Debug|Any CPU.Build.0 = Debug|Any CPU
		{2C4FAA67-459B-41FB-AE55-A2EC023E2148}.Release|Any CPU.ActiveCfg = Release|Any CPU
		{2C4FAA67-459B-41FB-AE55-A2EC023E2148}.Release|Any CPU.Build.0 = Release|Any CPU
		{95B196FE-1257-44B0-8F0A-981FC38AF153}.Debug|Any CPU.ActiveCfg = Debug|Any CPU
		{95B196FE-1257-44B0-8F0A-981FC38AF153}.Debug|Any CPU.Build.0 = Debug|Any CPU
		{95B196FE-1257-44B0-8F0A-981FC38AF153}.Release|Any CPU.ActiveCfg = Release|Any CPU
		{95B196FE-1257-44B0-8F0A-981FC38AF153}.Release|Any CPU.Build.0 = Release|Any CPU
		{9D0C282B-F780-4811-8FC5-C6F2D4810E40}.Debug|Any CPU.ActiveCfg = Debug|Any CPU
		{9D0C282B-F780-4811-8FC5-C6F2D4810E40}.Debug|Any CPU.Build.0 = Debug|Any CPU
		{9D0C282B-F780-4811-8FC5-C6F2D4810E40}.Release|Any CPU.ActiveCfg = Release|Any CPU
		{9D0C282B-F780-4811-8FC5-C6F2D4810E40}.Release|Any CPU.Build.0 = Release|Any CPU
		{3E112496-91E1-47D3-8C29-B6D4B38058AE}.Debug|Any CPU.ActiveCfg = Debug|Any CPU
		{3E112496-91E1-47D3-8C29-B6D4B38058AE}.Debug|Any CPU.Build.0 = Debug|Any CPU
		{3E112496-91E1-47D3-8C29-B6D4B38058AE}.Release|Any CPU.ActiveCfg = Release|Any CPU
		{3E112496-91E1-47D3-8C29-B6D4B38058AE}.Release|Any CPU.Build.0 = Release|Any CPU
		{068D83B4-B755-43BA-A1F0-D9FEF7C8DDEA}.Debug|Any CPU.ActiveCfg = Debug|Any CPU
		{068D83B4-B755-43BA-A1F0-D9FEF7C8DDEA}.Debug|Any CPU.Build.0 = Debug|Any CPU
		{068D83B4-B755-43BA-A1F0-D9FEF7C8DDEA}.Release|Any CPU.ActiveCfg = Release|Any CPU
		{068D83B4-B755-43BA-A1F0-D9FEF7C8DDEA}.Release|Any CPU.Build.0 = Release|Any CPU
		{E02A9ED9-5B8B-4753-ADFD-C8C8FC693D72}.Debug|Any CPU.ActiveCfg = Debug|Any CPU
		{E02A9ED9-5B8B-4753-ADFD-C8C8FC693D72}.Debug|Any CPU.Build.0 = Debug|Any CPU
		{E02A9ED9-5B8B-4753-ADFD-C8C8FC693D72}.Release|Any CPU.ActiveCfg = Release|Any CPU
		{E02A9ED9-5B8B-4753-ADFD-C8C8FC693D72}.Release|Any CPU.Build.0 = Release|Any CPU
		{BCCC8E82-626F-47F4-92C4-EEE6EB5F5848}.Debug|Any CPU.ActiveCfg = Debug|Any CPU
		{BCCC8E82-626F-47F4-92C4-EEE6EB5F5848}.Debug|Any CPU.Build.0 = Debug|Any CPU
		{BCCC8E82-626F-47F4-92C4-EEE6EB5F5848}.Release|Any CPU.ActiveCfg = Release|Any CPU
		{BCCC8E82-626F-47F4-92C4-EEE6EB5F5848}.Release|Any CPU.Build.0 = Release|Any CPU
		{B16C376F-D4FA-4212-9C41-5824FC7A5E04}.Debug|Any CPU.ActiveCfg = Debug|Any CPU
		{B16C376F-D4FA-4212-9C41-5824FC7A5E04}.Debug|Any CPU.Build.0 = Debug|Any CPU
		{B16C376F-D4FA-4212-9C41-5824FC7A5E04}.Release|Any CPU.ActiveCfg = Release|Any CPU
		{B16C376F-D4FA-4212-9C41-5824FC7A5E04}.Release|Any CPU.Build.0 = Release|Any CPU
		{52FD22DE-FDBA-48C6-9992-95A7F16805D8}.Debug|Any CPU.ActiveCfg = Debug|Any CPU
		{52FD22DE-FDBA-48C6-9992-95A7F16805D8}.Debug|Any CPU.Build.0 = Debug|Any CPU
		{52FD22DE-FDBA-48C6-9992-95A7F16805D8}.Release|Any CPU.ActiveCfg = Release|Any CPU
		{52FD22DE-FDBA-48C6-9992-95A7F16805D8}.Release|Any CPU.Build.0 = Release|Any CPU
		{FFA67F38-FE34-4AF5-9AA7-1D1746031A48}.Debug|Any CPU.ActiveCfg = Debug|Any CPU
		{FFA67F38-FE34-4AF5-9AA7-1D1746031A48}.Debug|Any CPU.Build.0 = Debug|Any CPU
		{FFA67F38-FE34-4AF5-9AA7-1D1746031A48}.Release|Any CPU.ActiveCfg = Release|Any CPU
		{FFA67F38-FE34-4AF5-9AA7-1D1746031A48}.Release|Any CPU.Build.0 = Release|Any CPU
	EndGlobalSection
	GlobalSection(SolutionProperties) = preSolution
		HideSolutionNode = FALSE
	EndGlobalSection
	GlobalSection(NestedProjects) = preSolution
		{08A6F996-C72B-45C3-B555-52AA470B1DA2} = {B0805662-5052-448D-A36A-C965DF840AF0}
		{24C703E0-45D9-428E-86F7-8384C0F1A8C9} = {B0805662-5052-448D-A36A-C965DF840AF0}
		{B2D26764-1009-4568-895E-C25B2AE756B3} = {B0805662-5052-448D-A36A-C965DF840AF0}
		{B65F167F-0613-4EE4-B9EC-054FDAE22B3F} = {B0805662-5052-448D-A36A-C965DF840AF0}
		{CA31B048-C0A2-4B9A-8A0C-4563E008A285} = {B0805662-5052-448D-A36A-C965DF840AF0}
		{18D4339F-0E81-42ED-8042-E7C725A73334} = {B0805662-5052-448D-A36A-C965DF840AF0}
		{6DE13610-4769-436F-9106-3926A953FB50} = {B0805662-5052-448D-A36A-C965DF840AF0}
		{B588B502-EAAE-476B-93C4-75B995FDB63F} = {B0805662-5052-448D-A36A-C965DF840AF0}
		{F3D1A0B9-CE44-40BE-8862-779A3113018E} = {B0805662-5052-448D-A36A-C965DF840AF0}
		{C9BF9F27-2E28-40EF-9D6A-922B2694E32A} = {B0805662-5052-448D-A36A-C965DF840AF0}
		{C5D293FF-5330-4318-9F5C-6A1B456335B3} = {B0805662-5052-448D-A36A-C965DF840AF0}
		{65F98838-7221-4007-8E93-5A3919B98E63} = {B0805662-5052-448D-A36A-C965DF840AF0}
		{8945078A-269F-402D-B731-D43D8C6B4947} = {B0805662-5052-448D-A36A-C965DF840AF0}
		{0C88E937-18CB-4297-8231-8181A8C7AAD4} = {4E7778F1-A631-4D50-BD18-51C7DF644C83}
		{760D09B2-D42C-4B90-8D81-BADF98762E65} = {4E7778F1-A631-4D50-BD18-51C7DF644C83}
		{0DD5C9AD-1C66-4297-B835-892727841076} = {4E7778F1-A631-4D50-BD18-51C7DF644C83}
		{5BDFE2B8-3897-4DFC-8D8C-75A90595F907} = {4E7778F1-A631-4D50-BD18-51C7DF644C83}
		{32C28EA6-A2F3-4BB7-9003-BDD7EFC48D36} = {4E7778F1-A631-4D50-BD18-51C7DF644C83}
		{BB5252F7-F5B8-422F-8481-CC0346A48A22} = {4E7778F1-A631-4D50-BD18-51C7DF644C83}
		{2C4FAA67-459B-41FB-AE55-A2EC023E2148} = {4E7778F1-A631-4D50-BD18-51C7DF644C83}
		{95B196FE-1257-44B0-8F0A-981FC38AF153} = {4E7778F1-A631-4D50-BD18-51C7DF644C83}
		{9D0C282B-F780-4811-8FC5-C6F2D4810E40} = {4E7778F1-A631-4D50-BD18-51C7DF644C83}
		{3E112496-91E1-47D3-8C29-B6D4B38058AE} = {4E7778F1-A631-4D50-BD18-51C7DF644C83}
		{068D83B4-B755-43BA-A1F0-D9FEF7C8DDEA} = {4E7778F1-A631-4D50-BD18-51C7DF644C83}
		{E02A9ED9-5B8B-4753-ADFD-C8C8FC693D72} = {D43E9DE3-9923-4546-90C2-4952E327EEAE}
		{BCCC8E82-626F-47F4-92C4-EEE6EB5F5848} = {D43E9DE3-9923-4546-90C2-4952E327EEAE}
		{B16C376F-D4FA-4212-9C41-5824FC7A5E04} = {D43E9DE3-9923-4546-90C2-4952E327EEAE}
		{52FD22DE-FDBA-48C6-9992-95A7F16805D8} = {D43E9DE3-9923-4546-90C2-4952E327EEAE}
		{FFA67F38-FE34-4AF5-9AA7-1D1746031A48} = {D43E9DE3-9923-4546-90C2-4952E327EEAE}
	EndGlobalSection
	GlobalSection(ExtensibilityGlobals) = postSolution
		SolutionGuid = {90945494-8970-4289-A2F3-9EC04074D366}
	EndGlobalSection
EndGlobal
