
Microsoft Visual Studio Solution File, Format Version 12.00
# Visual Studio Version 16
VisualStudioVersion = 16.0.32126.315
MinimumVisualStudioVersion = 10.0.40219.1
Project("{2150E333-8FDC-42A3-9474-1A3956D46DE8}") = "Lab", "Lab", "{26067353-D6B4-4196-813F-855D4874C7A9}"
EndProject
Project("{2150E333-8FDC-42A3-9474-1A3956D46DE8}") = "Exercise", "Exercise", "{F6F86F32-1B69-4687-9489-D1B477D4B971}"
EndProject
Project("{2150E333-8FDC-42A3-9474-1A3956D46DE8}") = "MoreExercise", "MoreExercise", "{BB9FBFCB-B052-4897-857C-403971127F82}"
EndProject
Project("{9A19103F-16F7-4668-BE54-9A1E7A4F7556}") = "01.RandomizeWords", "Lab\01.RandomizeWords\01.RandomizeWords.csproj", "{F09686FA-E557-4FBE-B5AC-C1FEF99BA477}"
EndProject
Project("{9A19103F-16F7-4668-BE54-9A1E7A4F7556}") = "02.BigFactorial", "Lab\02.BigFactorial\02.BigFactorial.csproj", "{A743D5C3-56DC-40FD-9A5F-93C38A3F4A09}"
EndProject
Project("{9A19103F-16F7-4668-BE54-9A1E7A4F7556}") = "03.Songs", "Lab\03.Songs\03.Songs.csproj", "{12BDAE2A-E4E4-4AC9-A2D5-E59B80FBDE0B}"
EndProject
Project("{9A19103F-16F7-4668-BE54-9A1E7A4F7556}") = "04.Students", "Lab\04.Students\04.Students.csproj", "{3A4ED51E-CAD7-4B8C-B0EB-D7A822235D66}"
EndProject
Project("{9A19103F-16F7-4668-BE54-9A1E7A4F7556}") = "05.Students2.0", "Lab\05.Students2.0\05.Students2.0.csproj", "{D62CCF66-6C0A-4846-BBB0-601487AFAB4B}"
EndProject
Project("{9A19103F-16F7-4668-BE54-9A1E7A4F7556}") = "06.StoreBoxes", "Lab\06.StoreBoxes\06.StoreBoxes.csproj", "{CA6D59AD-9A73-4297-BEC5-84E7427CC8B0}"
EndProject
Project("{9A19103F-16F7-4668-BE54-9A1E7A4F7556}") = "07.VehicleCatalogue", "Lab\07.VehicleCatalogue\07.VehicleCatalogue.csproj", "{11B2AE2A-9DDC-4EDB-B6D7-AA7C03523466}"
EndProject
Project("{9A19103F-16F7-4668-BE54-9A1E7A4F7556}") = "01.AdvertisementMessage", "Exercise\01.AdvertisementMessage\01.AdvertisementMessage.csproj", "{FD24032F-FB28-471B-95D3-F5A902822CCA}"
EndProject
Project("{9A19103F-16F7-4668-BE54-9A1E7A4F7556}") = "02.Articles", "Exercise\02.Articles\02.Articles.csproj", "{0CCB2D0B-AAA9-4807-BDB7-D4F16A89645E}"
EndProject
Project("{9A19103F-16F7-4668-BE54-9A1E7A4F7556}") = "03.Articles2.0", "Exercise\03.Articles2.0\03.Articles2.0.csproj", "{045C5090-B5CC-4DC1-B309-2FDFCACF0C5D}"
EndProject
Project("{9A19103F-16F7-4668-BE54-9A1E7A4F7556}") = "04.Students", "Exercise\04.Students\04.Students.csproj", "{FEA89BE2-FAC2-40DF-A1AB-4A6E6E9775B6}"
EndProject
Project("{9A19103F-16F7-4668-BE54-9A1E7A4F7556}") = "05.TeamworkProjects", "Exercise\05.TeamworkProjects\05.TeamworkProjects.csproj", "{45B6EC89-3763-43F1-AFE6-FE4D3B009CF4}"
EndProject
Project("{FAE04EC0-301F-11D3-BF4B-00C04F79EFBC}") = "06.VehicleCatalogue", "Exercise\06.VehicleCatalogue\06.VehicleCatalogue.csproj", "{057929BD-35B9-4B6C-A9DF-3EC9A6FAC335}"
EndProject
Project("{FAE04EC0-301F-11D3-BF4B-00C04F79EFBC}") = "07.OrderByAge", "Exercise\07.OrderByAge\07.OrderByAge.csproj", "{969D948E-D4F5-4280-B3F1-13E972D5253E}"
EndProject
Global
	GlobalSection(SolutionConfigurationPlatforms) = preSolution
		Debug|Any CPU = Debug|Any CPU
		Release|Any CPU = Release|Any CPU
	EndGlobalSection
	GlobalSection(ProjectConfigurationPlatforms) = postSolution
		{F09686FA-E557-4FBE-B5AC-C1FEF99BA477}.Debug|Any CPU.ActiveCfg = Debug|Any CPU
		{F09686FA-E557-4FBE-B5AC-C1FEF99BA477}.Debug|Any CPU.Build.0 = Debug|Any CPU
		{F09686FA-E557-4FBE-B5AC-C1FEF99BA477}.Release|Any CPU.ActiveCfg = Release|Any CPU
		{F09686FA-E557-4FBE-B5AC-C1FEF99BA477}.Release|Any CPU.Build.0 = Release|Any CPU
		{A743D5C3-56DC-40FD-9A5F-93C38A3F4A09}.Debug|Any CPU.ActiveCfg = Debug|Any CPU
		{A743D5C3-56DC-40FD-9A5F-93C38A3F4A09}.Debug|Any CPU.Build.0 = Debug|Any CPU
		{A743D5C3-56DC-40FD-9A5F-93C38A3F4A09}.Release|Any CPU.ActiveCfg = Release|Any CPU
		{A743D5C3-56DC-40FD-9A5F-93C38A3F4A09}.Release|Any CPU.Build.0 = Release|Any CPU
		{12BDAE2A-E4E4-4AC9-A2D5-E59B80FBDE0B}.Debug|Any CPU.ActiveCfg = Debug|Any CPU
		{12BDAE2A-E4E4-4AC9-A2D5-E59B80FBDE0B}.Debug|Any CPU.Build.0 = Debug|Any CPU
		{12BDAE2A-E4E4-4AC9-A2D5-E59B80FBDE0B}.Release|Any CPU.ActiveCfg = Release|Any CPU
		{12BDAE2A-E4E4-4AC9-A2D5-E59B80FBDE0B}.Release|Any CPU.Build.0 = Release|Any CPU
		{3A4ED51E-CAD7-4B8C-B0EB-D7A822235D66}.Debug|Any CPU.ActiveCfg = Debug|Any CPU
		{3A4ED51E-CAD7-4B8C-B0EB-D7A822235D66}.Debug|Any CPU.Build.0 = Debug|Any CPU
		{3A4ED51E-CAD7-4B8C-B0EB-D7A822235D66}.Release|Any CPU.ActiveCfg = Release|Any CPU
		{3A4ED51E-CAD7-4B8C-B0EB-D7A822235D66}.Release|Any CPU.Build.0 = Release|Any CPU
		{D62CCF66-6C0A-4846-BBB0-601487AFAB4B}.Debug|Any CPU.ActiveCfg = Debug|Any CPU
		{D62CCF66-6C0A-4846-BBB0-601487AFAB4B}.Debug|Any CPU.Build.0 = Debug|Any CPU
		{D62CCF66-6C0A-4846-BBB0-601487AFAB4B}.Release|Any CPU.ActiveCfg = Release|Any CPU
		{D62CCF66-6C0A-4846-BBB0-601487AFAB4B}.Release|Any CPU.Build.0 = Release|Any CPU
		{CA6D59AD-9A73-4297-BEC5-84E7427CC8B0}.Debug|Any CPU.ActiveCfg = Debug|Any CPU
		{CA6D59AD-9A73-4297-BEC5-84E7427CC8B0}.Debug|Any CPU.Build.0 = Debug|Any CPU
		{CA6D59AD-9A73-4297-BEC5-84E7427CC8B0}.Release|Any CPU.ActiveCfg = Release|Any CPU
		{CA6D59AD-9A73-4297-BEC5-84E7427CC8B0}.Release|Any CPU.Build.0 = Release|Any CPU
		{11B2AE2A-9DDC-4EDB-B6D7-AA7C03523466}.Debug|Any CPU.ActiveCfg = Debug|Any CPU
		{11B2AE2A-9DDC-4EDB-B6D7-AA7C03523466}.Debug|Any CPU.Build.0 = Debug|Any CPU
		{11B2AE2A-9DDC-4EDB-B6D7-AA7C03523466}.Release|Any CPU.ActiveCfg = Release|Any CPU
		{11B2AE2A-9DDC-4EDB-B6D7-AA7C03523466}.Release|Any CPU.Build.0 = Release|Any CPU
		{FD24032F-FB28-471B-95D3-F5A902822CCA}.Debug|Any CPU.ActiveCfg = Debug|Any CPU
		{FD24032F-FB28-471B-95D3-F5A902822CCA}.Debug|Any CPU.Build.0 = Debug|Any CPU
		{FD24032F-FB28-471B-95D3-F5A902822CCA}.Release|Any CPU.ActiveCfg = Release|Any CPU
		{FD24032F-FB28-471B-95D3-F5A902822CCA}.Release|Any CPU.Build.0 = Release|Any CPU
		{0CCB2D0B-AAA9-4807-BDB7-D4F16A89645E}.Debug|Any CPU.ActiveCfg = Debug|Any CPU
		{0CCB2D0B-AAA9-4807-BDB7-D4F16A89645E}.Debug|Any CPU.Build.0 = Debug|Any CPU
		{0CCB2D0B-AAA9-4807-BDB7-D4F16A89645E}.Release|Any CPU.ActiveCfg = Release|Any CPU
		{0CCB2D0B-AAA9-4807-BDB7-D4F16A89645E}.Release|Any CPU.Build.0 = Release|Any CPU
		{045C5090-B5CC-4DC1-B309-2FDFCACF0C5D}.Debug|Any CPU.ActiveCfg = Debug|Any CPU
		{045C5090-B5CC-4DC1-B309-2FDFCACF0C5D}.Debug|Any CPU.Build.0 = Debug|Any CPU
		{045C5090-B5CC-4DC1-B309-2FDFCACF0C5D}.Release|Any CPU.ActiveCfg = Release|Any CPU
		{045C5090-B5CC-4DC1-B309-2FDFCACF0C5D}.Release|Any CPU.Build.0 = Release|Any CPU
		{FEA89BE2-FAC2-40DF-A1AB-4A6E6E9775B6}.Debug|Any CPU.ActiveCfg = Debug|Any CPU
		{FEA89BE2-FAC2-40DF-A1AB-4A6E6E9775B6}.Debug|Any CPU.Build.0 = Debug|Any CPU
		{FEA89BE2-FAC2-40DF-A1AB-4A6E6E9775B6}.Release|Any CPU.ActiveCfg = Release|Any CPU
		{FEA89BE2-FAC2-40DF-A1AB-4A6E6E9775B6}.Release|Any CPU.Build.0 = Release|Any CPU
		{45B6EC89-3763-43F1-AFE6-FE4D3B009CF4}.Debug|Any CPU.ActiveCfg = Debug|Any CPU
		{45B6EC89-3763-43F1-AFE6-FE4D3B009CF4}.Debug|Any CPU.Build.0 = Debug|Any CPU
		{45B6EC89-3763-43F1-AFE6-FE4D3B009CF4}.Release|Any CPU.ActiveCfg = Release|Any CPU
		{45B6EC89-3763-43F1-AFE6-FE4D3B009CF4}.Release|Any CPU.Build.0 = Release|Any CPU
		{057929BD-35B9-4B6C-A9DF-3EC9A6FAC335}.Debug|Any CPU.ActiveCfg = Debug|Any CPU
		{057929BD-35B9-4B6C-A9DF-3EC9A6FAC335}.Debug|Any CPU.Build.0 = Debug|Any CPU
		{057929BD-35B9-4B6C-A9DF-3EC9A6FAC335}.Release|Any CPU.ActiveCfg = Release|Any CPU
		{057929BD-35B9-4B6C-A9DF-3EC9A6FAC335}.Release|Any CPU.Build.0 = Release|Any CPU
		{969D948E-D4F5-4280-B3F1-13E972D5253E}.Debug|Any CPU.ActiveCfg = Debug|Any CPU
		{969D948E-D4F5-4280-B3F1-13E972D5253E}.Debug|Any CPU.Build.0 = Debug|Any CPU
		{969D948E-D4F5-4280-B3F1-13E972D5253E}.Release|Any CPU.ActiveCfg = Release|Any CPU
		{969D948E-D4F5-4280-B3F1-13E972D5253E}.Release|Any CPU.Build.0 = Release|Any CPU
	EndGlobalSection
	GlobalSection(SolutionProperties) = preSolution
		HideSolutionNode = FALSE
	EndGlobalSection
	GlobalSection(NestedProjects) = preSolution
		{F09686FA-E557-4FBE-B5AC-C1FEF99BA477} = {26067353-D6B4-4196-813F-855D4874C7A9}
		{A743D5C3-56DC-40FD-9A5F-93C38A3F4A09} = {26067353-D6B4-4196-813F-855D4874C7A9}
		{12BDAE2A-E4E4-4AC9-A2D5-E59B80FBDE0B} = {26067353-D6B4-4196-813F-855D4874C7A9}
		{3A4ED51E-CAD7-4B8C-B0EB-D7A822235D66} = {26067353-D6B4-4196-813F-855D4874C7A9}
		{D62CCF66-6C0A-4846-BBB0-601487AFAB4B} = {26067353-D6B4-4196-813F-855D4874C7A9}
		{CA6D59AD-9A73-4297-BEC5-84E7427CC8B0} = {26067353-D6B4-4196-813F-855D4874C7A9}
		{11B2AE2A-9DDC-4EDB-B6D7-AA7C03523466} = {26067353-D6B4-4196-813F-855D4874C7A9}
		{FD24032F-FB28-471B-95D3-F5A902822CCA} = {F6F86F32-1B69-4687-9489-D1B477D4B971}
		{0CCB2D0B-AAA9-4807-BDB7-D4F16A89645E} = {F6F86F32-1B69-4687-9489-D1B477D4B971}
		{045C5090-B5CC-4DC1-B309-2FDFCACF0C5D} = {F6F86F32-1B69-4687-9489-D1B477D4B971}
		{FEA89BE2-FAC2-40DF-A1AB-4A6E6E9775B6} = {F6F86F32-1B69-4687-9489-D1B477D4B971}
		{45B6EC89-3763-43F1-AFE6-FE4D3B009CF4} = {F6F86F32-1B69-4687-9489-D1B477D4B971}
		{057929BD-35B9-4B6C-A9DF-3EC9A6FAC335} = {F6F86F32-1B69-4687-9489-D1B477D4B971}
		{969D948E-D4F5-4280-B3F1-13E972D5253E} = {F6F86F32-1B69-4687-9489-D1B477D4B971}
	EndGlobalSection
	GlobalSection(ExtensibilityGlobals) = postSolution
		SolutionGuid = {C502563E-C31F-4BC1-B657-6986E278B44E}
	EndGlobalSection
EndGlobal
