
Microsoft Visual Studio Solution File, Format Version 12.00
# Visual Studio Version 16
VisualStudioVersion = 16.0.32126.315
MinimumVisualStudioVersion = 10.0.40219.1
Project("{2150E333-8FDC-42A3-9474-1A3956D46DE8}") = "Exercise", "Exercise", "{28675460-C296-4202-87D7-BF4CEE05E354}"
EndProject
Project("{2150E333-8FDC-42A3-9474-1A3956D46DE8}") = "Lab", "Lab", "{8CE108F0-C02B-47A3-9E4D-B1921AF28BCF}"
EndProject
Project("{FAE04EC0-301F-11D3-BF4B-00C04F79EFBC}") = "1.SumMatrixElements", "Lab\1.SumMatrixElements\1.SumMatrixElements.csproj", "{70E2A04D-32FD-4572-AE43-8F7A1605BCA0}"
EndProject
Project("{FAE04EC0-301F-11D3-BF4B-00C04F79EFBC}") = "2.SumMatrixColumns", "Lab\2.SumMatrixColumns\2.SumMatrixColumns.csproj", "{D8330666-F421-4A9F-B483-5FDD0E921830}"
EndProject
Project("{FAE04EC0-301F-11D3-BF4B-00C04F79EFBC}") = "3.PrimaryDiagonal", "Lab\3.PrimaryDiagonal\3.PrimaryDiagonal.csproj", "{5D34EF09-2A93-4646-BF38-15C7A651F649}"
EndProject
Project("{FAE04EC0-301F-11D3-BF4B-00C04F79EFBC}") = "4.SymbolInMatrix", "Lab\4.SymbolInMatrix\4.SymbolInMatrix.csproj", "{401DF666-BCED-40B5-B83A-A944F0A4F5E7}"
EndProject
Project("{FAE04EC0-301F-11D3-BF4B-00C04F79EFBC}") = "5.SquareWithMaximumSum", "Lab\5.SquareWithMaximumSum\5.SquareWithMaximumSum.csproj", "{F62F6467-071E-45D7-ABB2-49BD125CF3EB}"
EndProject
Project("{FAE04EC0-301F-11D3-BF4B-00C04F79EFBC}") = "6.JaggedArrayModification", "Lab\6.JaggedArrayModification\6.JaggedArrayModification.csproj", "{C1029527-8510-40BE-BB41-72AF228A0DAE}"
EndProject
Project("{FAE04EC0-301F-11D3-BF4B-00C04F79EFBC}") = "7.PascalTriangle", "Lab\7.PascalTriangle\7.PascalTriangle.csproj", "{B0C06390-B1C3-4795-8727-109CD69E8F71}"
EndProject
Project("{FAE04EC0-301F-11D3-BF4B-00C04F79EFBC}") = "01.DiagonalDifference", "Exercise\1.DiagonalDifference\01.DiagonalDifference.csproj", "{C2274346-0AC8-476D-B77D-FC6275AACD52}"
EndProject
Project("{FAE04EC0-301F-11D3-BF4B-00C04F79EFBC}") = "02.SquaresInMatrix", "Exercise\2.SquaresInMatrix\02.SquaresInMatrix.csproj", "{D6FD94A4-449C-43CD-A1A9-4C1B28496CD0}"
EndProject
Project("{FAE04EC0-301F-11D3-BF4B-00C04F79EFBC}") = "03.MaximalSum", "Exercise\3.MaximalSum\03.MaximalSum.csproj", "{46AC9AA4-DB1B-4973-8E26-3372E63A7210}"
EndProject
Project("{FAE04EC0-301F-11D3-BF4B-00C04F79EFBC}") = "04.MatrixShuffling", "Exercise\4.MatrixShuffling\04.MatrixShuffling.csproj", "{67F48A42-E2AE-4789-927E-4C4BA1814676}"
EndProject
Project("{FAE04EC0-301F-11D3-BF4B-00C04F79EFBC}") = "05.SnakeMoves", "Exercise\5.SnakeMoves\05.SnakeMoves.csproj", "{98F7BE9E-7B3F-40EC-8ECC-2D55EDD66CD5}"
EndProject
Project("{FAE04EC0-301F-11D3-BF4B-00C04F79EFBC}") = "06.JaggedArrayManipulator", "Exercise\6.JaggedArrayManipulator\06.JaggedArrayManipulator.csproj", "{3D0419C7-D300-4063-8C05-8264C0CBFF59}"
EndProject
Project("{FAE04EC0-301F-11D3-BF4B-00C04F79EFBC}") = "07.KnightGame", "Exercise\7.KnightGame\07.KnightGame.csproj", "{9312A286-C9BE-429B-8F7F-16845C62643E}"
EndProject
Project("{FAE04EC0-301F-11D3-BF4B-00C04F79EFBC}") = "08.Bombs", "Exercise\8.Bombs\08.Bombs.csproj", "{FF219685-4B5D-43E0-A0AA-73F29F1FD7B8}"
EndProject
Project("{FAE04EC0-301F-11D3-BF4B-00C04F79EFBC}") = "09.Miner", "Exercise\9.Miner\09.Miner.csproj", "{E381A783-42C5-42C8-92F0-A25EDB1F3972}"
EndProject
Project("{FAE04EC0-301F-11D3-BF4B-00C04F79EFBC}") = "10.RadioactiveMutantVampireBunnies", "Exercise\10.RadioactiveMutantVampireBunnies\10.RadioactiveMutantVampireBunnies.csproj", "{F38EE219-C175-41C5-92C8-A9917195EE77}"
EndProject
Global
	GlobalSection(SolutionConfigurationPlatforms) = preSolution
		Debug|Any CPU = Debug|Any CPU
		Release|Any CPU = Release|Any CPU
	EndGlobalSection
	GlobalSection(ProjectConfigurationPlatforms) = postSolution
		{70E2A04D-32FD-4572-AE43-8F7A1605BCA0}.Debug|Any CPU.ActiveCfg = Debug|Any CPU
		{70E2A04D-32FD-4572-AE43-8F7A1605BCA0}.Debug|Any CPU.Build.0 = Debug|Any CPU
		{70E2A04D-32FD-4572-AE43-8F7A1605BCA0}.Release|Any CPU.ActiveCfg = Release|Any CPU
		{70E2A04D-32FD-4572-AE43-8F7A1605BCA0}.Release|Any CPU.Build.0 = Release|Any CPU
		{D8330666-F421-4A9F-B483-5FDD0E921830}.Debug|Any CPU.ActiveCfg = Debug|Any CPU
		{D8330666-F421-4A9F-B483-5FDD0E921830}.Debug|Any CPU.Build.0 = Debug|Any CPU
		{D8330666-F421-4A9F-B483-5FDD0E921830}.Release|Any CPU.ActiveCfg = Release|Any CPU
		{D8330666-F421-4A9F-B483-5FDD0E921830}.Release|Any CPU.Build.0 = Release|Any CPU
		{5D34EF09-2A93-4646-BF38-15C7A651F649}.Debug|Any CPU.ActiveCfg = Debug|Any CPU
		{5D34EF09-2A93-4646-BF38-15C7A651F649}.Debug|Any CPU.Build.0 = Debug|Any CPU
		{5D34EF09-2A93-4646-BF38-15C7A651F649}.Release|Any CPU.ActiveCfg = Release|Any CPU
		{5D34EF09-2A93-4646-BF38-15C7A651F649}.Release|Any CPU.Build.0 = Release|Any CPU
		{401DF666-BCED-40B5-B83A-A944F0A4F5E7}.Debug|Any CPU.ActiveCfg = Debug|Any CPU
		{401DF666-BCED-40B5-B83A-A944F0A4F5E7}.Debug|Any CPU.Build.0 = Debug|Any CPU
		{401DF666-BCED-40B5-B83A-A944F0A4F5E7}.Release|Any CPU.ActiveCfg = Release|Any CPU
		{401DF666-BCED-40B5-B83A-A944F0A4F5E7}.Release|Any CPU.Build.0 = Release|Any CPU
		{F62F6467-071E-45D7-ABB2-49BD125CF3EB}.Debug|Any CPU.ActiveCfg = Debug|Any CPU
		{F62F6467-071E-45D7-ABB2-49BD125CF3EB}.Debug|Any CPU.Build.0 = Debug|Any CPU
		{F62F6467-071E-45D7-ABB2-49BD125CF3EB}.Release|Any CPU.ActiveCfg = Release|Any CPU
		{F62F6467-071E-45D7-ABB2-49BD125CF3EB}.Release|Any CPU.Build.0 = Release|Any CPU
		{C1029527-8510-40BE-BB41-72AF228A0DAE}.Debug|Any CPU.ActiveCfg = Debug|Any CPU
		{C1029527-8510-40BE-BB41-72AF228A0DAE}.Debug|Any CPU.Build.0 = Debug|Any CPU
		{C1029527-8510-40BE-BB41-72AF228A0DAE}.Release|Any CPU.ActiveCfg = Release|Any CPU
		{C1029527-8510-40BE-BB41-72AF228A0DAE}.Release|Any CPU.Build.0 = Release|Any CPU
		{B0C06390-B1C3-4795-8727-109CD69E8F71}.Debug|Any CPU.ActiveCfg = Debug|Any CPU
		{B0C06390-B1C3-4795-8727-109CD69E8F71}.Debug|Any CPU.Build.0 = Debug|Any CPU
		{B0C06390-B1C3-4795-8727-109CD69E8F71}.Release|Any CPU.ActiveCfg = Release|Any CPU
		{B0C06390-B1C3-4795-8727-109CD69E8F71}.Release|Any CPU.Build.0 = Release|Any CPU
		{C2274346-0AC8-476D-B77D-FC6275AACD52}.Debug|Any CPU.ActiveCfg = Debug|Any CPU
		{C2274346-0AC8-476D-B77D-FC6275AACD52}.Debug|Any CPU.Build.0 = Debug|Any CPU
		{C2274346-0AC8-476D-B77D-FC6275AACD52}.Release|Any CPU.ActiveCfg = Release|Any CPU
		{C2274346-0AC8-476D-B77D-FC6275AACD52}.Release|Any CPU.Build.0 = Release|Any CPU
		{D6FD94A4-449C-43CD-A1A9-4C1B28496CD0}.Debug|Any CPU.ActiveCfg = Debug|Any CPU
		{D6FD94A4-449C-43CD-A1A9-4C1B28496CD0}.Debug|Any CPU.Build.0 = Debug|Any CPU
		{D6FD94A4-449C-43CD-A1A9-4C1B28496CD0}.Release|Any CPU.ActiveCfg = Release|Any CPU
		{D6FD94A4-449C-43CD-A1A9-4C1B28496CD0}.Release|Any CPU.Build.0 = Release|Any CPU
		{46AC9AA4-DB1B-4973-8E26-3372E63A7210}.Debug|Any CPU.ActiveCfg = Debug|Any CPU
		{46AC9AA4-DB1B-4973-8E26-3372E63A7210}.Debug|Any CPU.Build.0 = Debug|Any CPU
		{46AC9AA4-DB1B-4973-8E26-3372E63A7210}.Release|Any CPU.ActiveCfg = Release|Any CPU
		{46AC9AA4-DB1B-4973-8E26-3372E63A7210}.Release|Any CPU.Build.0 = Release|Any CPU
		{67F48A42-E2AE-4789-927E-4C4BA1814676}.Debug|Any CPU.ActiveCfg = Debug|Any CPU
		{67F48A42-E2AE-4789-927E-4C4BA1814676}.Debug|Any CPU.Build.0 = Debug|Any CPU
		{67F48A42-E2AE-4789-927E-4C4BA1814676}.Release|Any CPU.ActiveCfg = Release|Any CPU
		{67F48A42-E2AE-4789-927E-4C4BA1814676}.Release|Any CPU.Build.0 = Release|Any CPU
		{98F7BE9E-7B3F-40EC-8ECC-2D55EDD66CD5}.Debug|Any CPU.ActiveCfg = Debug|Any CPU
		{98F7BE9E-7B3F-40EC-8ECC-2D55EDD66CD5}.Debug|Any CPU.Build.0 = Debug|Any CPU
		{98F7BE9E-7B3F-40EC-8ECC-2D55EDD66CD5}.Release|Any CPU.ActiveCfg = Release|Any CPU
		{98F7BE9E-7B3F-40EC-8ECC-2D55EDD66CD5}.Release|Any CPU.Build.0 = Release|Any CPU
		{3D0419C7-D300-4063-8C05-8264C0CBFF59}.Debug|Any CPU.ActiveCfg = Debug|Any CPU
		{3D0419C7-D300-4063-8C05-8264C0CBFF59}.Debug|Any CPU.Build.0 = Debug|Any CPU
		{3D0419C7-D300-4063-8C05-8264C0CBFF59}.Release|Any CPU.ActiveCfg = Release|Any CPU
		{3D0419C7-D300-4063-8C05-8264C0CBFF59}.Release|Any CPU.Build.0 = Release|Any CPU
		{9312A286-C9BE-429B-8F7F-16845C62643E}.Debug|Any CPU.ActiveCfg = Debug|Any CPU
		{9312A286-C9BE-429B-8F7F-16845C62643E}.Debug|Any CPU.Build.0 = Debug|Any CPU
		{9312A286-C9BE-429B-8F7F-16845C62643E}.Release|Any CPU.ActiveCfg = Release|Any CPU
		{9312A286-C9BE-429B-8F7F-16845C62643E}.Release|Any CPU.Build.0 = Release|Any CPU
		{FF219685-4B5D-43E0-A0AA-73F29F1FD7B8}.Debug|Any CPU.ActiveCfg = Debug|Any CPU
		{FF219685-4B5D-43E0-A0AA-73F29F1FD7B8}.Debug|Any CPU.Build.0 = Debug|Any CPU
		{FF219685-4B5D-43E0-A0AA-73F29F1FD7B8}.Release|Any CPU.ActiveCfg = Release|Any CPU
		{FF219685-4B5D-43E0-A0AA-73F29F1FD7B8}.Release|Any CPU.Build.0 = Release|Any CPU
		{E381A783-42C5-42C8-92F0-A25EDB1F3972}.Debug|Any CPU.ActiveCfg = Debug|Any CPU
		{E381A783-42C5-42C8-92F0-A25EDB1F3972}.Debug|Any CPU.Build.0 = Debug|Any CPU
		{E381A783-42C5-42C8-92F0-A25EDB1F3972}.Release|Any CPU.ActiveCfg = Release|Any CPU
		{E381A783-42C5-42C8-92F0-A25EDB1F3972}.Release|Any CPU.Build.0 = Release|Any CPU
		{F38EE219-C175-41C5-92C8-A9917195EE77}.Debug|Any CPU.ActiveCfg = Debug|Any CPU
		{F38EE219-C175-41C5-92C8-A9917195EE77}.Debug|Any CPU.Build.0 = Debug|Any CPU
		{F38EE219-C175-41C5-92C8-A9917195EE77}.Release|Any CPU.ActiveCfg = Release|Any CPU
		{F38EE219-C175-41C5-92C8-A9917195EE77}.Release|Any CPU.Build.0 = Release|Any CPU
	EndGlobalSection
	GlobalSection(SolutionProperties) = preSolution
		HideSolutionNode = FALSE
	EndGlobalSection
	GlobalSection(NestedProjects) = preSolution
		{70E2A04D-32FD-4572-AE43-8F7A1605BCA0} = {8CE108F0-C02B-47A3-9E4D-B1921AF28BCF}
		{D8330666-F421-4A9F-B483-5FDD0E921830} = {8CE108F0-C02B-47A3-9E4D-B1921AF28BCF}
		{5D34EF09-2A93-4646-BF38-15C7A651F649} = {8CE108F0-C02B-47A3-9E4D-B1921AF28BCF}
		{401DF666-BCED-40B5-B83A-A944F0A4F5E7} = {8CE108F0-C02B-47A3-9E4D-B1921AF28BCF}
		{F62F6467-071E-45D7-ABB2-49BD125CF3EB} = {8CE108F0-C02B-47A3-9E4D-B1921AF28BCF}
		{C1029527-8510-40BE-BB41-72AF228A0DAE} = {8CE108F0-C02B-47A3-9E4D-B1921AF28BCF}
		{B0C06390-B1C3-4795-8727-109CD69E8F71} = {8CE108F0-C02B-47A3-9E4D-B1921AF28BCF}
		{C2274346-0AC8-476D-B77D-FC6275AACD52} = {28675460-C296-4202-87D7-BF4CEE05E354}
		{D6FD94A4-449C-43CD-A1A9-4C1B28496CD0} = {28675460-C296-4202-87D7-BF4CEE05E354}
		{46AC9AA4-DB1B-4973-8E26-3372E63A7210} = {28675460-C296-4202-87D7-BF4CEE05E354}
		{67F48A42-E2AE-4789-927E-4C4BA1814676} = {28675460-C296-4202-87D7-BF4CEE05E354}
		{98F7BE9E-7B3F-40EC-8ECC-2D55EDD66CD5} = {28675460-C296-4202-87D7-BF4CEE05E354}
		{3D0419C7-D300-4063-8C05-8264C0CBFF59} = {28675460-C296-4202-87D7-BF4CEE05E354}
		{9312A286-C9BE-429B-8F7F-16845C62643E} = {28675460-C296-4202-87D7-BF4CEE05E354}
		{FF219685-4B5D-43E0-A0AA-73F29F1FD7B8} = {28675460-C296-4202-87D7-BF4CEE05E354}
		{E381A783-42C5-42C8-92F0-A25EDB1F3972} = {28675460-C296-4202-87D7-BF4CEE05E354}
		{F38EE219-C175-41C5-92C8-A9917195EE77} = {28675460-C296-4202-87D7-BF4CEE05E354}
	EndGlobalSection
	GlobalSection(ExtensibilityGlobals) = postSolution
		SolutionGuid = {10E95548-2F95-4B11-8217-5F083258D031}
	EndGlobalSection
EndGlobal
