
Microsoft Visual Studio Solution File, Format Version 12.00
# Visual Studio Version 16
VisualStudioVersion = 16.0.32126.315
MinimumVisualStudioVersion = 10.0.40219.1
Project("{2150E333-8FDC-42A3-9474-1A3956D46DE8}") = "Lab", "Lab", "{E02F5448-C7DA-4215-8C31-F1A9CB1F3529}"
EndProject
Project("{2150E333-8FDC-42A3-9474-1A3956D46DE8}") = "Exercise", "Exercise", "{668B1545-0194-434F-9F38-700DAB0094FD}"
EndProject
Project("{2150E333-8FDC-42A3-9474-1A3956D46DE8}") = "MoreExercise", "MoreExercise", "{3A3E6F58-8EE7-45A1-9FE9-C75EAD0C74F6}"
EndProject
Project("{9A19103F-16F7-4668-BE54-9A1E7A4F7556}") = "01.DayOfWeek", "Lab\01.DayOfWeek\01.DayOfWeek.csproj", "{65457F4C-1F7D-493D-B6D3-C46291BC878E}"
EndProject
Project("{9A19103F-16F7-4668-BE54-9A1E7A4F7556}") = "02.PrintNumbersInReverseOrder", "Lab\02.PrintNumbersInReverseOrder\02.PrintNumbersInReverseOrder.csproj", "{500EAE70-6E83-4E87-88BC-A8AF2C57D846}"
EndProject
Project("{9A19103F-16F7-4668-BE54-9A1E7A4F7556}") = "03.RoundingNumbers", "Lab\03.RoundingNumbers\03.RoundingNumbers.csproj", "{8782F6DE-4289-4F07-BEB3-33019D3C35EB}"
EndProject
Project("{9A19103F-16F7-4668-BE54-9A1E7A4F7556}") = "04.ReverseArrayOfStrings", "Lab\04.ReverseArrayOfStrings\04.ReverseArrayOfStrings.csproj", "{611BF0B6-2E31-4E60-A7A2-263C35CC8B22}"
EndProject
Project("{9A19103F-16F7-4668-BE54-9A1E7A4F7556}") = "05.SumEvenNumbers", "Lab\05.SumEvenNumbers\05.SumEvenNumbers.csproj", "{1EA0BB62-488E-486B-A75A-CF3D1975E567}"
EndProject
Project("{9A19103F-16F7-4668-BE54-9A1E7A4F7556}") = "06.EvenAndOddSubtraction", "Lab\06.EvenAndOddSubtraction\06.EvenAndOddSubtraction.csproj", "{8173178F-590C-4D4F-AE95-6AE04AE4EA7A}"
EndProject
Project("{9A19103F-16F7-4668-BE54-9A1E7A4F7556}") = "07.EqualArrays", "Lab\07.EqualArrays\07.EqualArrays.csproj", "{010137E2-FA50-401D-8169-2FA1212D8952}"
EndProject
Project("{9A19103F-16F7-4668-BE54-9A1E7A4F7556}") = "08.CondenseArrayToNumber", "Lab\08.CondenseArrayToNumber\08.CondenseArrayToNumber.csproj", "{FD1D176C-9C97-4C62-BC2A-46377DCB19FE}"
EndProject
Project("{9A19103F-16F7-4668-BE54-9A1E7A4F7556}") = "01.Train", "Exercise\01.Train\01.Train.csproj", "{F0CF89FC-0635-445D-8121-8E0F0D264759}"
EndProject
Project("{9A19103F-16F7-4668-BE54-9A1E7A4F7556}") = "02.CommonElements", "Exercise\02.CommonElements\02.CommonElements.csproj", "{C73E4870-7F91-4EBF-B108-F69307D3D15D}"
EndProject
Project("{9A19103F-16F7-4668-BE54-9A1E7A4F7556}") = "03.ZigZagArrays", "Exercise\03.ZigZagArrays\03.ZigZagArrays.csproj", "{AC4FDA61-BA0A-4DA1-8603-D5F53165D8CF}"
EndProject
Project("{9A19103F-16F7-4668-BE54-9A1E7A4F7556}") = "04.ArrayRotation", "Exercise\04.ArrayRotation\04.ArrayRotation.csproj", "{8415AA3F-74A5-49C5-81D1-3A97981A4EE9}"
EndProject
Project("{9A19103F-16F7-4668-BE54-9A1E7A4F7556}") = "05.TopIntegers", "Exercise\05.TopIntegers\05.TopIntegers.csproj", "{BED9048F-EC28-40F1-A900-04F6D7D86236}"
EndProject
Project("{9A19103F-16F7-4668-BE54-9A1E7A4F7556}") = "06.EqualSum", "Exercise\06.EqualSum\06.EqualSum.csproj", "{00CECD5E-3396-4A80-9549-3CA595621F0B}"
EndProject
Project("{9A19103F-16F7-4668-BE54-9A1E7A4F7556}") = "07.MaxSequenceOfEqualElements", "Exercise\07.MaxSequenceOfEqualElements\07.MaxSequenceOfEqualElements.csproj", "{BDD04022-85C0-44CF-807C-8D1842A0C2E4}"
EndProject
Project("{9A19103F-16F7-4668-BE54-9A1E7A4F7556}") = "08.MagicSum", "Exercise\08.MagicSum\08.MagicSum.csproj", "{33B3407B-D3DC-454A-870D-B63D0C74419D}"
EndProject
Project("{9A19103F-16F7-4668-BE54-9A1E7A4F7556}") = "09.KaminoFactory", "Exercise\09.KaminoFactory\09.KaminoFactory.csproj", "{1F21D84A-D7A8-4935-923A-25C3D7D96990}"
EndProject
Project("{9A19103F-16F7-4668-BE54-9A1E7A4F7556}") = "10.LadyBugs", "Exercise\10.LadyBugs\10.LadyBugs.csproj", "{0AE7B32D-A1B4-49C3-8053-B91A0983E98A}"
EndProject
Project("{FAE04EC0-301F-11D3-BF4B-00C04F79EFBC}") = "01.EncryptSortAndPrintArray", "MoreExercise\01.EncryptSortAndPrintArray\01.EncryptSortAndPrintArray.csproj", "{98E9EC5C-4548-4A2B-9A54-E37DD092F70A}"
EndProject
Project("{FAE04EC0-301F-11D3-BF4B-00C04F79EFBC}") = "02.PascalTriangle", "MoreExercise\02.PascalTriangle\02.PascalTriangle.csproj", "{895A7B7A-AA13-43EE-8095-BBFD459C695A}"
EndProject
Project("{FAE04EC0-301F-11D3-BF4B-00C04F79EFBC}") = "03.RecursiveFibonacci", "MoreExercise\03.RecursiveFibonacci\03.RecursiveFibonacci.csproj", "{640A3157-42A5-4892-B548-7DD922298D17}"
EndProject
Global
	GlobalSection(SolutionConfigurationPlatforms) = preSolution
		Debug|Any CPU = Debug|Any CPU
		Release|Any CPU = Release|Any CPU
	EndGlobalSection
	GlobalSection(ProjectConfigurationPlatforms) = postSolution
		{65457F4C-1F7D-493D-B6D3-C46291BC878E}.Debug|Any CPU.ActiveCfg = Debug|Any CPU
		{65457F4C-1F7D-493D-B6D3-C46291BC878E}.Debug|Any CPU.Build.0 = Debug|Any CPU
		{65457F4C-1F7D-493D-B6D3-C46291BC878E}.Release|Any CPU.ActiveCfg = Release|Any CPU
		{65457F4C-1F7D-493D-B6D3-C46291BC878E}.Release|Any CPU.Build.0 = Release|Any CPU
		{500EAE70-6E83-4E87-88BC-A8AF2C57D846}.Debug|Any CPU.ActiveCfg = Debug|Any CPU
		{500EAE70-6E83-4E87-88BC-A8AF2C57D846}.Debug|Any CPU.Build.0 = Debug|Any CPU
		{500EAE70-6E83-4E87-88BC-A8AF2C57D846}.Release|Any CPU.ActiveCfg = Release|Any CPU
		{500EAE70-6E83-4E87-88BC-A8AF2C57D846}.Release|Any CPU.Build.0 = Release|Any CPU
		{8782F6DE-4289-4F07-BEB3-33019D3C35EB}.Debug|Any CPU.ActiveCfg = Debug|Any CPU
		{8782F6DE-4289-4F07-BEB3-33019D3C35EB}.Debug|Any CPU.Build.0 = Debug|Any CPU
		{8782F6DE-4289-4F07-BEB3-33019D3C35EB}.Release|Any CPU.ActiveCfg = Release|Any CPU
		{8782F6DE-4289-4F07-BEB3-33019D3C35EB}.Release|Any CPU.Build.0 = Release|Any CPU
		{611BF0B6-2E31-4E60-A7A2-263C35CC8B22}.Debug|Any CPU.ActiveCfg = Debug|Any CPU
		{611BF0B6-2E31-4E60-A7A2-263C35CC8B22}.Debug|Any CPU.Build.0 = Debug|Any CPU
		{611BF0B6-2E31-4E60-A7A2-263C35CC8B22}.Release|Any CPU.ActiveCfg = Release|Any CPU
		{611BF0B6-2E31-4E60-A7A2-263C35CC8B22}.Release|Any CPU.Build.0 = Release|Any CPU
		{1EA0BB62-488E-486B-A75A-CF3D1975E567}.Debug|Any CPU.ActiveCfg = Debug|Any CPU
		{1EA0BB62-488E-486B-A75A-CF3D1975E567}.Debug|Any CPU.Build.0 = Debug|Any CPU
		{1EA0BB62-488E-486B-A75A-CF3D1975E567}.Release|Any CPU.ActiveCfg = Release|Any CPU
		{1EA0BB62-488E-486B-A75A-CF3D1975E567}.Release|Any CPU.Build.0 = Release|Any CPU
		{8173178F-590C-4D4F-AE95-6AE04AE4EA7A}.Debug|Any CPU.ActiveCfg = Debug|Any CPU
		{8173178F-590C-4D4F-AE95-6AE04AE4EA7A}.Debug|Any CPU.Build.0 = Debug|Any CPU
		{8173178F-590C-4D4F-AE95-6AE04AE4EA7A}.Release|Any CPU.ActiveCfg = Release|Any CPU
		{8173178F-590C-4D4F-AE95-6AE04AE4EA7A}.Release|Any CPU.Build.0 = Release|Any CPU
		{010137E2-FA50-401D-8169-2FA1212D8952}.Debug|Any CPU.ActiveCfg = Debug|Any CPU
		{010137E2-FA50-401D-8169-2FA1212D8952}.Debug|Any CPU.Build.0 = Debug|Any CPU
		{010137E2-FA50-401D-8169-2FA1212D8952}.Release|Any CPU.ActiveCfg = Release|Any CPU
		{010137E2-FA50-401D-8169-2FA1212D8952}.Release|Any CPU.Build.0 = Release|Any CPU
		{FD1D176C-9C97-4C62-BC2A-46377DCB19FE}.Debug|Any CPU.ActiveCfg = Debug|Any CPU
		{FD1D176C-9C97-4C62-BC2A-46377DCB19FE}.Debug|Any CPU.Build.0 = Debug|Any CPU
		{FD1D176C-9C97-4C62-BC2A-46377DCB19FE}.Release|Any CPU.ActiveCfg = Release|Any CPU
		{FD1D176C-9C97-4C62-BC2A-46377DCB19FE}.Release|Any CPU.Build.0 = Release|Any CPU
		{F0CF89FC-0635-445D-8121-8E0F0D264759}.Debug|Any CPU.ActiveCfg = Debug|Any CPU
		{F0CF89FC-0635-445D-8121-8E0F0D264759}.Debug|Any CPU.Build.0 = Debug|Any CPU
		{F0CF89FC-0635-445D-8121-8E0F0D264759}.Release|Any CPU.ActiveCfg = Release|Any CPU
		{F0CF89FC-0635-445D-8121-8E0F0D264759}.Release|Any CPU.Build.0 = Release|Any CPU
		{C73E4870-7F91-4EBF-B108-F69307D3D15D}.Debug|Any CPU.ActiveCfg = Debug|Any CPU
		{C73E4870-7F91-4EBF-B108-F69307D3D15D}.Debug|Any CPU.Build.0 = Debug|Any CPU
		{C73E4870-7F91-4EBF-B108-F69307D3D15D}.Release|Any CPU.ActiveCfg = Release|Any CPU
		{C73E4870-7F91-4EBF-B108-F69307D3D15D}.Release|Any CPU.Build.0 = Release|Any CPU
		{AC4FDA61-BA0A-4DA1-8603-D5F53165D8CF}.Debug|Any CPU.ActiveCfg = Debug|Any CPU
		{AC4FDA61-BA0A-4DA1-8603-D5F53165D8CF}.Debug|Any CPU.Build.0 = Debug|Any CPU
		{AC4FDA61-BA0A-4DA1-8603-D5F53165D8CF}.Release|Any CPU.ActiveCfg = Release|Any CPU
		{AC4FDA61-BA0A-4DA1-8603-D5F53165D8CF}.Release|Any CPU.Build.0 = Release|Any CPU
		{8415AA3F-74A5-49C5-81D1-3A97981A4EE9}.Debug|Any CPU.ActiveCfg = Debug|Any CPU
		{8415AA3F-74A5-49C5-81D1-3A97981A4EE9}.Debug|Any CPU.Build.0 = Debug|Any CPU
		{8415AA3F-74A5-49C5-81D1-3A97981A4EE9}.Release|Any CPU.ActiveCfg = Release|Any CPU
		{8415AA3F-74A5-49C5-81D1-3A97981A4EE9}.Release|Any CPU.Build.0 = Release|Any CPU
		{BED9048F-EC28-40F1-A900-04F6D7D86236}.Debug|Any CPU.ActiveCfg = Debug|Any CPU
		{BED9048F-EC28-40F1-A900-04F6D7D86236}.Debug|Any CPU.Build.0 = Debug|Any CPU
		{BED9048F-EC28-40F1-A900-04F6D7D86236}.Release|Any CPU.ActiveCfg = Release|Any CPU
		{BED9048F-EC28-40F1-A900-04F6D7D86236}.Release|Any CPU.Build.0 = Release|Any CPU
		{00CECD5E-3396-4A80-9549-3CA595621F0B}.Debug|Any CPU.ActiveCfg = Debug|Any CPU
		{00CECD5E-3396-4A80-9549-3CA595621F0B}.Debug|Any CPU.Build.0 = Debug|Any CPU
		{00CECD5E-3396-4A80-9549-3CA595621F0B}.Release|Any CPU.ActiveCfg = Release|Any CPU
		{00CECD5E-3396-4A80-9549-3CA595621F0B}.Release|Any CPU.Build.0 = Release|Any CPU
		{BDD04022-85C0-44CF-807C-8D1842A0C2E4}.Debug|Any CPU.ActiveCfg = Debug|Any CPU
		{BDD04022-85C0-44CF-807C-8D1842A0C2E4}.Debug|Any CPU.Build.0 = Debug|Any CPU
		{BDD04022-85C0-44CF-807C-8D1842A0C2E4}.Release|Any CPU.ActiveCfg = Release|Any CPU
		{BDD04022-85C0-44CF-807C-8D1842A0C2E4}.Release|Any CPU.Build.0 = Release|Any CPU
		{33B3407B-D3DC-454A-870D-B63D0C74419D}.Debug|Any CPU.ActiveCfg = Debug|Any CPU
		{33B3407B-D3DC-454A-870D-B63D0C74419D}.Debug|Any CPU.Build.0 = Debug|Any CPU
		{33B3407B-D3DC-454A-870D-B63D0C74419D}.Release|Any CPU.ActiveCfg = Release|Any CPU
		{33B3407B-D3DC-454A-870D-B63D0C74419D}.Release|Any CPU.Build.0 = Release|Any CPU
		{1F21D84A-D7A8-4935-923A-25C3D7D96990}.Debug|Any CPU.ActiveCfg = Debug|Any CPU
		{1F21D84A-D7A8-4935-923A-25C3D7D96990}.Debug|Any CPU.Build.0 = Debug|Any CPU
		{1F21D84A-D7A8-4935-923A-25C3D7D96990}.Release|Any CPU.ActiveCfg = Release|Any CPU
		{1F21D84A-D7A8-4935-923A-25C3D7D96990}.Release|Any CPU.Build.0 = Release|Any CPU
		{0AE7B32D-A1B4-49C3-8053-B91A0983E98A}.Debug|Any CPU.ActiveCfg = Debug|Any CPU
		{0AE7B32D-A1B4-49C3-8053-B91A0983E98A}.Debug|Any CPU.Build.0 = Debug|Any CPU
		{0AE7B32D-A1B4-49C3-8053-B91A0983E98A}.Release|Any CPU.ActiveCfg = Release|Any CPU
		{0AE7B32D-A1B4-49C3-8053-B91A0983E98A}.Release|Any CPU.Build.0 = Release|Any CPU
		{98E9EC5C-4548-4A2B-9A54-E37DD092F70A}.Debug|Any CPU.ActiveCfg = Debug|Any CPU
		{98E9EC5C-4548-4A2B-9A54-E37DD092F70A}.Debug|Any CPU.Build.0 = Debug|Any CPU
		{98E9EC5C-4548-4A2B-9A54-E37DD092F70A}.Release|Any CPU.ActiveCfg = Release|Any CPU
		{98E9EC5C-4548-4A2B-9A54-E37DD092F70A}.Release|Any CPU.Build.0 = Release|Any CPU
		{895A7B7A-AA13-43EE-8095-BBFD459C695A}.Debug|Any CPU.ActiveCfg = Debug|Any CPU
		{895A7B7A-AA13-43EE-8095-BBFD459C695A}.Debug|Any CPU.Build.0 = Debug|Any CPU
		{895A7B7A-AA13-43EE-8095-BBFD459C695A}.Release|Any CPU.ActiveCfg = Release|Any CPU
		{895A7B7A-AA13-43EE-8095-BBFD459C695A}.Release|Any CPU.Build.0 = Release|Any CPU
		{640A3157-42A5-4892-B548-7DD922298D17}.Debug|Any CPU.ActiveCfg = Debug|Any CPU
		{640A3157-42A5-4892-B548-7DD922298D17}.Debug|Any CPU.Build.0 = Debug|Any CPU
		{640A3157-42A5-4892-B548-7DD922298D17}.Release|Any CPU.ActiveCfg = Release|Any CPU
		{640A3157-42A5-4892-B548-7DD922298D17}.Release|Any CPU.Build.0 = Release|Any CPU
	EndGlobalSection
	GlobalSection(SolutionProperties) = preSolution
		HideSolutionNode = FALSE
	EndGlobalSection
	GlobalSection(NestedProjects) = preSolution
		{65457F4C-1F7D-493D-B6D3-C46291BC878E} = {E02F5448-C7DA-4215-8C31-F1A9CB1F3529}
		{500EAE70-6E83-4E87-88BC-A8AF2C57D846} = {E02F5448-C7DA-4215-8C31-F1A9CB1F3529}
		{8782F6DE-4289-4F07-BEB3-33019D3C35EB} = {E02F5448-C7DA-4215-8C31-F1A9CB1F3529}
		{611BF0B6-2E31-4E60-A7A2-263C35CC8B22} = {E02F5448-C7DA-4215-8C31-F1A9CB1F3529}
		{1EA0BB62-488E-486B-A75A-CF3D1975E567} = {E02F5448-C7DA-4215-8C31-F1A9CB1F3529}
		{8173178F-590C-4D4F-AE95-6AE04AE4EA7A} = {E02F5448-C7DA-4215-8C31-F1A9CB1F3529}
		{010137E2-FA50-401D-8169-2FA1212D8952} = {E02F5448-C7DA-4215-8C31-F1A9CB1F3529}
		{FD1D176C-9C97-4C62-BC2A-46377DCB19FE} = {E02F5448-C7DA-4215-8C31-F1A9CB1F3529}
		{F0CF89FC-0635-445D-8121-8E0F0D264759} = {668B1545-0194-434F-9F38-700DAB0094FD}
		{C73E4870-7F91-4EBF-B108-F69307D3D15D} = {668B1545-0194-434F-9F38-700DAB0094FD}
		{AC4FDA61-BA0A-4DA1-8603-D5F53165D8CF} = {668B1545-0194-434F-9F38-700DAB0094FD}
		{8415AA3F-74A5-49C5-81D1-3A97981A4EE9} = {668B1545-0194-434F-9F38-700DAB0094FD}
		{BED9048F-EC28-40F1-A900-04F6D7D86236} = {668B1545-0194-434F-9F38-700DAB0094FD}
		{00CECD5E-3396-4A80-9549-3CA595621F0B} = {668B1545-0194-434F-9F38-700DAB0094FD}
		{BDD04022-85C0-44CF-807C-8D1842A0C2E4} = {668B1545-0194-434F-9F38-700DAB0094FD}
		{33B3407B-D3DC-454A-870D-B63D0C74419D} = {668B1545-0194-434F-9F38-700DAB0094FD}
		{1F21D84A-D7A8-4935-923A-25C3D7D96990} = {668B1545-0194-434F-9F38-700DAB0094FD}
		{0AE7B32D-A1B4-49C3-8053-B91A0983E98A} = {668B1545-0194-434F-9F38-700DAB0094FD}
		{98E9EC5C-4548-4A2B-9A54-E37DD092F70A} = {3A3E6F58-8EE7-45A1-9FE9-C75EAD0C74F6}
		{895A7B7A-AA13-43EE-8095-BBFD459C695A} = {3A3E6F58-8EE7-45A1-9FE9-C75EAD0C74F6}
		{640A3157-42A5-4892-B548-7DD922298D17} = {3A3E6F58-8EE7-45A1-9FE9-C75EAD0C74F6}
	EndGlobalSection
	GlobalSection(ExtensibilityGlobals) = postSolution
		SolutionGuid = {A1EDA1D8-88A0-4434-868D-6F169ED30B9E}
	EndGlobalSection
EndGlobal
