
Microsoft Visual Studio Solution File, Format Version 12.00
# Visual Studio Version 16
VisualStudioVersion = 16.0.32126.315
MinimumVisualStudioVersion = 10.0.40219.1
Project("{2150E333-8FDC-42A3-9474-1A3956D46DE8}") = "Exercise", "Exercise", "{4A9A534B-ECDD-4A5B-B095-D867930BED3F}"
EndProject
Project("{2150E333-8FDC-42A3-9474-1A3956D46DE8}") = "Lab", "Lab", "{6A71C645-D7C5-412C-9810-0E00F66A6D7C}"
EndProject
Project("{FAE04EC0-301F-11D3-BF4B-00C04F79EFBC}") = "01.OddLines", "Lab\01.OddLines\01.OddLines.csproj", "{36B8F61E-59C8-4396-B9BC-552A6C2232BB}"
EndProject
Project("{FAE04EC0-301F-11D3-BF4B-00C04F79EFBC}") = "02.LineNumbers", "Lab\02.LineNumbers\02.LineNumbers.csproj", "{26D5E28C-2809-46DB-A44C-A360CCB6F34F}"
EndProject
Project("{FAE04EC0-301F-11D3-BF4B-00C04F79EFBC}") = "03.WordCount", "Lab\03.WordCount\03.WordCount.csproj", "{B0EE4E2E-A907-46BB-9846-D8E8F278E7A0}"
EndProject
Project("{FAE04EC0-301F-11D3-BF4B-00C04F79EFBC}") = "04.MergeTextFiles", "Lab\04.MergeTextFiles\04.MergeTextFiles.csproj", "{E8ADBB08-2E13-434B-94EF-2402B8921BCB}"
EndProject
Project("{FAE04EC0-301F-11D3-BF4B-00C04F79EFBC}") = "05.ExtractSpecialBytes", "Lab\05.ExtractSpecialBytes\05.ExtractSpecialBytes.csproj", "{989871CE-02E5-4497-8559-8CB6BA1364BD}"
EndProject
Project("{FAE04EC0-301F-11D3-BF4B-00C04F79EFBC}") = "06.SplitMergeBinaryFiles", "Lab\06.SplitMergeBinaryFiles\06.SplitMergeBinaryFiles.csproj", "{CB2A7660-A949-49EB-8297-22E51D5345EE}"
EndProject
Project("{FAE04EC0-301F-11D3-BF4B-00C04F79EFBC}") = "07.FolderSize", "Lab\07.FolderSize\07.FolderSize.csproj", "{04E20B72-E4A2-4300-BF53-9C085862F611}"
EndProject
Project("{FAE04EC0-301F-11D3-BF4B-00C04F79EFBC}") = "01.EvenLines", "Exercise\01.EvenLines\01.EvenLines.csproj", "{E43506E3-65A3-41D0-97C5-8140E41F4E21}"
EndProject
Project("{FAE04EC0-301F-11D3-BF4B-00C04F79EFBC}") = "02.LineNumbers", "Exercise\02.LineNumbers\02.LineNumbers.csproj", "{E421BF32-E8B4-443C-ADE1-EC66AA5E4D46}"
EndProject
Project("{FAE04EC0-301F-11D3-BF4B-00C04F79EFBC}") = "03.CopyBinaryFile", "Exercise\03.CopyBinaryFile\03.CopyBinaryFile.csproj", "{A5EDCBB5-9477-471C-A950-C1E3ACF1EB6E}"
EndProject
Project("{FAE04EC0-301F-11D3-BF4B-00C04F79EFBC}") = "04.DirectoryTraversal", "Exercise\04.DirectoryTraversal\04.DirectoryTraversal.csproj", "{D7590999-6EC5-4E56-A626-CCC3978B2FF2}"
EndProject
Project("{FAE04EC0-301F-11D3-BF4B-00C04F79EFBC}") = "05.CopyDirectory", "Exercise\05.CopyDirectory\05.CopyDirectory.csproj", "{FE30263D-6F75-42EE-8495-D54BE09A2C2A}"
EndProject
Project("{FAE04EC0-301F-11D3-BF4B-00C04F79EFBC}") = "06.ZipAndExtracts", "Exercise\06.ZipAndExtracts\06.ZipAndExtracts.csproj", "{66F46C68-E57E-4A8F-8439-F4082292B773}"
EndProject
Global
	GlobalSection(SolutionConfigurationPlatforms) = preSolution
		Debug|Any CPU = Debug|Any CPU
		Release|Any CPU = Release|Any CPU
	EndGlobalSection
	GlobalSection(ProjectConfigurationPlatforms) = postSolution
		{36B8F61E-59C8-4396-B9BC-552A6C2232BB}.Debug|Any CPU.ActiveCfg = Debug|Any CPU
		{36B8F61E-59C8-4396-B9BC-552A6C2232BB}.Debug|Any CPU.Build.0 = Debug|Any CPU
		{36B8F61E-59C8-4396-B9BC-552A6C2232BB}.Release|Any CPU.ActiveCfg = Release|Any CPU
		{36B8F61E-59C8-4396-B9BC-552A6C2232BB}.Release|Any CPU.Build.0 = Release|Any CPU
		{26D5E28C-2809-46DB-A44C-A360CCB6F34F}.Debug|Any CPU.ActiveCfg = Debug|Any CPU
		{26D5E28C-2809-46DB-A44C-A360CCB6F34F}.Debug|Any CPU.Build.0 = Debug|Any CPU
		{26D5E28C-2809-46DB-A44C-A360CCB6F34F}.Release|Any CPU.ActiveCfg = Release|Any CPU
		{26D5E28C-2809-46DB-A44C-A360CCB6F34F}.Release|Any CPU.Build.0 = Release|Any CPU
		{B0EE4E2E-A907-46BB-9846-D8E8F278E7A0}.Debug|Any CPU.ActiveCfg = Debug|Any CPU
		{B0EE4E2E-A907-46BB-9846-D8E8F278E7A0}.Debug|Any CPU.Build.0 = Debug|Any CPU
		{B0EE4E2E-A907-46BB-9846-D8E8F278E7A0}.Release|Any CPU.ActiveCfg = Release|Any CPU
		{B0EE4E2E-A907-46BB-9846-D8E8F278E7A0}.Release|Any CPU.Build.0 = Release|Any CPU
		{E8ADBB08-2E13-434B-94EF-2402B8921BCB}.Debug|Any CPU.ActiveCfg = Debug|Any CPU
		{E8ADBB08-2E13-434B-94EF-2402B8921BCB}.Debug|Any CPU.Build.0 = Debug|Any CPU
		{E8ADBB08-2E13-434B-94EF-2402B8921BCB}.Release|Any CPU.ActiveCfg = Release|Any CPU
		{E8ADBB08-2E13-434B-94EF-2402B8921BCB}.Release|Any CPU.Build.0 = Release|Any CPU
		{989871CE-02E5-4497-8559-8CB6BA1364BD}.Debug|Any CPU.ActiveCfg = Debug|Any CPU
		{989871CE-02E5-4497-8559-8CB6BA1364BD}.Debug|Any CPU.Build.0 = Debug|Any CPU
		{989871CE-02E5-4497-8559-8CB6BA1364BD}.Release|Any CPU.ActiveCfg = Release|Any CPU
		{989871CE-02E5-4497-8559-8CB6BA1364BD}.Release|Any CPU.Build.0 = Release|Any CPU
		{CB2A7660-A949-49EB-8297-22E51D5345EE}.Debug|Any CPU.ActiveCfg = Debug|Any CPU
		{CB2A7660-A949-49EB-8297-22E51D5345EE}.Debug|Any CPU.Build.0 = Debug|Any CPU
		{CB2A7660-A949-49EB-8297-22E51D5345EE}.Release|Any CPU.ActiveCfg = Release|Any CPU
		{CB2A7660-A949-49EB-8297-22E51D5345EE}.Release|Any CPU.Build.0 = Release|Any CPU
		{04E20B72-E4A2-4300-BF53-9C085862F611}.Debug|Any CPU.ActiveCfg = Debug|Any CPU
		{04E20B72-E4A2-4300-BF53-9C085862F611}.Debug|Any CPU.Build.0 = Debug|Any CPU
		{04E20B72-E4A2-4300-BF53-9C085862F611}.Release|Any CPU.ActiveCfg = Release|Any CPU
		{04E20B72-E4A2-4300-BF53-9C085862F611}.Release|Any CPU.Build.0 = Release|Any CPU
		{E43506E3-65A3-41D0-97C5-8140E41F4E21}.Debug|Any CPU.ActiveCfg = Debug|Any CPU
		{E43506E3-65A3-41D0-97C5-8140E41F4E21}.Debug|Any CPU.Build.0 = Debug|Any CPU
		{E43506E3-65A3-41D0-97C5-8140E41F4E21}.Release|Any CPU.ActiveCfg = Release|Any CPU
		{E43506E3-65A3-41D0-97C5-8140E41F4E21}.Release|Any CPU.Build.0 = Release|Any CPU
		{E421BF32-E8B4-443C-ADE1-EC66AA5E4D46}.Debug|Any CPU.ActiveCfg = Debug|Any CPU
		{E421BF32-E8B4-443C-ADE1-EC66AA5E4D46}.Debug|Any CPU.Build.0 = Debug|Any CPU
		{E421BF32-E8B4-443C-ADE1-EC66AA5E4D46}.Release|Any CPU.ActiveCfg = Release|Any CPU
		{E421BF32-E8B4-443C-ADE1-EC66AA5E4D46}.Release|Any CPU.Build.0 = Release|Any CPU
		{A5EDCBB5-9477-471C-A950-C1E3ACF1EB6E}.Debug|Any CPU.ActiveCfg = Debug|Any CPU
		{A5EDCBB5-9477-471C-A950-C1E3ACF1EB6E}.Debug|Any CPU.Build.0 = Debug|Any CPU
		{A5EDCBB5-9477-471C-A950-C1E3ACF1EB6E}.Release|Any CPU.ActiveCfg = Release|Any CPU
		{A5EDCBB5-9477-471C-A950-C1E3ACF1EB6E}.Release|Any CPU.Build.0 = Release|Any CPU
		{D7590999-6EC5-4E56-A626-CCC3978B2FF2}.Debug|Any CPU.ActiveCfg = Debug|Any CPU
		{D7590999-6EC5-4E56-A626-CCC3978B2FF2}.Debug|Any CPU.Build.0 = Debug|Any CPU
		{D7590999-6EC5-4E56-A626-CCC3978B2FF2}.Release|Any CPU.ActiveCfg = Release|Any CPU
		{D7590999-6EC5-4E56-A626-CCC3978B2FF2}.Release|Any CPU.Build.0 = Release|Any CPU
		{FE30263D-6F75-42EE-8495-D54BE09A2C2A}.Debug|Any CPU.ActiveCfg = Debug|Any CPU
		{FE30263D-6F75-42EE-8495-D54BE09A2C2A}.Debug|Any CPU.Build.0 = Debug|Any CPU
		{FE30263D-6F75-42EE-8495-D54BE09A2C2A}.Release|Any CPU.ActiveCfg = Release|Any CPU
		{FE30263D-6F75-42EE-8495-D54BE09A2C2A}.Release|Any CPU.Build.0 = Release|Any CPU
		{66F46C68-E57E-4A8F-8439-F4082292B773}.Debug|Any CPU.ActiveCfg = Debug|Any CPU
		{66F46C68-E57E-4A8F-8439-F4082292B773}.Debug|Any CPU.Build.0 = Debug|Any CPU
		{66F46C68-E57E-4A8F-8439-F4082292B773}.Release|Any CPU.ActiveCfg = Release|Any CPU
		{66F46C68-E57E-4A8F-8439-F4082292B773}.Release|Any CPU.Build.0 = Release|Any CPU
	EndGlobalSection
	GlobalSection(SolutionProperties) = preSolution
		HideSolutionNode = FALSE
	EndGlobalSection
	GlobalSection(NestedProjects) = preSolution
		{36B8F61E-59C8-4396-B9BC-552A6C2232BB} = {6A71C645-D7C5-412C-9810-0E00F66A6D7C}
		{26D5E28C-2809-46DB-A44C-A360CCB6F34F} = {6A71C645-D7C5-412C-9810-0E00F66A6D7C}
		{B0EE4E2E-A907-46BB-9846-D8E8F278E7A0} = {6A71C645-D7C5-412C-9810-0E00F66A6D7C}
		{E8ADBB08-2E13-434B-94EF-2402B8921BCB} = {6A71C645-D7C5-412C-9810-0E00F66A6D7C}
		{989871CE-02E5-4497-8559-8CB6BA1364BD} = {6A71C645-D7C5-412C-9810-0E00F66A6D7C}
		{CB2A7660-A949-49EB-8297-22E51D5345EE} = {6A71C645-D7C5-412C-9810-0E00F66A6D7C}
		{04E20B72-E4A2-4300-BF53-9C085862F611} = {6A71C645-D7C5-412C-9810-0E00F66A6D7C}
		{E43506E3-65A3-41D0-97C5-8140E41F4E21} = {4A9A534B-ECDD-4A5B-B095-D867930BED3F}
		{E421BF32-E8B4-443C-ADE1-EC66AA5E4D46} = {4A9A534B-ECDD-4A5B-B095-D867930BED3F}
		{A5EDCBB5-9477-471C-A950-C1E3ACF1EB6E} = {4A9A534B-ECDD-4A5B-B095-D867930BED3F}
		{D7590999-6EC5-4E56-A626-CCC3978B2FF2} = {4A9A534B-ECDD-4A5B-B095-D867930BED3F}
		{FE30263D-6F75-42EE-8495-D54BE09A2C2A} = {4A9A534B-ECDD-4A5B-B095-D867930BED3F}
		{66F46C68-E57E-4A8F-8439-F4082292B773} = {4A9A534B-ECDD-4A5B-B095-D867930BED3F}
	EndGlobalSection
	GlobalSection(ExtensibilityGlobals) = postSolution
		SolutionGuid = {F4CFA905-74B1-4362-9716-B99DE4A36208}
	EndGlobalSection
EndGlobal
