
Microsoft Visual Studio Solution File, Format Version 12.00
# Visual Studio Version 16
VisualStudioVersion = 16.0.32126.315
MinimumVisualStudioVersion = 10.0.40219.1
Project("{2150E333-8FDC-42A3-9474-1A3956D46DE8}") = "Lab", "Lab", "{9B6EBEE8-512B-432D-8449-11105A3811E8}"
EndProject
Project("{2150E333-8FDC-42A3-9474-1A3956D46DE8}") = "Exercise", "Exercise", "{7314DD81-14C7-4649-A532-2676D13CA27B}"
EndProject
Project("{9A19103F-16F7-4668-BE54-9A1E7A4F7556}") = "1.ReverseAString", "Lab\1.ReverseAString\1.ReverseAString.csproj", "{9825A758-628B-491E-981C-4A23788CF74B}"
EndProject
Project("{9A19103F-16F7-4668-BE54-9A1E7A4F7556}") = "01.BasicStackOperations", "Exercise\01.BasicStackOperations\01.BasicStackOperations.csproj", "{9F50E522-7269-44B4-AE92-406A1310C0A0}"
EndProject
Project("{9A19103F-16F7-4668-BE54-9A1E7A4F7556}") = "2.StackSum", "Lab\2.StackSum\2.StackSum.csproj", "{9520303B-7CF1-4E3D-888A-12004FEE6805}"
EndProject
Project("{9A19103F-16F7-4668-BE54-9A1E7A4F7556}") = "3.SimpleCalculator", "Lab\3.SimpleCalculator\3.SimpleCalculator.csproj", "{117A3670-F704-4EE1-A126-470E17DC446E}"
EndProject
Project("{9A19103F-16F7-4668-BE54-9A1E7A4F7556}") = "4.MatchingBrackets", "Lab\4.MatchingBrackets\4.MatchingBrackets.csproj", "{5EB0ABCE-39A2-4194-946F-393CE0E5516F}"
EndProject
Project("{9A19103F-16F7-4668-BE54-9A1E7A4F7556}") = "5.PrintEvenNumbers", "Lab\5.PrintEvenNumbers\5.PrintEvenNumbers.csproj", "{876054F1-CCA2-4970-9CC2-017E51E5DC2A}"
EndProject
Project("{9A19103F-16F7-4668-BE54-9A1E7A4F7556}") = "6.Supermarket", "Lab\6.Supermarket\6.Supermarket.csproj", "{D1E5184D-F856-4967-943F-58A2500B0F50}"
EndProject
Project("{9A19103F-16F7-4668-BE54-9A1E7A4F7556}") = "7.HotPotato", "Lab\7.HotPotato\7.HotPotato.csproj", "{E1D00815-3B24-4DC9-9B0B-DC7E62809B25}"
EndProject
Project("{9A19103F-16F7-4668-BE54-9A1E7A4F7556}") = "8.TrafficJam", "Lab\8.TrafficJam\8.TrafficJam.csproj", "{17E8CA8E-B5DD-4728-9A11-27D4EF1747AC}"
EndProject
Project("{9A19103F-16F7-4668-BE54-9A1E7A4F7556}") = "02.BasicQueueOperations", "Exercise\02.BasicQueueOperations\02.BasicQueueOperations.csproj", "{3A47536A-8070-4404-9DB1-CF2A5D675C79}"
EndProject
Project("{9A19103F-16F7-4668-BE54-9A1E7A4F7556}") = "03.MaximumAndMinimumElement", "Exercise\03.MaximumAndMinimumElement\03.MaximumAndMinimumElement.csproj", "{65B84676-AAA1-4476-86D0-F1A50363F384}"
EndProject
Project("{FAE04EC0-301F-11D3-BF4B-00C04F79EFBC}") = "04.FastFood", "Exercise\04.FastFood\04.FastFood.csproj", "{1824E7C3-7322-40CD-8E67-81E3546F0CE7}"
EndProject
Project("{FAE04EC0-301F-11D3-BF4B-00C04F79EFBC}") = "05.FashionBoutique", "Exercise\05.FashionBoutique\05.FashionBoutique.csproj", "{7747B219-670C-4D33-8D8B-CD1B80A7C881}"
EndProject
Project("{FAE04EC0-301F-11D3-BF4B-00C04F79EFBC}") = "06.SongsQueue", "Exercise\06.SongsQueue\06.SongsQueue.csproj", "{329CFFE1-B47D-4124-8CBF-084A211D8224}"
EndProject
Project("{FAE04EC0-301F-11D3-BF4B-00C04F79EFBC}") = "07.TruckTour", "Exercise\07.TruckTour\07.TruckTour.csproj", "{6F052763-37B6-49F0-8FA3-855FF096DD8F}"
EndProject
Project("{FAE04EC0-301F-11D3-BF4B-00C04F79EFBC}") = "08.BalancedParenthesis", "Exercise\08.BalancedParenthesis\08.BalancedParenthesis.csproj", "{D0562D1B-75CD-4F8B-BC20-92C1618DE96A}"
EndProject
Project("{FAE04EC0-301F-11D3-BF4B-00C04F79EFBC}") = "09.SimpleTextEditor", "Exercise\09.SimpleTextEditor\09.SimpleTextEditor.csproj", "{41705A89-3F23-45D5-B79D-65D80959963D}"
EndProject
Project("{FAE04EC0-301F-11D3-BF4B-00C04F79EFBC}") = "10.Crossroads", "Exercise\10.Crossroads\10.Crossroads.csproj", "{28C7E27A-809F-415A-A3D4-C8C4C5A127D5}"
EndProject
Project("{FAE04EC0-301F-11D3-BF4B-00C04F79EFBC}") = "11.KeyRevolver", "Exercise\11.KeyRevolver\11.KeyRevolver.csproj", "{D723D666-85E5-4DE3-9535-959CC21B6839}"
EndProject
Project("{FAE04EC0-301F-11D3-BF4B-00C04F79EFBC}") = "12.CupsAndBottles", "Exercise\12.CupsAndBottles\12.CupsAndBottles.csproj", "{11254510-99A3-48F0-BCBD-FA7E80E390EE}"
EndProject
Global
	GlobalSection(SolutionConfigurationPlatforms) = preSolution
		Debug|Any CPU = Debug|Any CPU
		Release|Any CPU = Release|Any CPU
	EndGlobalSection
	GlobalSection(ProjectConfigurationPlatforms) = postSolution
		{9825A758-628B-491E-981C-4A23788CF74B}.Debug|Any CPU.ActiveCfg = Debug|Any CPU
		{9825A758-628B-491E-981C-4A23788CF74B}.Debug|Any CPU.Build.0 = Debug|Any CPU
		{9825A758-628B-491E-981C-4A23788CF74B}.Release|Any CPU.ActiveCfg = Release|Any CPU
		{9825A758-628B-491E-981C-4A23788CF74B}.Release|Any CPU.Build.0 = Release|Any CPU
		{9F50E522-7269-44B4-AE92-406A1310C0A0}.Debug|Any CPU.ActiveCfg = Debug|Any CPU
		{9F50E522-7269-44B4-AE92-406A1310C0A0}.Debug|Any CPU.Build.0 = Debug|Any CPU
		{9F50E522-7269-44B4-AE92-406A1310C0A0}.Release|Any CPU.ActiveCfg = Release|Any CPU
		{9F50E522-7269-44B4-AE92-406A1310C0A0}.Release|Any CPU.Build.0 = Release|Any CPU
		{9520303B-7CF1-4E3D-888A-12004FEE6805}.Debug|Any CPU.ActiveCfg = Debug|Any CPU
		{9520303B-7CF1-4E3D-888A-12004FEE6805}.Debug|Any CPU.Build.0 = Debug|Any CPU
		{9520303B-7CF1-4E3D-888A-12004FEE6805}.Release|Any CPU.ActiveCfg = Release|Any CPU
		{9520303B-7CF1-4E3D-888A-12004FEE6805}.Release|Any CPU.Build.0 = Release|Any CPU
		{117A3670-F704-4EE1-A126-470E17DC446E}.Debug|Any CPU.ActiveCfg = Debug|Any CPU
		{117A3670-F704-4EE1-A126-470E17DC446E}.Debug|Any CPU.Build.0 = Debug|Any CPU
		{117A3670-F704-4EE1-A126-470E17DC446E}.Release|Any CPU.ActiveCfg = Release|Any CPU
		{117A3670-F704-4EE1-A126-470E17DC446E}.Release|Any CPU.Build.0 = Release|Any CPU
		{5EB0ABCE-39A2-4194-946F-393CE0E5516F}.Debug|Any CPU.ActiveCfg = Debug|Any CPU
		{5EB0ABCE-39A2-4194-946F-393CE0E5516F}.Debug|Any CPU.Build.0 = Debug|Any CPU
		{5EB0ABCE-39A2-4194-946F-393CE0E5516F}.Release|Any CPU.ActiveCfg = Release|Any CPU
		{5EB0ABCE-39A2-4194-946F-393CE0E5516F}.Release|Any CPU.Build.0 = Release|Any CPU
		{876054F1-CCA2-4970-9CC2-017E51E5DC2A}.Debug|Any CPU.ActiveCfg = Debug|Any CPU
		{876054F1-CCA2-4970-9CC2-017E51E5DC2A}.Debug|Any CPU.Build.0 = Debug|Any CPU
		{876054F1-CCA2-4970-9CC2-017E51E5DC2A}.Release|Any CPU.ActiveCfg = Release|Any CPU
		{876054F1-CCA2-4970-9CC2-017E51E5DC2A}.Release|Any CPU.Build.0 = Release|Any CPU
		{D1E5184D-F856-4967-943F-58A2500B0F50}.Debug|Any CPU.ActiveCfg = Debug|Any CPU
		{D1E5184D-F856-4967-943F-58A2500B0F50}.Debug|Any CPU.Build.0 = Debug|Any CPU
		{D1E5184D-F856-4967-943F-58A2500B0F50}.Release|Any CPU.ActiveCfg = Release|Any CPU
		{D1E5184D-F856-4967-943F-58A2500B0F50}.Release|Any CPU.Build.0 = Release|Any CPU
		{E1D00815-3B24-4DC9-9B0B-DC7E62809B25}.Debug|Any CPU.ActiveCfg = Debug|Any CPU
		{E1D00815-3B24-4DC9-9B0B-DC7E62809B25}.Debug|Any CPU.Build.0 = Debug|Any CPU
		{E1D00815-3B24-4DC9-9B0B-DC7E62809B25}.Release|Any CPU.ActiveCfg = Release|Any CPU
		{E1D00815-3B24-4DC9-9B0B-DC7E62809B25}.Release|Any CPU.Build.0 = Release|Any CPU
		{17E8CA8E-B5DD-4728-9A11-27D4EF1747AC}.Debug|Any CPU.ActiveCfg = Debug|Any CPU
		{17E8CA8E-B5DD-4728-9A11-27D4EF1747AC}.Debug|Any CPU.Build.0 = Debug|Any CPU
		{17E8CA8E-B5DD-4728-9A11-27D4EF1747AC}.Release|Any CPU.ActiveCfg = Release|Any CPU
		{17E8CA8E-B5DD-4728-9A11-27D4EF1747AC}.Release|Any CPU.Build.0 = Release|Any CPU
		{3A47536A-8070-4404-9DB1-CF2A5D675C79}.Debug|Any CPU.ActiveCfg = Debug|Any CPU
		{3A47536A-8070-4404-9DB1-CF2A5D675C79}.Debug|Any CPU.Build.0 = Debug|Any CPU
		{3A47536A-8070-4404-9DB1-CF2A5D675C79}.Release|Any CPU.ActiveCfg = Release|Any CPU
		{3A47536A-8070-4404-9DB1-CF2A5D675C79}.Release|Any CPU.Build.0 = Release|Any CPU
		{65B84676-AAA1-4476-86D0-F1A50363F384}.Debug|Any CPU.ActiveCfg = Debug|Any CPU
		{65B84676-AAA1-4476-86D0-F1A50363F384}.Debug|Any CPU.Build.0 = Debug|Any CPU
		{65B84676-AAA1-4476-86D0-F1A50363F384}.Release|Any CPU.ActiveCfg = Release|Any CPU
		{65B84676-AAA1-4476-86D0-F1A50363F384}.Release|Any CPU.Build.0 = Release|Any CPU
		{1824E7C3-7322-40CD-8E67-81E3546F0CE7}.Debug|Any CPU.ActiveCfg = Debug|Any CPU
		{1824E7C3-7322-40CD-8E67-81E3546F0CE7}.Debug|Any CPU.Build.0 = Debug|Any CPU
		{1824E7C3-7322-40CD-8E67-81E3546F0CE7}.Release|Any CPU.ActiveCfg = Release|Any CPU
		{1824E7C3-7322-40CD-8E67-81E3546F0CE7}.Release|Any CPU.Build.0 = Release|Any CPU
		{7747B219-670C-4D33-8D8B-CD1B80A7C881}.Debug|Any CPU.ActiveCfg = Debug|Any CPU
		{7747B219-670C-4D33-8D8B-CD1B80A7C881}.Debug|Any CPU.Build.0 = Debug|Any CPU
		{7747B219-670C-4D33-8D8B-CD1B80A7C881}.Release|Any CPU.ActiveCfg = Release|Any CPU
		{7747B219-670C-4D33-8D8B-CD1B80A7C881}.Release|Any CPU.Build.0 = Release|Any CPU
		{329CFFE1-B47D-4124-8CBF-084A211D8224}.Debug|Any CPU.ActiveCfg = Debug|Any CPU
		{329CFFE1-B47D-4124-8CBF-084A211D8224}.Debug|Any CPU.Build.0 = Debug|Any CPU
		{329CFFE1-B47D-4124-8CBF-084A211D8224}.Release|Any CPU.ActiveCfg = Release|Any CPU
		{329CFFE1-B47D-4124-8CBF-084A211D8224}.Release|Any CPU.Build.0 = Release|Any CPU
		{6F052763-37B6-49F0-8FA3-855FF096DD8F}.Debug|Any CPU.ActiveCfg = Debug|Any CPU
		{6F052763-37B6-49F0-8FA3-855FF096DD8F}.Debug|Any CPU.Build.0 = Debug|Any CPU
		{6F052763-37B6-49F0-8FA3-855FF096DD8F}.Release|Any CPU.ActiveCfg = Release|Any CPU
		{6F052763-37B6-49F0-8FA3-855FF096DD8F}.Release|Any CPU.Build.0 = Release|Any CPU
		{D0562D1B-75CD-4F8B-BC20-92C1618DE96A}.Debug|Any CPU.ActiveCfg = Debug|Any CPU
		{D0562D1B-75CD-4F8B-BC20-92C1618DE96A}.Debug|Any CPU.Build.0 = Debug|Any CPU
		{D0562D1B-75CD-4F8B-BC20-92C1618DE96A}.Release|Any CPU.ActiveCfg = Release|Any CPU
		{D0562D1B-75CD-4F8B-BC20-92C1618DE96A}.Release|Any CPU.Build.0 = Release|Any CPU
		{41705A89-3F23-45D5-B79D-65D80959963D}.Debug|Any CPU.ActiveCfg = Debug|Any CPU
		{41705A89-3F23-45D5-B79D-65D80959963D}.Debug|Any CPU.Build.0 = Debug|Any CPU
		{41705A89-3F23-45D5-B79D-65D80959963D}.Release|Any CPU.ActiveCfg = Release|Any CPU
		{41705A89-3F23-45D5-B79D-65D80959963D}.Release|Any CPU.Build.0 = Release|Any CPU
		{28C7E27A-809F-415A-A3D4-C8C4C5A127D5}.Debug|Any CPU.ActiveCfg = Debug|Any CPU
		{28C7E27A-809F-415A-A3D4-C8C4C5A127D5}.Debug|Any CPU.Build.0 = Debug|Any CPU
		{28C7E27A-809F-415A-A3D4-C8C4C5A127D5}.Release|Any CPU.ActiveCfg = Release|Any CPU
		{28C7E27A-809F-415A-A3D4-C8C4C5A127D5}.Release|Any CPU.Build.0 = Release|Any CPU
		{D723D666-85E5-4DE3-9535-959CC21B6839}.Debug|Any CPU.ActiveCfg = Debug|Any CPU
		{D723D666-85E5-4DE3-9535-959CC21B6839}.Debug|Any CPU.Build.0 = Debug|Any CPU
		{D723D666-85E5-4DE3-9535-959CC21B6839}.Release|Any CPU.ActiveCfg = Release|Any CPU
		{D723D666-85E5-4DE3-9535-959CC21B6839}.Release|Any CPU.Build.0 = Release|Any CPU
		{11254510-99A3-48F0-BCBD-FA7E80E390EE}.Debug|Any CPU.ActiveCfg = Debug|Any CPU
		{11254510-99A3-48F0-BCBD-FA7E80E390EE}.Debug|Any CPU.Build.0 = Debug|Any CPU
		{11254510-99A3-48F0-BCBD-FA7E80E390EE}.Release|Any CPU.ActiveCfg = Release|Any CPU
		{11254510-99A3-48F0-BCBD-FA7E80E390EE}.Release|Any CPU.Build.0 = Release|Any CPU
	EndGlobalSection
	GlobalSection(SolutionProperties) = preSolution
		HideSolutionNode = FALSE
	EndGlobalSection
	GlobalSection(NestedProjects) = preSolution
		{9825A758-628B-491E-981C-4A23788CF74B} = {9B6EBEE8-512B-432D-8449-11105A3811E8}
		{9F50E522-7269-44B4-AE92-406A1310C0A0} = {7314DD81-14C7-4649-A532-2676D13CA27B}
		{9520303B-7CF1-4E3D-888A-12004FEE6805} = {9B6EBEE8-512B-432D-8449-11105A3811E8}
		{117A3670-F704-4EE1-A126-470E17DC446E} = {9B6EBEE8-512B-432D-8449-11105A3811E8}
		{5EB0ABCE-39A2-4194-946F-393CE0E5516F} = {9B6EBEE8-512B-432D-8449-11105A3811E8}
		{876054F1-CCA2-4970-9CC2-017E51E5DC2A} = {9B6EBEE8-512B-432D-8449-11105A3811E8}
		{D1E5184D-F856-4967-943F-58A2500B0F50} = {9B6EBEE8-512B-432D-8449-11105A3811E8}
		{E1D00815-3B24-4DC9-9B0B-DC7E62809B25} = {9B6EBEE8-512B-432D-8449-11105A3811E8}
		{17E8CA8E-B5DD-4728-9A11-27D4EF1747AC} = {9B6EBEE8-512B-432D-8449-11105A3811E8}
		{3A47536A-8070-4404-9DB1-CF2A5D675C79} = {7314DD81-14C7-4649-A532-2676D13CA27B}
		{65B84676-AAA1-4476-86D0-F1A50363F384} = {7314DD81-14C7-4649-A532-2676D13CA27B}
		{1824E7C3-7322-40CD-8E67-81E3546F0CE7} = {7314DD81-14C7-4649-A532-2676D13CA27B}
		{7747B219-670C-4D33-8D8B-CD1B80A7C881} = {7314DD81-14C7-4649-A532-2676D13CA27B}
		{329CFFE1-B47D-4124-8CBF-084A211D8224} = {7314DD81-14C7-4649-A532-2676D13CA27B}
		{6F052763-37B6-49F0-8FA3-855FF096DD8F} = {7314DD81-14C7-4649-A532-2676D13CA27B}
		{D0562D1B-75CD-4F8B-BC20-92C1618DE96A} = {7314DD81-14C7-4649-A532-2676D13CA27B}
		{41705A89-3F23-45D5-B79D-65D80959963D} = {7314DD81-14C7-4649-A532-2676D13CA27B}
		{28C7E27A-809F-415A-A3D4-C8C4C5A127D5} = {7314DD81-14C7-4649-A532-2676D13CA27B}
		{D723D666-85E5-4DE3-9535-959CC21B6839} = {7314DD81-14C7-4649-A532-2676D13CA27B}
		{11254510-99A3-48F0-BCBD-FA7E80E390EE} = {7314DD81-14C7-4649-A532-2676D13CA27B}
	EndGlobalSection
	GlobalSection(ExtensibilityGlobals) = postSolution
		SolutionGuid = {F5C66B6D-753C-4622-A67E-9225BFB8EA06}
	EndGlobalSection
EndGlobal
