
Microsoft Visual Studio Solution File, Format Version 12.00
# Visual Studio Version 16
VisualStudioVersion = 16.0.32126.315
MinimumVisualStudioVersion = 10.0.40219.1
Project("{2150E333-8FDC-42A3-9474-1A3956D46DE8}") = "Exercise", "Exercise", "{93C5A02A-F102-4C11-9483-F724441F09FF}"
EndProject
Project("{2150E333-8FDC-42A3-9474-1A3956D46DE8}") = "Lab", "Lab", "{918BCBE6-90F2-42C2-B2E7-5761704D539E}"
EndProject
Project("{9A19103F-16F7-4668-BE54-9A1E7A4F7556}") = "01.Box", "Lab\01.Box\01.Box.csproj", "{A3EC5360-393C-47CA-B2F4-37C960C68053}"
EndProject
Project("{9A19103F-16F7-4668-BE54-9A1E7A4F7556}") = "02.ArrayCreator", "Lab\02.ArrayCreator\02.ArrayCreator.csproj", "{565A15D0-C11C-480D-A97A-68E09F1610B4}"
EndProject
Project("{9A19103F-16F7-4668-BE54-9A1E7A4F7556}") = "03.GenericScale", "Lab\03.GenericScale\03.GenericScale.csproj", "{FC9E2C2B-4669-4EAC-8342-2ACEC13805FB}"
EndProject
Project("{FAE04EC0-301F-11D3-BF4B-00C04F79EFBC}") = "01.GenericBoxOfString", "Exercise\01.GenericBoxOfString\01.GenericBoxOfString.csproj", "{FDC61A64-47DB-463C-8470-FA94673C1129}"
EndProject
Project("{FAE04EC0-301F-11D3-BF4B-00C04F79EFBC}") = "02.GenericBoxOfInteger", "Exercise\02.GenericBoxOfInteger\02.GenericBoxOfInteger.csproj", "{CE03826D-195E-40BD-9194-4BA236907612}"
EndProject
Project("{FAE04EC0-301F-11D3-BF4B-00C04F79EFBC}") = "03.GenericSwapMethodString", "Exercise\03.GenericSwapMethodString\03.GenericSwapMethodString.csproj", "{22A26786-815A-4ABC-ABAF-6E9DE2A66EFE}"
EndProject
Project("{FAE04EC0-301F-11D3-BF4B-00C04F79EFBC}") = "04.GenericSwapMethodInteger", "Exercise\04.GenericSwapMethodInteger\04.GenericSwapMethodInteger.csproj", "{6315374D-6401-41D9-A91E-F154643E1655}"
EndProject
Project("{FAE04EC0-301F-11D3-BF4B-00C04F79EFBC}") = "05.GenericCountMethodString", "Exercise\05.GenericCountMethodString\05.GenericCountMethodString.csproj", "{2982C84F-CD59-4E2A-A57F-013560188342}"
EndProject
Project("{FAE04EC0-301F-11D3-BF4B-00C04F79EFBC}") = "06.GenericCountMethodDouble", "Exercise\06.GenericCountMethodDouble\06.GenericCountMethodDouble.csproj", "{053F4EF1-D87E-4117-ACBB-638A330DF0D3}"
EndProject
Project("{FAE04EC0-301F-11D3-BF4B-00C04F79EFBC}") = "07.Tuple", "Exercise\07.Tuple\07.Tuple.csproj", "{845C7292-E865-4760-B30D-46712010D535}"
EndProject
Project("{FAE04EC0-301F-11D3-BF4B-00C04F79EFBC}") = "08.Threeuple", "Exercise\08.Threeuple\08.Threeuple.csproj", "{D0553AAD-2F68-4D34-88AB-F6D800AD9F83}"
EndProject
Project("{FAE04EC0-301F-11D3-BF4B-00C04F79EFBC}") = "09.CustomLinkedList", "Exercise\09.CustomLinkedList\09.CustomLinkedList.csproj", "{112F97A9-5A85-4847-BB6E-F3261E4236A6}"
EndProject
Global
	GlobalSection(SolutionConfigurationPlatforms) = preSolution
		Debug|Any CPU = Debug|Any CPU
		Release|Any CPU = Release|Any CPU
	EndGlobalSection
	GlobalSection(ProjectConfigurationPlatforms) = postSolution
		{A3EC5360-393C-47CA-B2F4-37C960C68053}.Debug|Any CPU.ActiveCfg = Debug|Any CPU
		{A3EC5360-393C-47CA-B2F4-37C960C68053}.Debug|Any CPU.Build.0 = Debug|Any CPU
		{A3EC5360-393C-47CA-B2F4-37C960C68053}.Release|Any CPU.ActiveCfg = Release|Any CPU
		{A3EC5360-393C-47CA-B2F4-37C960C68053}.Release|Any CPU.Build.0 = Release|Any CPU
		{565A15D0-C11C-480D-A97A-68E09F1610B4}.Debug|Any CPU.ActiveCfg = Debug|Any CPU
		{565A15D0-C11C-480D-A97A-68E09F1610B4}.Debug|Any CPU.Build.0 = Debug|Any CPU
		{565A15D0-C11C-480D-A97A-68E09F1610B4}.Release|Any CPU.ActiveCfg = Release|Any CPU
		{565A15D0-C11C-480D-A97A-68E09F1610B4}.Release|Any CPU.Build.0 = Release|Any CPU
		{FC9E2C2B-4669-4EAC-8342-2ACEC13805FB}.Debug|Any CPU.ActiveCfg = Debug|Any CPU
		{FC9E2C2B-4669-4EAC-8342-2ACEC13805FB}.Debug|Any CPU.Build.0 = Debug|Any CPU
		{FC9E2C2B-4669-4EAC-8342-2ACEC13805FB}.Release|Any CPU.ActiveCfg = Release|Any CPU
		{FC9E2C2B-4669-4EAC-8342-2ACEC13805FB}.Release|Any CPU.Build.0 = Release|Any CPU
		{FDC61A64-47DB-463C-8470-FA94673C1129}.Debug|Any CPU.ActiveCfg = Debug|Any CPU
		{FDC61A64-47DB-463C-8470-FA94673C1129}.Debug|Any CPU.Build.0 = Debug|Any CPU
		{FDC61A64-47DB-463C-8470-FA94673C1129}.Release|Any CPU.ActiveCfg = Release|Any CPU
		{FDC61A64-47DB-463C-8470-FA94673C1129}.Release|Any CPU.Build.0 = Release|Any CPU
		{CE03826D-195E-40BD-9194-4BA236907612}.Debug|Any CPU.ActiveCfg = Debug|Any CPU
		{CE03826D-195E-40BD-9194-4BA236907612}.Debug|Any CPU.Build.0 = Debug|Any CPU
		{CE03826D-195E-40BD-9194-4BA236907612}.Release|Any CPU.ActiveCfg = Release|Any CPU
		{CE03826D-195E-40BD-9194-4BA236907612}.Release|Any CPU.Build.0 = Release|Any CPU
		{22A26786-815A-4ABC-ABAF-6E9DE2A66EFE}.Debug|Any CPU.ActiveCfg = Debug|Any CPU
		{22A26786-815A-4ABC-ABAF-6E9DE2A66EFE}.Debug|Any CPU.Build.0 = Debug|Any CPU
		{22A26786-815A-4ABC-ABAF-6E9DE2A66EFE}.Release|Any CPU.ActiveCfg = Release|Any CPU
		{22A26786-815A-4ABC-ABAF-6E9DE2A66EFE}.Release|Any CPU.Build.0 = Release|Any CPU
		{6315374D-6401-41D9-A91E-F154643E1655}.Debug|Any CPU.ActiveCfg = Debug|Any CPU
		{6315374D-6401-41D9-A91E-F154643E1655}.Debug|Any CPU.Build.0 = Debug|Any CPU
		{6315374D-6401-41D9-A91E-F154643E1655}.Release|Any CPU.ActiveCfg = Release|Any CPU
		{6315374D-6401-41D9-A91E-F154643E1655}.Release|Any CPU.Build.0 = Release|Any CPU
		{2982C84F-CD59-4E2A-A57F-013560188342}.Debug|Any CPU.ActiveCfg = Debug|Any CPU
		{2982C84F-CD59-4E2A-A57F-013560188342}.Debug|Any CPU.Build.0 = Debug|Any CPU
		{2982C84F-CD59-4E2A-A57F-013560188342}.Release|Any CPU.ActiveCfg = Release|Any CPU
		{2982C84F-CD59-4E2A-A57F-013560188342}.Release|Any CPU.Build.0 = Release|Any CPU
		{053F4EF1-D87E-4117-ACBB-638A330DF0D3}.Debug|Any CPU.ActiveCfg = Debug|Any CPU
		{053F4EF1-D87E-4117-ACBB-638A330DF0D3}.Debug|Any CPU.Build.0 = Debug|Any CPU
		{053F4EF1-D87E-4117-ACBB-638A330DF0D3}.Release|Any CPU.ActiveCfg = Release|Any CPU
		{053F4EF1-D87E-4117-ACBB-638A330DF0D3}.Release|Any CPU.Build.0 = Release|Any CPU
		{845C7292-E865-4760-B30D-46712010D535}.Debug|Any CPU.ActiveCfg = Debug|Any CPU
		{845C7292-E865-4760-B30D-46712010D535}.Debug|Any CPU.Build.0 = Debug|Any CPU
		{845C7292-E865-4760-B30D-46712010D535}.Release|Any CPU.ActiveCfg = Release|Any CPU
		{845C7292-E865-4760-B30D-46712010D535}.Release|Any CPU.Build.0 = Release|Any CPU
		{D0553AAD-2F68-4D34-88AB-F6D800AD9F83}.Debug|Any CPU.ActiveCfg = Debug|Any CPU
		{D0553AAD-2F68-4D34-88AB-F6D800AD9F83}.Debug|Any CPU.Build.0 = Debug|Any CPU
		{D0553AAD-2F68-4D34-88AB-F6D800AD9F83}.Release|Any CPU.ActiveCfg = Release|Any CPU
		{D0553AAD-2F68-4D34-88AB-F6D800AD9F83}.Release|Any CPU.Build.0 = Release|Any CPU
		{112F97A9-5A85-4847-BB6E-F3261E4236A6}.Debug|Any CPU.ActiveCfg = Debug|Any CPU
		{112F97A9-5A85-4847-BB6E-F3261E4236A6}.Debug|Any CPU.Build.0 = Debug|Any CPU
		{112F97A9-5A85-4847-BB6E-F3261E4236A6}.Release|Any CPU.ActiveCfg = Release|Any CPU
		{112F97A9-5A85-4847-BB6E-F3261E4236A6}.Release|Any CPU.Build.0 = Release|Any CPU
	EndGlobalSection
	GlobalSection(SolutionProperties) = preSolution
		HideSolutionNode = FALSE
	EndGlobalSection
	GlobalSection(NestedProjects) = preSolution
		{A3EC5360-393C-47CA-B2F4-37C960C68053} = {918BCBE6-90F2-42C2-B2E7-5761704D539E}
		{565A15D0-C11C-480D-A97A-68E09F1610B4} = {918BCBE6-90F2-42C2-B2E7-5761704D539E}
		{FC9E2C2B-4669-4EAC-8342-2ACEC13805FB} = {918BCBE6-90F2-42C2-B2E7-5761704D539E}
		{FDC61A64-47DB-463C-8470-FA94673C1129} = {93C5A02A-F102-4C11-9483-F724441F09FF}
		{CE03826D-195E-40BD-9194-4BA236907612} = {93C5A02A-F102-4C11-9483-F724441F09FF}
		{22A26786-815A-4ABC-ABAF-6E9DE2A66EFE} = {93C5A02A-F102-4C11-9483-F724441F09FF}
		{6315374D-6401-41D9-A91E-F154643E1655} = {93C5A02A-F102-4C11-9483-F724441F09FF}
		{2982C84F-CD59-4E2A-A57F-013560188342} = {93C5A02A-F102-4C11-9483-F724441F09FF}
		{053F4EF1-D87E-4117-ACBB-638A330DF0D3} = {93C5A02A-F102-4C11-9483-F724441F09FF}
		{845C7292-E865-4760-B30D-46712010D535} = {93C5A02A-F102-4C11-9483-F724441F09FF}
		{D0553AAD-2F68-4D34-88AB-F6D800AD9F83} = {93C5A02A-F102-4C11-9483-F724441F09FF}
		{112F97A9-5A85-4847-BB6E-F3261E4236A6} = {93C5A02A-F102-4C11-9483-F724441F09FF}
	EndGlobalSection
	GlobalSection(ExtensibilityGlobals) = postSolution
		SolutionGuid = {50012DBA-0688-470D-8A8C-59F8113194A5}
	EndGlobalSection
EndGlobal
