
Microsoft Visual Studio Solution File, Format Version 12.00
# Visual Studio Version 17
VisualStudioVersion = 17.5.33516.290
MinimumVisualStudioVersion = 10.0.40219.1
Project("{FAE04EC0-301F-11D3-BF4B-00C04F79EFBC}") = "01.BellmanFord", "01.BellmanFord\01.BellmanFord.csproj", "{C14FDE97-6E88-4D1B-A61E-1F4C3D19C3A4}"
EndProject
Project("{FAE04EC0-301F-11D3-BF4B-00C04F79EFBC}") = "02.LongestPath", "02.LongestPath\02.LongestPath.csproj", "{6038374F-B57D-4A15-ABF9-0FC17335B233}"
EndProject
Global
	GlobalSection(SolutionConfigurationPlatforms) = preSolution
		Debug|Any CPU = Debug|Any CPU
		Release|Any CPU = Release|Any CPU
	EndGlobalSection
	GlobalSection(ProjectConfigurationPlatforms) = postSolution
		{C14FDE97-6E88-4D1B-A61E-1F4C3D19C3A4}.Debug|Any CPU.ActiveCfg = Debug|Any CPU
		{C14FDE97-6E88-4D1B-A61E-1F4C3D19C3A4}.Debug|Any CPU.Build.0 = Debug|Any CPU
		{C14FDE97-6E88-4D1B-A61E-1F4C3D19C3A4}.Release|Any CPU.ActiveCfg = Release|Any CPU
		{C14FDE97-6E88-4D1B-A61E-1F4C3D19C3A4}.Release|Any CPU.Build.0 = Release|Any CPU
		{6038374F-B57D-4A15-ABF9-0FC17335B233}.Debug|Any CPU.ActiveCfg = Debug|Any CPU
		{6038374F-B57D-4A15-ABF9-0FC17335B233}.Debug|Any CPU.Build.0 = Debug|Any CPU
		{6038374F-B57D-4A15-ABF9-0FC17335B233}.Release|Any CPU.ActiveCfg = Release|Any CPU
		{6038374F-B57D-4A15-ABF9-0FC17335B233}.Release|Any CPU.Build.0 = Release|Any CPU
	EndGlobalSection
	GlobalSection(SolutionProperties) = preSolution
		HideSolutionNode = FALSE
	EndGlobalSection
	GlobalSection(ExtensibilityGlobals) = postSolution
		SolutionGuid = {0AF558F3-1F2C-4090-B1B2-D5E118A95DFC}
	EndGlobalSection
EndGlobal
