
Microsoft Visual Studio Solution File, Format Version 12.00
# Visual Studio Version 17
VisualStudioVersion = 17.5.33516.290
MinimumVisualStudioVersion = 10.0.40219.1
Project("{FAE04EC0-301F-11D3-BF4B-00C04F79EFBC}") = "01.CableMerchant", "01.CableMerchant\01.CableMerchant.csproj", "{999E316C-2AA1-4F57-AB4A-868567BC4A90}"
EndProject
Project("{FAE04EC0-301F-11D3-BF4B-00C04F79EFBC}") = "02.BattlePoints", "02.BattlePoints\02.BattlePoints.csproj", "{46AE46FB-2629-4F41-904A-137683DCF1C3}"
EndProject
Project("{FAE04EC0-301F-11D3-BF4B-00C04F79EFBC}") = "03.LongestStringChain", "03.LongestStringChain\03.LongestStringChain.csproj", "{45250B8E-80B5-407E-9FB2-3305DEC3F014}"
EndProject
Global
	GlobalSection(SolutionConfigurationPlatforms) = preSolution
		Debug|Any CPU = Debug|Any CPU
		Release|Any CPU = Release|Any CPU
	EndGlobalSection
	GlobalSection(ProjectConfigurationPlatforms) = postSolution
		{999E316C-2AA1-4F57-AB4A-868567BC4A90}.Debug|Any CPU.ActiveCfg = Debug|Any CPU
		{999E316C-2AA1-4F57-AB4A-868567BC4A90}.Debug|Any CPU.Build.0 = Debug|Any CPU
		{999E316C-2AA1-4F57-AB4A-868567BC4A90}.Release|Any CPU.ActiveCfg = Release|Any CPU
		{999E316C-2AA1-4F57-AB4A-868567BC4A90}.Release|Any CPU.Build.0 = Release|Any CPU
		{46AE46FB-2629-4F41-904A-137683DCF1C3}.Debug|Any CPU.ActiveCfg = Debug|Any CPU
		{46AE46FB-2629-4F41-904A-137683DCF1C3}.Debug|Any CPU.Build.0 = Debug|Any CPU
		{46AE46FB-2629-4F41-904A-137683DCF1C3}.Release|Any CPU.ActiveCfg = Release|Any CPU
		{46AE46FB-2629-4F41-904A-137683DCF1C3}.Release|Any CPU.Build.0 = Release|Any CPU
		{45250B8E-80B5-407E-9FB2-3305DEC3F014}.Debug|Any CPU.ActiveCfg = Debug|Any CPU
		{45250B8E-80B5-407E-9FB2-3305DEC3F014}.Debug|Any CPU.Build.0 = Debug|Any CPU
		{45250B8E-80B5-407E-9FB2-3305DEC3F014}.Release|Any CPU.ActiveCfg = Release|Any CPU
		{45250B8E-80B5-407E-9FB2-3305DEC3F014}.Release|Any CPU.Build.0 = Release|Any CPU
	EndGlobalSection
	GlobalSection(SolutionProperties) = preSolution
		HideSolutionNode = FALSE
	EndGlobalSection
	GlobalSection(ExtensibilityGlobals) = postSolution
		SolutionGuid = {AFD09328-F6AA-4991-BDB1-162063AA4679}
	EndGlobalSection
EndGlobal
